{
  "object": {
    "pins": [
      {
        "package": "CLISpinner",
        "repositoryURL": "https://github.com/kiliankoe/CLISpinner",
        "state": {
          "branch": null,
          "revision": "0572232b92ddfd80cbab4ced6973d1c210022968",
          "version": "0.4.0"
        }
      },
      {
        "package": "Colorizer",
        "repositoryURL": "https://github.com/getGuaka/Colorizer",
        "state": {
          "branch": null,
          "revision": "2ccc99bf1715e73c4139e8d40b6e6b30be975586",
          "version": "0.2.1"
        }
      },
      {
        "package": "Files",
        "repositoryURL": "https://github.com/JohnSundell/Files.git",
        "state": {
          "branch": null,
          "revision": "92b57bea0e737e7d92b5ff281f46ec2b59faf91c",
          "version": "3.1.0"
        }
      },
      {
        "package": "Guaka",
        "repositoryURL": "https://github.com/nsomar/Guaka.git",
        "state": {
          "branch": null,
          "revision": "6fb29b2378166a30d72120980e1c099c664598de",
          "version": "0.4.1"
        }
      },
      {
        "package": "Rainbow",
        "repositoryURL": "https://github.com/onevcat/Rainbow",
        "state": {
          "branch": null,
          "revision": "9c52c1952e9b2305d4507cf473392ac2d7c9b155",
          "version": "3.1.5"
        }
      },
      {
        "package": "StringScanner",
        "repositoryURL": "https://github.com/getGuaka/StringScanner.git",
        "state": {
          "branch": null,
          "revision": "de1685ad202cb586d626ed52d6de904dd34189f3",
          "version": "0.4.1"
        }
      },
      {
        "package": "llbuild",
        "repositoryURL": "https://github.com/apple/swift-llbuild.git",
        "state": {
          "branch": null,
          "revision": "f73b84bc1525998e5e267f9d830c1411487ac65e",
          "version": "0.2.0"
        }
      },
      {
        "package": "SwiftPM",
        "repositoryURL": "https://github.com/apple/swift-package-manager.git",
        "state": {
          "branch": null,
          "revision": "9abcc2260438177cecd7cf5185b144d13e74122b",
          "version": "0.5.0"
        }
      },
      {
        "package": "xcbeautify",
        "repositoryURL": "https://github.com/thii/xcbeautify.git",
        "state": {
          "branch": null,
          "revision": "61a8f6c7e479f91c895ae92e71cb49b83880965c",
          "version": "0.7.1"
        }
      },
      {
        "package": "xcparse",
        "repositoryURL": "https://github.com/ChargePoint/xcparse",
        "state": {
          "branch": null,
          "revision": "0d05b6912b8d4b016362bd4fe18d32766bbcfc86",
          "version": "2.1.0"
        }
      }
    ]
  },
  "version": 1
}
