// !$*UTF8*$!
{
   archiveVersion = "1";
   objectVersion = "46";
   objects = {
      "Colorizer::Colorizer" = {
         isa = "PBXNativeTarget";
         buildConfigurationList = "OBJ_133";
         buildPhases = (
            "OBJ_136",
            "OBJ_142"
         );
         dependencies = (
         );
         name = "Colorizer";
         productName = "Colorizer";
         productReference = "Colorizer::Colorizer::Product";
         productType = "com.apple.product-type.framework";
      };
      "Colorizer::Colorizer::Product" = {
         isa = "PBXFileReference";
         path = "Colorizer.framework";
         sourceTree = "BUILT_PRODUCTS_DIR";
      };
      "Colorizer::SwiftPMPackageDescription" = {
         isa = "PBXNativeTarget";
         buildConfigurationList = "OBJ_144";
         buildPhases = (
            "OBJ_147"
         );
         dependencies = (
         );
         name = "ColorizerPackageDescription";
         productName = "ColorizerPackageDescription";
         productType = "com.apple.product-type.framework";
      };
      "Files::Files" = {
         isa = "PBXNativeTarget";
         buildConfigurationList = "OBJ_150";
         buildPhases = (
            "OBJ_153",
            "OBJ_155"
         );
         dependencies = (
         );
         name = "Files";
         productName = "Files";
         productReference = "Files::Files::Product";
         productType = "com.apple.product-type.framework";
      };
      "Files::Files::Product" = {
         isa = "PBXFileReference";
         path = "Files.framework";
         sourceTree = "BUILT_PRODUCTS_DIR";
      };
      "Files::SwiftPMPackageDescription" = {
         isa = "PBXNativeTarget";
         buildConfigurationList = "OBJ_157";
         buildPhases = (
            "OBJ_160"
         );
         dependencies = (
         );
         name = "FilesPackageDescription";
         productName = "FilesPackageDescription";
         productType = "com.apple.product-type.framework";
      };
      "Guaka::Guaka" = {
         isa = "PBXNativeTarget";
         buildConfigurationList = "OBJ_163";
         buildPhases = (
            "OBJ_166",
            "OBJ_191"
         );
         dependencies = (
            "OBJ_193"
         );
         name = "Guaka";
         productName = "Guaka";
         productReference = "Guaka::Guaka::Product";
         productType = "com.apple.product-type.framework";
      };
      "Guaka::Guaka::Product" = {
         isa = "PBXFileReference";
         path = "Guaka.framework";
         sourceTree = "BUILT_PRODUCTS_DIR";
      };
      "Guaka::SwiftPMPackageDescription" = {
         isa = "PBXNativeTarget";
         buildConfigurationList = "OBJ_196";
         buildPhases = (
            "OBJ_199"
         );
         dependencies = (
         );
         name = "GuakaPackageDescription";
         productName = "GuakaPackageDescription";
         productType = "com.apple.product-type.framework";
      };
      "OBJ_1" = {
         isa = "PBXProject";
         attributes = {
            LastSwiftMigration = "9999";
            LastUpgradeCheck = "9999";
         };
         buildConfigurationList = "OBJ_2";
         compatibilityVersion = "Xcode 3.2";
         developmentRegion = "en";
         hasScannedForEncodings = "0";
         knownRegions = (
            "en"
         );
         mainGroup = "OBJ_5";
         productRefGroup = "OBJ_121";
         projectDirPath = ".";
         targets = (
            "Colorizer::Colorizer",
            "Colorizer::SwiftPMPackageDescription",
            "Files::Files",
            "Files::SwiftPMPackageDescription",
            "Guaka::Guaka",
            "Guaka::SwiftPMPackageDescription",
            "Puma::Puma",
            "Puma::SwiftPMPackageDescription",
            "Puma::PumaPackageTests::ProductTarget",
            "Puma::PumaRunner",
            "Puma::PumaTests",
            "StringScanner::StringScanner",
            "StringScanner::SwiftPMPackageDescription",
            "xcbeautify::XcbeautifyLib",
            "xcbeautify::SwiftPMPackageDescription"
         );
      };
      "OBJ_10" = {
         isa = "PBXFileReference";
         path = "android.swift";
         sourceTree = "<group>";
      };
      "OBJ_100" = {
         isa = "PBXFileReference";
         path = "HelpGeneratorErrors.swift";
         sourceTree = "<group>";
      };
      "OBJ_101" = {
         isa = "PBXGroup";
         children = (
            "OBJ_102",
            "OBJ_103"
         );
         name = "Misc";
         path = "Misc";
         sourceTree = "<group>";
      };
      "OBJ_102" = {
         isa = "PBXFileReference";
         path = "GuakaConfig.swift";
         sourceTree = "<group>";
      };
      "OBJ_103" = {
         isa = "PBXFileReference";
         path = "Levenshtein.swift";
         sourceTree = "<group>";
      };
      "OBJ_104" = {
         isa = "PBXGroup";
         children = (
            "OBJ_105",
            "OBJ_106",
            "OBJ_107"
         );
         name = "Parsing";
         path = "Parsing";
         sourceTree = "<group>";
      };
      "OBJ_105" = {
         isa = "PBXFileReference";
         path = "ArgTokenType.swift";
         sourceTree = "<group>";
      };
      "OBJ_106" = {
         isa = "PBXFileReference";
         path = "Command+Parsing.swift";
         sourceTree = "<group>";
      };
      "OBJ_107" = {
         isa = "PBXFileReference";
         path = "FlagSet+Parsing.swift";
         sourceTree = "<group>";
      };
      "OBJ_108" = {
         isa = "PBXGroup";
         children = (
            "OBJ_109",
            "OBJ_110",
            "OBJ_111"
         );
         name = "Types";
         path = "Types";
         sourceTree = "<group>";
      };
      "OBJ_109" = {
         isa = "PBXFileReference";
         path = "Errors.swift";
         sourceTree = "<group>";
      };
      "OBJ_11" = {
         isa = "PBXGroup";
         children = (
            "OBJ_12",
            "OBJ_13",
            "OBJ_14",
            "OBJ_15",
            "OBJ_16",
            "OBJ_17",
            "OBJ_18",
            "OBJ_19",
            "OBJ_20",
            "OBJ_21",
            "OBJ_22",
            "OBJ_23"
         );
         name = "Common";
         path = "Common";
         sourceTree = "<group>";
      };
      "OBJ_110" = {
         isa = "PBXFileReference";
         path = "FlagValue.swift";
         sourceTree = "<group>";
      };
      "OBJ_111" = {
         isa = "PBXFileReference";
         path = "Result.swift";
         sourceTree = "<group>";
      };
      "OBJ_112" = {
         isa = "PBXFileReference";
         explicitFileType = "sourcecode.swift";
         name = "Package.swift";
         path = "/Users/khoa/XcodeProject2/puma/.build/checkouts/Guaka/Package.swift";
         sourceTree = "<group>";
      };
      "OBJ_113" = {
         isa = "PBXGroup";
         children = (
            "OBJ_114",
            "OBJ_120"
         );
         name = "StringScanner 0.4.1";
         path = "";
         sourceTree = "SOURCE_ROOT";
      };
      "OBJ_114" = {
         isa = "PBXGroup";
         children = (
            "OBJ_115",
            "OBJ_116",
            "OBJ_117",
            "OBJ_118",
            "OBJ_119"
         );
         name = "StringScanner";
         path = ".build/checkouts/StringScanner/Sources/StringScanner";
         sourceTree = "SOURCE_ROOT";
      };
      "OBJ_115" = {
         isa = "PBXFileReference";
         path = "CharacterSet.swift";
         sourceTree = "<group>";
      };
      "OBJ_116" = {
         isa = "PBXFileReference";
         path = "Regex.swift";
         sourceTree = "<group>";
      };
      "OBJ_117" = {
         isa = "PBXFileReference";
         path = "ScannerResult.swift";
         sourceTree = "<group>";
      };
      "OBJ_118" = {
         isa = "PBXFileReference";
         path = "StringExtension.swift";
         sourceTree = "<group>";
      };
      "OBJ_119" = {
         isa = "PBXFileReference";
         path = "StringScanner.swift";
         sourceTree = "<group>";
      };
      "OBJ_12" = {
         isa = "PBXFileReference";
         path = "AfterSummarizer.swift";
         sourceTree = "<group>";
      };
      "OBJ_120" = {
         isa = "PBXFileReference";
         explicitFileType = "sourcecode.swift";
         name = "Package.swift";
         path = "/Users/khoa/XcodeProject2/puma/.build/checkouts/StringScanner/Package.swift";
         sourceTree = "<group>";
      };
      "OBJ_121" = {
         isa = "PBXGroup";
         children = (
            "Colorizer::Colorizer::Product",
            "Files::Files::Product",
            "Guaka::Guaka::Product",
            "Puma::Puma::Product",
            "Puma::PumaTests::Product",
            "Puma::PumaRunner::Product",
            "xcbeautify::XcbeautifyLib::Product",
            "StringScanner::StringScanner::Product"
         );
         name = "Products";
         path = "";
         sourceTree = "BUILT_PRODUCTS_DIR";
      };
      "OBJ_13" = {
         isa = "PBXFileReference";
         path = "BeforeSummarizer.swift";
         sourceTree = "<group>";
      };
      "OBJ_130" = {
         isa = "PBXFileReference";
         path = "DerivedData";
         sourceTree = "SOURCE_ROOT";
      };
      "OBJ_131" = {
         isa = "PBXFileReference";
         path = "README.md";
         sourceTree = "<group>";
      };
      "OBJ_133" = {
         isa = "XCConfigurationList";
         buildConfigurations = (
            "OBJ_134",
            "OBJ_135"
         );
         defaultConfigurationIsVisible = "0";
         defaultConfigurationName = "Release";
      };
      "OBJ_134" = {
         isa = "XCBuildConfiguration";
         buildSettings = {
            ENABLE_TESTABILITY = "YES";
            FRAMEWORK_SEARCH_PATHS = (
               "$(inherited)",
               "$(PLATFORM_DIR)/Developer/Library/Frameworks"
            );
            HEADER_SEARCH_PATHS = (
               "$(inherited)"
            );
            INFOPLIST_FILE = "Puma.xcodeproj/Colorizer_Info.plist";
            LD_RUNPATH_SEARCH_PATHS = (
               "$(inherited)",
               "$(TOOLCHAIN_DIR)/usr/lib/swift/macosx"
            );
            OTHER_CFLAGS = (
               "$(inherited)"
            );
            OTHER_LDFLAGS = (
               "$(inherited)"
            );
            OTHER_SWIFT_FLAGS = (
               "$(inherited)"
            );
            PRODUCT_BUNDLE_IDENTIFIER = "Colorizer";
            PRODUCT_MODULE_NAME = "$(TARGET_NAME:c99extidentifier)";
            PRODUCT_NAME = "$(TARGET_NAME:c99extidentifier)";
            SKIP_INSTALL = "YES";
            SWIFT_ACTIVE_COMPILATION_CONDITIONS = (
               "$(inherited)"
            );
            SWIFT_VERSION = "4.0";
            TARGET_NAME = "Colorizer";
         };
         name = "Debug";
      };
      "OBJ_135" = {
         isa = "XCBuildConfiguration";
         buildSettings = {
            ENABLE_TESTABILITY = "YES";
            FRAMEWORK_SEARCH_PATHS = (
               "$(inherited)",
               "$(PLATFORM_DIR)/Developer/Library/Frameworks"
            );
            HEADER_SEARCH_PATHS = (
               "$(inherited)"
            );
            INFOPLIST_FILE = "Puma.xcodeproj/Colorizer_Info.plist";
            LD_RUNPATH_SEARCH_PATHS = (
               "$(inherited)",
               "$(TOOLCHAIN_DIR)/usr/lib/swift/macosx"
            );
            OTHER_CFLAGS = (
               "$(inherited)"
            );
            OTHER_LDFLAGS = (
               "$(inherited)"
            );
            OTHER_SWIFT_FLAGS = (
               "$(inherited)"
            );
            PRODUCT_BUNDLE_IDENTIFIER = "Colorizer";
            PRODUCT_MODULE_NAME = "$(TARGET_NAME:c99extidentifier)";
            PRODUCT_NAME = "$(TARGET_NAME:c99extidentifier)";
            SKIP_INSTALL = "YES";
            SWIFT_ACTIVE_COMPILATION_CONDITIONS = (
               "$(inherited)"
            );
            SWIFT_VERSION = "4.0";
            TARGET_NAME = "Colorizer";
         };
         name = "Release";
      };
      "OBJ_136" = {
         isa = "PBXSourcesBuildPhase";
         files = (
            "OBJ_137",
            "OBJ_138",
            "OBJ_139",
            "OBJ_140",
            "OBJ_141"
         );
      };
      "OBJ_137" = {
         isa = "PBXBuildFile";
         fileRef = "OBJ_73";
      };
      "OBJ_138" = {
         isa = "PBXBuildFile";
         fileRef = "OBJ_74";
      };
      "OBJ_139" = {
         isa = "PBXBuildFile";
         fileRef = "OBJ_75";
      };
      "OBJ_14" = {
         isa = "PBXFileReference";
         path = "Build.swift";
         sourceTree = "<group>";
      };
      "OBJ_140" = {
         isa = "PBXBuildFile";
         fileRef = "OBJ_76";
      };
      "OBJ_141" = {
         isa = "PBXBuildFile";
         fileRef = "OBJ_77";
      };
      "OBJ_142" = {
         isa = "PBXFrameworksBuildPhase";
         files = (
         );
      };
      "OBJ_144" = {
         isa = "XCConfigurationList";
         buildConfigurations = (
            "OBJ_145",
            "OBJ_146"
         );
         defaultConfigurationIsVisible = "0";
         defaultConfigurationName = "Release";
      };
      "OBJ_145" = {
         isa = "XCBuildConfiguration";
         buildSettings = {
            LD = "/usr/bin/true";
            OTHER_SWIFT_FLAGS = (
               "-swift-version",
               "4",
               "-I",
               "$(TOOLCHAIN_DIR)/usr/lib/swift/pm/4",
               "-target",
               "x86_64-apple-macosx10.10",
               "-sdk",
               "/Applications/Xcode-beta.app/Contents/Developer/Platforms/MacOSX.platform/Developer/SDKs/MacOSX10.15.sdk",
               "-package-description-version",
               "4"
            );
            SWIFT_VERSION = "4.0";
         };
         name = "Debug";
      };
      "OBJ_146" = {
         isa = "XCBuildConfiguration";
         buildSettings = {
            LD = "/usr/bin/true";
            OTHER_SWIFT_FLAGS = (
               "-swift-version",
               "4",
               "-I",
               "$(TOOLCHAIN_DIR)/usr/lib/swift/pm/4",
               "-target",
               "x86_64-apple-macosx10.10",
               "-sdk",
               "/Applications/Xcode-beta.app/Contents/Developer/Platforms/MacOSX.platform/Developer/SDKs/MacOSX10.15.sdk",
               "-package-description-version",
               "4"
            );
            SWIFT_VERSION = "4.0";
         };
         name = "Release";
      };
      "OBJ_147" = {
         isa = "PBXSourcesBuildPhase";
         files = (
            "OBJ_148"
         );
      };
      "OBJ_148" = {
         isa = "PBXBuildFile";
         fileRef = "OBJ_78";
      };
      "OBJ_15" = {
         isa = "PBXFileReference";
         path = "Command.swift";
         sourceTree = "<group>";
      };
      "OBJ_150" = {
         isa = "XCConfigurationList";
         buildConfigurations = (
            "OBJ_151",
            "OBJ_152"
         );
         defaultConfigurationIsVisible = "0";
         defaultConfigurationName = "Release";
      };
      "OBJ_151" = {
         isa = "XCBuildConfiguration";
         buildSettings = {
            ENABLE_TESTABILITY = "YES";
            FRAMEWORK_SEARCH_PATHS = (
               "$(inherited)",
               "$(PLATFORM_DIR)/Developer/Library/Frameworks"
            );
            HEADER_SEARCH_PATHS = (
               "$(inherited)"
            );
            INFOPLIST_FILE = "Puma.xcodeproj/Files_Info.plist";
            IPHONEOS_DEPLOYMENT_TARGET = "8.0";
            LD_RUNPATH_SEARCH_PATHS = (
               "$(inherited)",
               "$(TOOLCHAIN_DIR)/usr/lib/swift/macosx"
            );
            MACOSX_DEPLOYMENT_TARGET = "10.10";
            OTHER_CFLAGS = (
               "$(inherited)"
            );
            OTHER_LDFLAGS = (
               "$(inherited)"
            );
            OTHER_SWIFT_FLAGS = (
               "$(inherited)"
            );
            PRODUCT_BUNDLE_IDENTIFIER = "Files";
            PRODUCT_MODULE_NAME = "$(TARGET_NAME:c99extidentifier)";
            PRODUCT_NAME = "$(TARGET_NAME:c99extidentifier)";
            SKIP_INSTALL = "YES";
            SWIFT_ACTIVE_COMPILATION_CONDITIONS = (
               "$(inherited)"
            );
            SWIFT_VERSION = "5.0";
            TARGET_NAME = "Files";
            TVOS_DEPLOYMENT_TARGET = "9.0";
            WATCHOS_DEPLOYMENT_TARGET = "2.0";
         };
         name = "Debug";
      };
      "OBJ_152" = {
         isa = "XCBuildConfiguration";
         buildSettings = {
            ENABLE_TESTABILITY = "YES";
            FRAMEWORK_SEARCH_PATHS = (
               "$(inherited)",
               "$(PLATFORM_DIR)/Developer/Library/Frameworks"
            );
            HEADER_SEARCH_PATHS = (
               "$(inherited)"
            );
            INFOPLIST_FILE = "Puma.xcodeproj/Files_Info.plist";
            IPHONEOS_DEPLOYMENT_TARGET = "8.0";
            LD_RUNPATH_SEARCH_PATHS = (
               "$(inherited)",
               "$(TOOLCHAIN_DIR)/usr/lib/swift/macosx"
            );
            MACOSX_DEPLOYMENT_TARGET = "10.10";
            OTHER_CFLAGS = (
               "$(inherited)"
            );
            OTHER_LDFLAGS = (
               "$(inherited)"
            );
            OTHER_SWIFT_FLAGS = (
               "$(inherited)"
            );
            PRODUCT_BUNDLE_IDENTIFIER = "Files";
            PRODUCT_MODULE_NAME = "$(TARGET_NAME:c99extidentifier)";
            PRODUCT_NAME = "$(TARGET_NAME:c99extidentifier)";
            SKIP_INSTALL = "YES";
            SWIFT_ACTIVE_COMPILATION_CONDITIONS = (
               "$(inherited)"
            );
            SWIFT_VERSION = "5.0";
            TARGET_NAME = "Files";
            TVOS_DEPLOYMENT_TARGET = "9.0";
            WATCHOS_DEPLOYMENT_TARGET = "2.0";
         };
         name = "Release";
      };
      "OBJ_153" = {
         isa = "PBXSourcesBuildPhase";
         files = (
            "OBJ_154"
         );
      };
      "OBJ_154" = {
         isa = "PBXBuildFile";
         fileRef = "OBJ_54";
      };
      "OBJ_155" = {
         isa = "PBXFrameworksBuildPhase";
         files = (
         );
      };
      "OBJ_157" = {
         isa = "XCConfigurationList";
         buildConfigurations = (
            "OBJ_158",
            "OBJ_159"
         );
         defaultConfigurationIsVisible = "0";
         defaultConfigurationName = "Release";
      };
      "OBJ_158" = {
         isa = "XCBuildConfiguration";
         buildSettings = {
            LD = "/usr/bin/true";
            OTHER_SWIFT_FLAGS = (
               "-swift-version",
               "5",
               "-I",
               "$(TOOLCHAIN_DIR)/usr/lib/swift/pm/4_2",
               "-target",
               "x86_64-apple-macosx10.10",
               "-sdk",
               "/Applications/Xcode-beta.app/Contents/Developer/Platforms/MacOSX.platform/Developer/SDKs/MacOSX10.15.sdk",
               "-package-description-version",
               "5"
            );
            SWIFT_VERSION = "5.0";
         };
         name = "Debug";
      };
      "OBJ_159" = {
         isa = "XCBuildConfiguration";
         buildSettings = {
            LD = "/usr/bin/true";
            OTHER_SWIFT_FLAGS = (
               "-swift-version",
               "5",
               "-I",
               "$(TOOLCHAIN_DIR)/usr/lib/swift/pm/4_2",
               "-target",
               "x86_64-apple-macosx10.10",
               "-sdk",
               "/Applications/Xcode-beta.app/Contents/Developer/Platforms/MacOSX.platform/Developer/SDKs/MacOSX10.15.sdk",
               "-package-description-version",
               "5"
            );
            SWIFT_VERSION = "5.0";
         };
         name = "Release";
      };
      "OBJ_16" = {
         isa = "PBXFileReference";
         path = "Data+Extensions.swift";
         sourceTree = "<group>";
      };
      "OBJ_160" = {
         isa = "PBXSourcesBuildPhase";
         files = (
            "OBJ_161"
         );
      };
      "OBJ_161" = {
         isa = "PBXBuildFile";
         fileRef = "OBJ_53";
      };
      "OBJ_163" = {
         isa = "XCConfigurationList";
         buildConfigurations = (
            "OBJ_164",
            "OBJ_165"
         );
         defaultConfigurationIsVisible = "0";
         defaultConfigurationName = "Release";
      };
      "OBJ_164" = {
         isa = "XCBuildConfiguration";
         buildSettings = {
            ENABLE_TESTABILITY = "YES";
            FRAMEWORK_SEARCH_PATHS = (
               "$(inherited)",
               "$(PLATFORM_DIR)/Developer/Library/Frameworks"
            );
            HEADER_SEARCH_PATHS = (
               "$(inherited)"
            );
            INFOPLIST_FILE = "Puma.xcodeproj/Guaka_Info.plist";
            LD_RUNPATH_SEARCH_PATHS = (
               "$(inherited)",
               "$(TOOLCHAIN_DIR)/usr/lib/swift/macosx"
            );
            OTHER_CFLAGS = (
               "$(inherited)"
            );
            OTHER_LDFLAGS = (
               "$(inherited)"
            );
            OTHER_SWIFT_FLAGS = (
               "$(inherited)"
            );
            PRODUCT_BUNDLE_IDENTIFIER = "Guaka";
            PRODUCT_MODULE_NAME = "$(TARGET_NAME:c99extidentifier)";
            PRODUCT_NAME = "$(TARGET_NAME:c99extidentifier)";
            SKIP_INSTALL = "YES";
            SWIFT_ACTIVE_COMPILATION_CONDITIONS = (
               "$(inherited)"
            );
            SWIFT_VERSION = "5.0";
            TARGET_NAME = "Guaka";
         };
         name = "Debug";
      };
      "OBJ_165" = {
         isa = "XCBuildConfiguration";
         buildSettings = {
            ENABLE_TESTABILITY = "YES";
            FRAMEWORK_SEARCH_PATHS = (
               "$(inherited)",
               "$(PLATFORM_DIR)/Developer/Library/Frameworks"
            );
            HEADER_SEARCH_PATHS = (
               "$(inherited)"
            );
            INFOPLIST_FILE = "Puma.xcodeproj/Guaka_Info.plist";
            LD_RUNPATH_SEARCH_PATHS = (
               "$(inherited)",
               "$(TOOLCHAIN_DIR)/usr/lib/swift/macosx"
            );
            OTHER_CFLAGS = (
               "$(inherited)"
            );
            OTHER_LDFLAGS = (
               "$(inherited)"
            );
            OTHER_SWIFT_FLAGS = (
               "$(inherited)"
            );
            PRODUCT_BUNDLE_IDENTIFIER = "Guaka";
            PRODUCT_MODULE_NAME = "$(TARGET_NAME:c99extidentifier)";
            PRODUCT_NAME = "$(TARGET_NAME:c99extidentifier)";
            SKIP_INSTALL = "YES";
            SWIFT_ACTIVE_COMPILATION_CONDITIONS = (
               "$(inherited)"
            );
            SWIFT_VERSION = "5.0";
            TARGET_NAME = "Guaka";
         };
         name = "Release";
      };
      "OBJ_166" = {
         isa = "PBXSourcesBuildPhase";
         files = (
            "OBJ_167",
            "OBJ_168",
            "OBJ_169",
            "OBJ_170",
            "OBJ_171",
            "OBJ_172",
            "OBJ_173",
            "OBJ_174",
            "OBJ_175",
            "OBJ_176",
            "OBJ_177",
            "OBJ_178",
            "OBJ_179",
            "OBJ_180",
            "OBJ_181",
            "OBJ_182",
            "OBJ_183",
            "OBJ_184",
            "OBJ_185",
            "OBJ_186",
            "OBJ_187",
            "OBJ_188",
            "OBJ_189",
            "OBJ_190"
         );
      };
      "OBJ_167" = {
         isa = "PBXBuildFile";
         fileRef = "OBJ_82";
      };
      "OBJ_168" = {
         isa = "PBXBuildFile";
         fileRef = "OBJ_83";
      };
      "OBJ_169" = {
         isa = "PBXBuildFile";
         fileRef = "OBJ_84";
      };
      "OBJ_17" = {
         isa = "PBXFileReference";
         path = "Dictionary+Extensions.swift";
         sourceTree = "<group>";
      };
      "OBJ_170" = {
         isa = "PBXBuildFile";
         fileRef = "OBJ_85";
      };
      "OBJ_171" = {
         isa = "PBXBuildFile";
         fileRef = "OBJ_87";
      };
      "OBJ_172" = {
         isa = "PBXBuildFile";
         fileRef = "OBJ_89";
      };
      "OBJ_173" = {
         isa = "PBXBuildFile";
         fileRef = "OBJ_90";
      };
      "OBJ_174" = {
         isa = "PBXBuildFile";
         fileRef = "OBJ_91";
      };
      "OBJ_175" = {
         isa = "PBXBuildFile";
         fileRef = "OBJ_92";
      };
      "OBJ_176" = {
         isa = "PBXBuildFile";
         fileRef = "OBJ_94";
      };
      "OBJ_177" = {
         isa = "PBXBuildFile";
         fileRef = "OBJ_95";
      };
      "OBJ_178" = {
         isa = "PBXBuildFile";
         fileRef = "OBJ_96";
      };
      "OBJ_179" = {
         isa = "PBXBuildFile";
         fileRef = "OBJ_97";
      };
      "OBJ_18" = {
         isa = "PBXFileReference";
         path = "Extend.swift";
         sourceTree = "<group>";
      };
      "OBJ_180" = {
         isa = "PBXBuildFile";
         fileRef = "OBJ_98";
      };
      "OBJ_181" = {
         isa = "PBXBuildFile";
         fileRef = "OBJ_99";
      };
      "OBJ_182" = {
         isa = "PBXBuildFile";
         fileRef = "OBJ_100";
      };
      "OBJ_183" = {
         isa = "PBXBuildFile";
         fileRef = "OBJ_102";
      };
      "OBJ_184" = {
         isa = "PBXBuildFile";
         fileRef = "OBJ_103";
      };
      "OBJ_185" = {
         isa = "PBXBuildFile";
         fileRef = "OBJ_105";
      };
      "OBJ_186" = {
         isa = "PBXBuildFile";
         fileRef = "OBJ_106";
      };
      "OBJ_187" = {
         isa = "PBXBuildFile";
         fileRef = "OBJ_107";
      };
      "OBJ_188" = {
         isa = "PBXBuildFile";
         fileRef = "OBJ_109";
      };
      "OBJ_189" = {
         isa = "PBXBuildFile";
         fileRef = "OBJ_110";
      };
      "OBJ_19" = {
         isa = "PBXFileReference";
         path = "Log.swift";
         sourceTree = "<group>";
      };
      "OBJ_190" = {
         isa = "PBXBuildFile";
         fileRef = "OBJ_111";
      };
      "OBJ_191" = {
         isa = "PBXFrameworksBuildPhase";
         files = (
            "OBJ_192"
         );
      };
      "OBJ_192" = {
         isa = "PBXBuildFile";
         fileRef = "StringScanner::StringScanner::Product";
      };
      "OBJ_193" = {
         isa = "PBXTargetDependency";
         target = "StringScanner::StringScanner";
      };
      "OBJ_196" = {
         isa = "XCConfigurationList";
         buildConfigurations = (
            "OBJ_197",
            "OBJ_198"
         );
         defaultConfigurationIsVisible = "0";
         defaultConfigurationName = "Release";
      };
      "OBJ_197" = {
         isa = "XCBuildConfiguration";
         buildSettings = {
            LD = "/usr/bin/true";
            OTHER_SWIFT_FLAGS = (
               "-swift-version",
               "4.2",
               "-I",
               "$(TOOLCHAIN_DIR)/usr/lib/swift/pm/4_2",
               "-target",
               "x86_64-apple-macosx10.10",
               "-sdk",
               "/Applications/Xcode-beta.app/Contents/Developer/Platforms/MacOSX.platform/Developer/SDKs/MacOSX10.15.sdk",
               "-package-description-version",
               "4.2"
            );
            SWIFT_VERSION = "4.2";
         };
         name = "Debug";
      };
      "OBJ_198" = {
         isa = "XCBuildConfiguration";
         buildSettings = {
            LD = "/usr/bin/true";
            OTHER_SWIFT_FLAGS = (
               "-swift-version",
               "4.2",
               "-I",
               "$(TOOLCHAIN_DIR)/usr/lib/swift/pm/4_2",
               "-target",
               "x86_64-apple-macosx10.10",
               "-sdk",
               "/Applications/Xcode-beta.app/Contents/Developer/Platforms/MacOSX.platform/Developer/SDKs/MacOSX10.15.sdk",
               "-package-description-version",
               "4.2"
            );
            SWIFT_VERSION = "4.2";
         };
         name = "Release";
      };
      "OBJ_199" = {
         isa = "PBXSourcesBuildPhase";
         files = (
            "OBJ_200"
         );
      };
      "OBJ_2" = {
         isa = "XCConfigurationList";
         buildConfigurations = (
            "OBJ_3",
            "OBJ_4"
         );
         defaultConfigurationIsVisible = "0";
         defaultConfigurationName = "Release";
      };
      "OBJ_20" = {
         isa = "PBXFileReference";
         path = "Process.swift";
         sourceTree = "<group>";
      };
      "OBJ_200" = {
         isa = "PBXBuildFile";
         fileRef = "OBJ_112";
      };
      "OBJ_202" = {
         isa = "XCConfigurationList";
         buildConfigurations = (
            "OBJ_203",
            "OBJ_204"
         );
         defaultConfigurationIsVisible = "0";
         defaultConfigurationName = "Release";
      };
      "OBJ_203" = {
         isa = "XCBuildConfiguration";
         buildSettings = {
            ENABLE_TESTABILITY = "YES";
            FRAMEWORK_SEARCH_PATHS = (
               "$(inherited)",
               "$(PLATFORM_DIR)/Developer/Library/Frameworks"
            );
            HEADER_SEARCH_PATHS = (
               "$(inherited)"
            );
            INFOPLIST_FILE = "Puma.xcodeproj/Puma_Info.plist";
            IPHONEOS_DEPLOYMENT_TARGET = "8.0";
            LD_RUNPATH_SEARCH_PATHS = (
               "$(inherited)",
               "$(TOOLCHAIN_DIR)/usr/lib/swift/macosx"
            );
            MACOSX_DEPLOYMENT_TARGET = "10.14";
            OTHER_CFLAGS = (
               "$(inherited)"
            );
            OTHER_LDFLAGS = (
               "$(inherited)"
            );
            OTHER_SWIFT_FLAGS = (
               "$(inherited)"
            );
            PRODUCT_BUNDLE_IDENTIFIER = "Puma";
            PRODUCT_MODULE_NAME = "$(TARGET_NAME:c99extidentifier)";
            PRODUCT_NAME = "$(TARGET_NAME:c99extidentifier)";
            SKIP_INSTALL = "YES";
            SWIFT_ACTIVE_COMPILATION_CONDITIONS = (
               "$(inherited)"
            );
            SWIFT_VERSION = "5.0";
            TARGET_NAME = "Puma";
            TVOS_DEPLOYMENT_TARGET = "9.0";
            WATCHOS_DEPLOYMENT_TARGET = "2.0";
         };
         name = "Debug";
      };
      "OBJ_204" = {
         isa = "XCBuildConfiguration";
         buildSettings = {
            ENABLE_TESTABILITY = "YES";
            FRAMEWORK_SEARCH_PATHS = (
               "$(inherited)",
               "$(PLATFORM_DIR)/Developer/Library/Frameworks"
            );
            HEADER_SEARCH_PATHS = (
               "$(inherited)"
            );
            INFOPLIST_FILE = "Puma.xcodeproj/Puma_Info.plist";
            IPHONEOS_DEPLOYMENT_TARGET = "8.0";
            LD_RUNPATH_SEARCH_PATHS = (
               "$(inherited)",
               "$(TOOLCHAIN_DIR)/usr/lib/swift/macosx"
            );
            MACOSX_DEPLOYMENT_TARGET = "10.14";
            OTHER_CFLAGS = (
               "$(inherited)"
            );
            OTHER_LDFLAGS = (
               "$(inherited)"
            );
            OTHER_SWIFT_FLAGS = (
               "$(inherited)"
            );
            PRODUCT_BUNDLE_IDENTIFIER = "Puma";
            PRODUCT_MODULE_NAME = "$(TARGET_NAME:c99extidentifier)";
            PRODUCT_NAME = "$(TARGET_NAME:c99extidentifier)";
            SKIP_INSTALL = "YES";
            SWIFT_ACTIVE_COMPILATION_CONDITIONS = (
               "$(inherited)"
            );
            SWIFT_VERSION = "5.0";
            TARGET_NAME = "Puma";
            TVOS_DEPLOYMENT_TARGET = "9.0";
            WATCHOS_DEPLOYMENT_TARGET = "2.0";
         };
         name = "Release";
      };
      "OBJ_205" = {
         isa = "PBXSourcesBuildPhase";
         files = (
            "OBJ_206",
            "OBJ_207",
            "OBJ_208",
            "OBJ_209",
            "OBJ_210",
            "OBJ_211",
            "OBJ_212",
            "OBJ_213",
            "OBJ_214",
            "OBJ_215",
            "OBJ_216",
            "OBJ_217",
            "OBJ_218",
            "OBJ_219",
            "OBJ_220",
            "OBJ_221",
            "OBJ_222",
            "OBJ_223",
            "OBJ_224",
            "OBJ_225",
            "OBJ_226",
            "OBJ_227",
            "OBJ_228",
            "OBJ_229",
            "OBJ_230",
            "OBJ_231",
            "OBJ_232",
            "OBJ_233",
            "OBJ_234",
            "OBJ_235",
            "OBJ_236"
         );
      };
      "OBJ_206" = {
         isa = "PBXBuildFile";
         fileRef = "OBJ_10";
      };
      "OBJ_207" = {
         isa = "PBXBuildFile";
         fileRef = "OBJ_12";
      };
      "OBJ_208" = {
         isa = "PBXBuildFile";
         fileRef = "OBJ_13";
      };
      "OBJ_209" = {
         isa = "PBXBuildFile";
         fileRef = "OBJ_14";
      };
      "OBJ_21" = {
         isa = "PBXFileReference";
         path = "ProcessHandler.swift";
         sourceTree = "<group>";
      };
      "OBJ_210" = {
         isa = "PBXBuildFile";
         fileRef = "OBJ_15";
      };
      "OBJ_211" = {
         isa = "PBXBuildFile";
         fileRef = "OBJ_16";
      };
      "OBJ_212" = {
         isa = "PBXBuildFile";
         fileRef = "OBJ_17";
      };
      "OBJ_213" = {
         isa = "PBXBuildFile";
         fileRef = "OBJ_18";
      };
      "OBJ_214" = {
         isa = "PBXBuildFile";
         fileRef = "OBJ_19";
      };
      "OBJ_215" = {
         isa = "PBXBuildFile";
         fileRef = "OBJ_20";
      };
      "OBJ_216" = {
         isa = "PBXBuildFile";
         fileRef = "OBJ_21";
      };
      "OBJ_217" = {
         isa = "PBXBuildFile";
         fileRef = "OBJ_22";
      };
      "OBJ_218" = {
         isa = "PBXBuildFile";
         fileRef = "OBJ_23";
      };
      "OBJ_219" = {
         isa = "PBXBuildFile";
         fileRef = "OBJ_24";
      };
      "OBJ_22" = {
         isa = "PBXFileReference";
         path = "PumaError.swift";
         sourceTree = "<group>";
      };
      "OBJ_220" = {
         isa = "PBXBuildFile";
         fileRef = "OBJ_27";
      };
      "OBJ_221" = {
         isa = "PBXBuildFile";
         fileRef = "OBJ_28";
      };
      "OBJ_222" = {
         isa = "PBXBuildFile";
         fileRef = "OBJ_29";
      };
      "OBJ_223" = {
         isa = "PBXBuildFile";
         fileRef = "OBJ_30";
      };
      "OBJ_224" = {
         isa = "PBXBuildFile";
         fileRef = "OBJ_31";
      };
      "OBJ_225" = {
         isa = "PBXBuildFile";
         fileRef = "OBJ_32";
      };
      "OBJ_226" = {
         isa = "PBXBuildFile";
         fileRef = "OBJ_33";
      };
      "OBJ_227" = {
         isa = "PBXBuildFile";
         fileRef = "OBJ_34";
      };
      "OBJ_228" = {
         isa = "PBXBuildFile";
         fileRef = "OBJ_36";
      };
      "OBJ_229" = {
         isa = "PBXBuildFile";
         fileRef = "OBJ_37";
      };
      "OBJ_23" = {
         isa = "PBXFileReference";
         path = "String+Extensions.swift";
         sourceTree = "<group>";
      };
      "OBJ_230" = {
         isa = "PBXBuildFile";
         fileRef = "OBJ_38";
      };
      "OBJ_231" = {
         isa = "PBXBuildFile";
         fileRef = "OBJ_39";
      };
      "OBJ_232" = {
         isa = "PBXBuildFile";
         fileRef = "OBJ_40";
      };
      "OBJ_233" = {
         isa = "PBXBuildFile";
         fileRef = "OBJ_41";
      };
      "OBJ_234" = {
         isa = "PBXBuildFile";
         fileRef = "OBJ_42";
      };
      "OBJ_235" = {
         isa = "PBXBuildFile";
         fileRef = "OBJ_43";
      };
      "OBJ_236" = {
         isa = "PBXBuildFile";
         fileRef = "OBJ_44";
      };
      "OBJ_237" = {
         isa = "PBXFrameworksBuildPhase";
         files = (
            "OBJ_238",
            "OBJ_239",
            "OBJ_240",
            "OBJ_241",
            "OBJ_242"
         );
      };
      "OBJ_238" = {
         isa = "PBXBuildFile";
         fileRef = "Files::Files::Product";
      };
      "OBJ_239" = {
         isa = "PBXBuildFile";
         fileRef = "xcbeautify::XcbeautifyLib::Product";
      };
      "OBJ_24" = {
         isa = "PBXFileReference";
         path = "Puma.swift";
         sourceTree = "<group>";
      };
      "OBJ_240" = {
         isa = "PBXBuildFile";
         fileRef = "Colorizer::Colorizer::Product";
      };
      "OBJ_241" = {
         isa = "PBXBuildFile";
         fileRef = "Guaka::Guaka::Product";
      };
      "OBJ_242" = {
         isa = "PBXBuildFile";
         fileRef = "StringScanner::StringScanner::Product";
      };
      "OBJ_243" = {
         isa = "PBXTargetDependency";
         target = "Files::Files";
      };
      "OBJ_244" = {
         isa = "PBXTargetDependency";
         target = "xcbeautify::XcbeautifyLib";
      };
      "OBJ_246" = {
         isa = "PBXTargetDependency";
         target = "Colorizer::Colorizer";
      };
      "OBJ_247" = {
         isa = "PBXTargetDependency";
         target = "Guaka::Guaka";
      };
      "OBJ_248" = {
         isa = "PBXTargetDependency";
         target = "StringScanner::StringScanner";
      };
      "OBJ_25" = {
         isa = "PBXGroup";
         children = (
            "OBJ_26",
            "OBJ_35"
         );
         name = "iOS";
         path = "iOS";
         sourceTree = "<group>";
      };
      "OBJ_250" = {
         isa = "XCConfigurationList";
         buildConfigurations = (
            "OBJ_251",
            "OBJ_252"
         );
         defaultConfigurationIsVisible = "0";
         defaultConfigurationName = "Release";
      };
      "OBJ_251" = {
         isa = "XCBuildConfiguration";
         buildSettings = {
            LD = "/usr/bin/true";
            OTHER_SWIFT_FLAGS = (
               "-swift-version",
               "5",
               "-I",
               "$(TOOLCHAIN_DIR)/usr/lib/swift/pm/4_2",
               "-target",
               "x86_64-apple-macosx10.10",
               "-sdk",
               "/Applications/Xcode-beta.app/Contents/Developer/Platforms/MacOSX.platform/Developer/SDKs/MacOSX10.15.sdk",
               "-package-description-version",
               "5.1"
            );
            SWIFT_VERSION = "5.0";
         };
         name = "Debug";
      };
      "OBJ_252" = {
         isa = "XCBuildConfiguration";
         buildSettings = {
            LD = "/usr/bin/true";
            OTHER_SWIFT_FLAGS = (
               "-swift-version",
               "5",
               "-I",
               "$(TOOLCHAIN_DIR)/usr/lib/swift/pm/4_2",
               "-target",
               "x86_64-apple-macosx10.10",
               "-sdk",
               "/Applications/Xcode-beta.app/Contents/Developer/Platforms/MacOSX.platform/Developer/SDKs/MacOSX10.15.sdk",
               "-package-description-version",
               "5.1"
            );
            SWIFT_VERSION = "5.0";
         };
         name = "Release";
      };
      "OBJ_253" = {
         isa = "PBXSourcesBuildPhase";
         files = (
            "OBJ_254"
         );
      };
      "OBJ_254" = {
         isa = "PBXBuildFile";
         fileRef = "OBJ_6";
      };
      "OBJ_256" = {
         isa = "XCConfigurationList";
         buildConfigurations = (
            "OBJ_257",
            "OBJ_258"
         );
         defaultConfigurationIsVisible = "0";
         defaultConfigurationName = "Release";
      };
      "OBJ_257" = {
         isa = "XCBuildConfiguration";
         buildSettings = {
         };
         name = "Debug";
      };
      "OBJ_258" = {
         isa = "XCBuildConfiguration";
         buildSettings = {
         };
         name = "Release";
      };
      "OBJ_259" = {
         isa = "PBXTargetDependency";
         target = "Puma::PumaTests";
      };
      "OBJ_26" = {
         isa = "PBXGroup";
         children = (
            "OBJ_27",
            "OBJ_28",
            "OBJ_29",
            "OBJ_30",
            "OBJ_31",
            "OBJ_32",
            "OBJ_33",
            "OBJ_34"
         );
         name = "Tasks";
         path = "Tasks";
         sourceTree = "<group>";
      };
      "OBJ_262" = {
         isa = "XCConfigurationList";
         buildConfigurations = (
            "OBJ_263",
            "OBJ_264"
         );
         defaultConfigurationIsVisible = "0";
         defaultConfigurationName = "Release";
      };
      "OBJ_263" = {
         isa = "XCBuildConfiguration";
         buildSettings = {
            FRAMEWORK_SEARCH_PATHS = (
               "$(inherited)",
               "$(PLATFORM_DIR)/Developer/Library/Frameworks"
            );
            HEADER_SEARCH_PATHS = (
               "$(inherited)"
            );
            INFOPLIST_FILE = "Puma.xcodeproj/PumaRunner_Info.plist";
            IPHONEOS_DEPLOYMENT_TARGET = "8.0";
            LD_RUNPATH_SEARCH_PATHS = (
               "$(inherited)",
               "$(TOOLCHAIN_DIR)/usr/lib/swift/macosx",
               "@executable_path"
            );
            MACOSX_DEPLOYMENT_TARGET = "10.14";
            OTHER_CFLAGS = (
               "$(inherited)"
            );
            OTHER_LDFLAGS = (
               "$(inherited)"
            );
            OTHER_SWIFT_FLAGS = (
               "$(inherited)"
            );
            SWIFT_ACTIVE_COMPILATION_CONDITIONS = (
               "$(inherited)"
            );
            SWIFT_FORCE_DYNAMIC_LINK_STDLIB = "YES";
            SWIFT_FORCE_STATIC_LINK_STDLIB = "NO";
            SWIFT_VERSION = "5.0";
            TARGET_NAME = "PumaRunner";
            TVOS_DEPLOYMENT_TARGET = "9.0";
            WATCHOS_DEPLOYMENT_TARGET = "2.0";
         };
         name = "Debug";
      };
      "OBJ_264" = {
         isa = "XCBuildConfiguration";
         buildSettings = {
            FRAMEWORK_SEARCH_PATHS = (
               "$(inherited)",
               "$(PLATFORM_DIR)/Developer/Library/Frameworks"
            );
            HEADER_SEARCH_PATHS = (
               "$(inherited)"
            );
            INFOPLIST_FILE = "Puma.xcodeproj/PumaRunner_Info.plist";
            IPHONEOS_DEPLOYMENT_TARGET = "8.0";
            LD_RUNPATH_SEARCH_PATHS = (
               "$(inherited)",
               "$(TOOLCHAIN_DIR)/usr/lib/swift/macosx",
               "@executable_path"
            );
            MACOSX_DEPLOYMENT_TARGET = "10.14";
            OTHER_CFLAGS = (
               "$(inherited)"
            );
            OTHER_LDFLAGS = (
               "$(inherited)"
            );
            OTHER_SWIFT_FLAGS = (
               "$(inherited)"
            );
            SWIFT_ACTIVE_COMPILATION_CONDITIONS = (
               "$(inherited)"
            );
            SWIFT_FORCE_DYNAMIC_LINK_STDLIB = "YES";
            SWIFT_FORCE_STATIC_LINK_STDLIB = "NO";
            SWIFT_VERSION = "5.0";
            TARGET_NAME = "PumaRunner";
            TVOS_DEPLOYMENT_TARGET = "9.0";
            WATCHOS_DEPLOYMENT_TARGET = "2.0";
         };
         name = "Release";
      };
      "OBJ_265" = {
         isa = "PBXSourcesBuildPhase";
         files = (
            "OBJ_266"
         );
      };
      "OBJ_266" = {
         isa = "PBXBuildFile";
         fileRef = "OBJ_46";
      };
      "OBJ_267" = {
         isa = "PBXFrameworksBuildPhase";
         files = (
            "OBJ_268",
            "OBJ_269",
            "OBJ_270",
            "OBJ_271",
            "OBJ_272",
            "OBJ_273"
         );
      };
      "OBJ_268" = {
         isa = "PBXBuildFile";
         fileRef = "Puma::Puma::Product";
      };
      "OBJ_269" = {
         isa = "PBXBuildFile";
         fileRef = "Files::Files::Product";
      };
      "OBJ_27" = {
         isa = "PBXFileReference";
         path = "ArchiveTask.swift";
         sourceTree = "<group>";
      };
      "OBJ_270" = {
         isa = "PBXBuildFile";
         fileRef = "xcbeautify::XcbeautifyLib::Product";
      };
      "OBJ_271" = {
         isa = "PBXBuildFile";
         fileRef = "Colorizer::Colorizer::Product";
      };
      "OBJ_272" = {
         isa = "PBXBuildFile";
         fileRef = "Guaka::Guaka::Product";
      };
      "OBJ_273" = {
         isa = "PBXBuildFile";
         fileRef = "StringScanner::StringScanner::Product";
      };
      "OBJ_274" = {
         isa = "PBXTargetDependency";
         target = "Puma::Puma";
      };
      "OBJ_275" = {
         isa = "PBXTargetDependency";
         target = "Files::Files";
      };
      "OBJ_276" = {
         isa = "PBXTargetDependency";
         target = "xcbeautify::XcbeautifyLib";
      };
      "OBJ_277" = {
         isa = "PBXTargetDependency";
         target = "Colorizer::Colorizer";
      };
      "OBJ_278" = {
         isa = "PBXTargetDependency";
         target = "Guaka::Guaka";
      };
      "OBJ_279" = {
         isa = "PBXTargetDependency";
         target = "StringScanner::StringScanner";
      };
      "OBJ_28" = {
         isa = "PBXFileReference";
         path = "BuildTask.swift";
         sourceTree = "<group>";
      };
      "OBJ_280" = {
         isa = "XCConfigurationList";
         buildConfigurations = (
            "OBJ_281",
            "OBJ_282"
         );
         defaultConfigurationIsVisible = "0";
         defaultConfigurationName = "Release";
      };
      "OBJ_281" = {
         isa = "XCBuildConfiguration";
         buildSettings = {
            CLANG_ENABLE_MODULES = "YES";
            EMBEDDED_CONTENT_CONTAINS_SWIFT = "YES";
            FRAMEWORK_SEARCH_PATHS = (
               "$(inherited)",
               "$(PLATFORM_DIR)/Developer/Library/Frameworks"
            );
            HEADER_SEARCH_PATHS = (
               "$(inherited)"
            );
            INFOPLIST_FILE = "Puma.xcodeproj/PumaTests_Info.plist";
            IPHONEOS_DEPLOYMENT_TARGET = "8.0";
            LD_RUNPATH_SEARCH_PATHS = (
               "$(inherited)",
               "@loader_path/../Frameworks",
               "@loader_path/Frameworks"
            );
            MACOSX_DEPLOYMENT_TARGET = "10.14";
            OTHER_CFLAGS = (
               "$(inherited)"
            );
            OTHER_LDFLAGS = (
               "$(inherited)"
            );
            OTHER_SWIFT_FLAGS = (
               "$(inherited)"
            );
            SWIFT_ACTIVE_COMPILATION_CONDITIONS = (
               "$(inherited)"
            );
            SWIFT_VERSION = "5.0";
            TARGET_NAME = "PumaTests";
            TVOS_DEPLOYMENT_TARGET = "9.0";
            WATCHOS_DEPLOYMENT_TARGET = "2.0";
         };
         name = "Debug";
      };
      "OBJ_282" = {
         isa = "XCBuildConfiguration";
         buildSettings = {
            CLANG_ENABLE_MODULES = "YES";
            EMBEDDED_CONTENT_CONTAINS_SWIFT = "YES";
            FRAMEWORK_SEARCH_PATHS = (
               "$(inherited)",
               "$(PLATFORM_DIR)/Developer/Library/Frameworks"
            );
            HEADER_SEARCH_PATHS = (
               "$(inherited)"
            );
            INFOPLIST_FILE = "Puma.xcodeproj/PumaTests_Info.plist";
            IPHONEOS_DEPLOYMENT_TARGET = "8.0";
            LD_RUNPATH_SEARCH_PATHS = (
               "$(inherited)",
               "@loader_path/../Frameworks",
               "@loader_path/Frameworks"
            );
            MACOSX_DEPLOYMENT_TARGET = "10.14";
            OTHER_CFLAGS = (
               "$(inherited)"
            );
            OTHER_LDFLAGS = (
               "$(inherited)"
            );
            OTHER_SWIFT_FLAGS = (
               "$(inherited)"
            );
            SWIFT_ACTIVE_COMPILATION_CONDITIONS = (
               "$(inherited)"
            );
            SWIFT_VERSION = "5.0";
            TARGET_NAME = "PumaTests";
            TVOS_DEPLOYMENT_TARGET = "9.0";
            WATCHOS_DEPLOYMENT_TARGET = "2.0";
         };
         name = "Release";
      };
      "OBJ_283" = {
         isa = "PBXSourcesBuildPhase";
         files = (
            "OBJ_284",
            "OBJ_285"
         );
      };
      "OBJ_284" = {
         isa = "PBXBuildFile";
         fileRef = "OBJ_49";
      };
      "OBJ_285" = {
         isa = "PBXBuildFile";
         fileRef = "OBJ_50";
      };
      "OBJ_286" = {
         isa = "PBXFrameworksBuildPhase";
         files = (
            "OBJ_287",
            "OBJ_288",
            "OBJ_289",
            "OBJ_290",
            "OBJ_291",
            "OBJ_292"
         );
      };
      "OBJ_287" = {
         isa = "PBXBuildFile";
         fileRef = "Puma::Puma::Product";
      };
      "OBJ_288" = {
         isa = "PBXBuildFile";
         fileRef = "Files::Files::Product";
      };
      "OBJ_289" = {
         isa = "PBXBuildFile";
         fileRef = "xcbeautify::XcbeautifyLib::Product";
      };
      "OBJ_29" = {
         isa = "PBXFileReference";
         path = "ExportArchiveTask.swift";
         sourceTree = "<group>";
      };
      "OBJ_290" = {
         isa = "PBXBuildFile";
         fileRef = "Colorizer::Colorizer::Product";
      };
      "OBJ_291" = {
         isa = "PBXBuildFile";
         fileRef = "Guaka::Guaka::Product";
      };
      "OBJ_292" = {
         isa = "PBXBuildFile";
         fileRef = "StringScanner::StringScanner::Product";
      };
      "OBJ_293" = {
         isa = "PBXTargetDependency";
         target = "Puma::Puma";
      };
      "OBJ_294" = {
         isa = "PBXTargetDependency";
         target = "Files::Files";
      };
      "OBJ_295" = {
         isa = "PBXTargetDependency";
         target = "xcbeautify::XcbeautifyLib";
      };
      "OBJ_296" = {
         isa = "PBXTargetDependency";
         target = "Colorizer::Colorizer";
      };
      "OBJ_297" = {
         isa = "PBXTargetDependency";
         target = "Guaka::Guaka";
      };
      "OBJ_298" = {
         isa = "PBXTargetDependency";
         target = "StringScanner::StringScanner";
      };
      "OBJ_299" = {
         isa = "XCConfigurationList";
         buildConfigurations = (
            "OBJ_300",
            "OBJ_301"
         );
         defaultConfigurationIsVisible = "0";
         defaultConfigurationName = "Release";
      };
      "OBJ_3" = {
         isa = "XCBuildConfiguration";
         buildSettings = {
            CLANG_ENABLE_OBJC_ARC = "YES";
            COMBINE_HIDPI_IMAGES = "YES";
            COPY_PHASE_STRIP = "NO";
            DEBUG_INFORMATION_FORMAT = "dwarf";
            DYLIB_INSTALL_NAME_BASE = "@rpath";
            ENABLE_NS_ASSERTIONS = "YES";
            GCC_OPTIMIZATION_LEVEL = "0";
            GCC_PREPROCESSOR_DEFINITIONS = (
               "$(inherited)",
               "SWIFT_PACKAGE=1",
               "DEBUG=1"
            );
            MACOSX_DEPLOYMENT_TARGET = "10.10";
            ONLY_ACTIVE_ARCH = "YES";
            OTHER_SWIFT_FLAGS = (
               "$(inherited)",
               "-DXcode"
            );
            PRODUCT_NAME = "$(TARGET_NAME)";
            SDKROOT = "macosx";
            SUPPORTED_PLATFORMS = (
               "macosx",
               "iphoneos",
               "iphonesimulator",
               "appletvos",
               "appletvsimulator",
               "watchos",
               "watchsimulator"
            );
            SWIFT_ACTIVE_COMPILATION_CONDITIONS = (
               "$(inherited)",
               "SWIFT_PACKAGE",
               "DEBUG"
            );
            SWIFT_OPTIMIZATION_LEVEL = "-Onone";
            USE_HEADERMAP = "NO";
         };
         name = "Debug";
      };
      "OBJ_30" = {
         isa = "PBXFileReference";
         path = "IncreaseBuildNumberTask.swift";
         sourceTree = "<group>";
      };
      "OBJ_300" = {
         isa = "XCBuildConfiguration";
         buildSettings = {
            ENABLE_TESTABILITY = "YES";
            FRAMEWORK_SEARCH_PATHS = (
               "$(inherited)",
               "$(PLATFORM_DIR)/Developer/Library/Frameworks"
            );
            HEADER_SEARCH_PATHS = (
               "$(inherited)"
            );
            INFOPLIST_FILE = "Puma.xcodeproj/StringScanner_Info.plist";
            IPHONEOS_DEPLOYMENT_TARGET = "8.0";
            LD_RUNPATH_SEARCH_PATHS = (
               "$(inherited)",
               "$(TOOLCHAIN_DIR)/usr/lib/swift/macosx"
            );
            MACOSX_DEPLOYMENT_TARGET = "10.10";
            OTHER_CFLAGS = (
               "$(inherited)"
            );
            OTHER_LDFLAGS = (
               "$(inherited)"
            );
            OTHER_SWIFT_FLAGS = (
               "$(inherited)"
            );
            PRODUCT_BUNDLE_IDENTIFIER = "StringScanner";
            PRODUCT_MODULE_NAME = "$(TARGET_NAME:c99extidentifier)";
            PRODUCT_NAME = "$(TARGET_NAME:c99extidentifier)";
            SKIP_INSTALL = "YES";
            SWIFT_ACTIVE_COMPILATION_CONDITIONS = (
               "$(inherited)"
            );
            SWIFT_VERSION = "5.0";
            TARGET_NAME = "StringScanner";
            TVOS_DEPLOYMENT_TARGET = "9.0";
            WATCHOS_DEPLOYMENT_TARGET = "2.0";
         };
         name = "Debug";
      };
      "OBJ_301" = {
         isa = "XCBuildConfiguration";
         buildSettings = {
            ENABLE_TESTABILITY = "YES";
            FRAMEWORK_SEARCH_PATHS = (
               "$(inherited)",
               "$(PLATFORM_DIR)/Developer/Library/Frameworks"
            );
            HEADER_SEARCH_PATHS = (
               "$(inherited)"
            );
            INFOPLIST_FILE = "Puma.xcodeproj/StringScanner_Info.plist";
            IPHONEOS_DEPLOYMENT_TARGET = "8.0";
            LD_RUNPATH_SEARCH_PATHS = (
               "$(inherited)",
               "$(TOOLCHAIN_DIR)/usr/lib/swift/macosx"
            );
            MACOSX_DEPLOYMENT_TARGET = "10.10";
            OTHER_CFLAGS = (
               "$(inherited)"
            );
            OTHER_LDFLAGS = (
               "$(inherited)"
            );
            OTHER_SWIFT_FLAGS = (
               "$(inherited)"
            );
            PRODUCT_BUNDLE_IDENTIFIER = "StringScanner";
            PRODUCT_MODULE_NAME = "$(TARGET_NAME:c99extidentifier)";
            PRODUCT_NAME = "$(TARGET_NAME:c99extidentifier)";
            SKIP_INSTALL = "YES";
            SWIFT_ACTIVE_COMPILATION_CONDITIONS = (
               "$(inherited)"
            );
            SWIFT_VERSION = "5.0";
            TARGET_NAME = "StringScanner";
            TVOS_DEPLOYMENT_TARGET = "9.0";
            WATCHOS_DEPLOYMENT_TARGET = "2.0";
         };
         name = "Release";
      };
      "OBJ_302" = {
         isa = "PBXSourcesBuildPhase";
         files = (
            "OBJ_303",
            "OBJ_304",
            "OBJ_305",
            "OBJ_306",
            "OBJ_307"
         );
      };
      "OBJ_303" = {
         isa = "PBXBuildFile";
         fileRef = "OBJ_115";
      };
      "OBJ_304" = {
         isa = "PBXBuildFile";
         fileRef = "OBJ_116";
      };
      "OBJ_305" = {
         isa = "PBXBuildFile";
         fileRef = "OBJ_117";
      };
      "OBJ_306" = {
         isa = "PBXBuildFile";
         fileRef = "OBJ_118";
      };
      "OBJ_307" = {
         isa = "PBXBuildFile";
         fileRef = "OBJ_119";
      };
      "OBJ_308" = {
         isa = "PBXFrameworksBuildPhase";
         files = (
         );
      };
      "OBJ_31" = {
         isa = "PBXFileReference";
         path = "SetBuildNumberTask.swift";
         sourceTree = "<group>";
      };
      "OBJ_310" = {
         isa = "XCConfigurationList";
         buildConfigurations = (
            "OBJ_311",
            "OBJ_312"
         );
         defaultConfigurationIsVisible = "0";
         defaultConfigurationName = "Release";
      };
      "OBJ_311" = {
         isa = "XCBuildConfiguration";
         buildSettings = {
            LD = "/usr/bin/true";
            OTHER_SWIFT_FLAGS = (
               "-swift-version",
               "5",
               "-I",
               "$(TOOLCHAIN_DIR)/usr/lib/swift/pm/4_2",
               "-target",
               "x86_64-apple-macosx10.10",
               "-sdk",
               "/Applications/Xcode-beta.app/Contents/Developer/Platforms/MacOSX.platform/Developer/SDKs/MacOSX10.15.sdk",
               "-package-description-version",
               "5"
            );
            SWIFT_VERSION = "5.0";
         };
         name = "Debug";
      };
      "OBJ_312" = {
         isa = "XCBuildConfiguration";
         buildSettings = {
            LD = "/usr/bin/true";
            OTHER_SWIFT_FLAGS = (
               "-swift-version",
               "5",
               "-I",
               "$(TOOLCHAIN_DIR)/usr/lib/swift/pm/4_2",
               "-target",
               "x86_64-apple-macosx10.10",
               "-sdk",
               "/Applications/Xcode-beta.app/Contents/Developer/Platforms/MacOSX.platform/Developer/SDKs/MacOSX10.15.sdk",
               "-package-description-version",
               "5"
            );
            SWIFT_VERSION = "5.0";
         };
         name = "Release";
      };
      "OBJ_313" = {
         isa = "PBXSourcesBuildPhase";
         files = (
            "OBJ_314"
         );
      };
      "OBJ_314" = {
         isa = "PBXBuildFile";
         fileRef = "OBJ_120";
      };
      "OBJ_315" = {
         isa = "XCConfigurationList";
         buildConfigurations = (
            "OBJ_316",
            "OBJ_317"
         );
         defaultConfigurationIsVisible = "0";
         defaultConfigurationName = "Release";
      };
      "OBJ_316" = {
         isa = "XCBuildConfiguration";
         buildSettings = {
            ENABLE_TESTABILITY = "YES";
            FRAMEWORK_SEARCH_PATHS = (
               "$(inherited)",
               "$(PLATFORM_DIR)/Developer/Library/Frameworks"
            );
            HEADER_SEARCH_PATHS = (
               "$(inherited)"
            );
            INFOPLIST_FILE = "Puma.xcodeproj/XcbeautifyLib_Info.plist";
            LD_RUNPATH_SEARCH_PATHS = (
               "$(inherited)",
               "$(TOOLCHAIN_DIR)/usr/lib/swift/macosx"
            );
            OTHER_CFLAGS = (
               "$(inherited)"
            );
            OTHER_LDFLAGS = (
               "$(inherited)"
            );
            OTHER_SWIFT_FLAGS = (
               "$(inherited)"
            );
            PRODUCT_BUNDLE_IDENTIFIER = "XcbeautifyLib";
            PRODUCT_MODULE_NAME = "$(TARGET_NAME:c99extidentifier)";
            PRODUCT_NAME = "$(TARGET_NAME:c99extidentifier)";
            SKIP_INSTALL = "YES";
            SWIFT_ACTIVE_COMPILATION_CONDITIONS = (
               "$(inherited)"
            );
            SWIFT_VERSION = "4.0";
            TARGET_NAME = "XcbeautifyLib";
         };
         name = "Debug";
      };
      "OBJ_317" = {
         isa = "XCBuildConfiguration";
         buildSettings = {
            ENABLE_TESTABILITY = "YES";
            FRAMEWORK_SEARCH_PATHS = (
               "$(inherited)",
               "$(PLATFORM_DIR)/Developer/Library/Frameworks"
            );
            HEADER_SEARCH_PATHS = (
               "$(inherited)"
            );
            INFOPLIST_FILE = "Puma.xcodeproj/XcbeautifyLib_Info.plist";
            LD_RUNPATH_SEARCH_PATHS = (
               "$(inherited)",
               "$(TOOLCHAIN_DIR)/usr/lib/swift/macosx"
            );
            OTHER_CFLAGS = (
               "$(inherited)"
            );
            OTHER_LDFLAGS = (
               "$(inherited)"
            );
            OTHER_SWIFT_FLAGS = (
               "$(inherited)"
            );
            PRODUCT_BUNDLE_IDENTIFIER = "XcbeautifyLib";
            PRODUCT_MODULE_NAME = "$(TARGET_NAME:c99extidentifier)";
            PRODUCT_NAME = "$(TARGET_NAME:c99extidentifier)";
            SKIP_INSTALL = "YES";
            SWIFT_ACTIVE_COMPILATION_CONDITIONS = (
               "$(inherited)"
            );
            SWIFT_VERSION = "4.0";
            TARGET_NAME = "XcbeautifyLib";
         };
         name = "Release";
      };
      "OBJ_318" = {
         isa = "PBXSourcesBuildPhase";
         files = (
            "OBJ_319",
            "OBJ_320",
            "OBJ_321",
            "OBJ_322",
            "OBJ_323",
            "OBJ_324",
            "OBJ_325",
            "OBJ_326",
            "OBJ_327",
            "OBJ_328",
            "OBJ_329",
            "OBJ_330"
         );
      };
      "OBJ_319" = {
         isa = "PBXBuildFile";
         fileRef = "OBJ_57";
      };
      "OBJ_32" = {
         isa = "PBXFileReference";
         path = "SetVersionNumberTask.swift";
         sourceTree = "<group>";
      };
      "OBJ_320" = {
         isa = "PBXBuildFile";
         fileRef = "OBJ_58";
      };
      "OBJ_321" = {
         isa = "PBXBuildFile";
         fileRef = "OBJ_59";
      };
      "OBJ_322" = {
         isa = "PBXBuildFile";
         fileRef = "OBJ_60";
      };
      "OBJ_323" = {
         isa = "PBXBuildFile";
         fileRef = "OBJ_61";
      };
      "OBJ_324" = {
         isa = "PBXBuildFile";
         fileRef = "OBJ_62";
      };
      "OBJ_325" = {
         isa = "PBXBuildFile";
         fileRef = "OBJ_63";
      };
      "OBJ_326" = {
         isa = "PBXBuildFile";
         fileRef = "OBJ_64";
      };
      "OBJ_327" = {
         isa = "PBXBuildFile";
         fileRef = "OBJ_65";
      };
      "OBJ_328" = {
         isa = "PBXBuildFile";
         fileRef = "OBJ_66";
      };
      "OBJ_329" = {
         isa = "PBXBuildFile";
         fileRef = "OBJ_67";
      };
      "OBJ_33" = {
         isa = "PBXFileReference";
         path = "Task.swift";
         sourceTree = "<group>";
      };
      "OBJ_330" = {
         isa = "PBXBuildFile";
         fileRef = "OBJ_68";
      };
      "OBJ_331" = {
         isa = "PBXFrameworksBuildPhase";
         files = (
            "OBJ_332",
            "OBJ_333",
            "OBJ_334"
         );
      };
      "OBJ_332" = {
         isa = "PBXBuildFile";
         fileRef = "Colorizer::Colorizer::Product";
      };
      "OBJ_333" = {
         isa = "PBXBuildFile";
         fileRef = "Guaka::Guaka::Product";
      };
      "OBJ_334" = {
         isa = "PBXBuildFile";
         fileRef = "StringScanner::StringScanner::Product";
      };
      "OBJ_335" = {
         isa = "PBXTargetDependency";
         target = "Colorizer::Colorizer";
      };
      "OBJ_336" = {
         isa = "PBXTargetDependency";
         target = "Guaka::Guaka";
      };
      "OBJ_337" = {
         isa = "PBXTargetDependency";
         target = "StringScanner::StringScanner";
      };
      "OBJ_339" = {
         isa = "XCConfigurationList";
         buildConfigurations = (
            "OBJ_340",
            "OBJ_341"
         );
         defaultConfigurationIsVisible = "0";
         defaultConfigurationName = "Release";
      };
      "OBJ_34" = {
         isa = "PBXFileReference";
         path = "TestTask.swift";
         sourceTree = "<group>";
      };
      "OBJ_340" = {
         isa = "XCBuildConfiguration";
         buildSettings = {
            LD = "/usr/bin/true";
            OTHER_SWIFT_FLAGS = (
               "-swift-version",
               "4",
               "-I",
               "$(TOOLCHAIN_DIR)/usr/lib/swift/pm/4",
               "-target",
               "x86_64-apple-macosx10.10",
               "-sdk",
               "/Applications/Xcode-beta.app/Contents/Developer/Platforms/MacOSX.platform/Developer/SDKs/MacOSX10.15.sdk",
               "-package-description-version",
               "4"
            );
            SWIFT_VERSION = "4.0";
         };
         name = "Debug";
      };
      "OBJ_341" = {
         isa = "XCBuildConfiguration";
         buildSettings = {
            LD = "/usr/bin/true";
            OTHER_SWIFT_FLAGS = (
               "-swift-version",
               "4",
               "-I",
               "$(TOOLCHAIN_DIR)/usr/lib/swift/pm/4",
               "-target",
               "x86_64-apple-macosx10.10",
               "-sdk",
               "/Applications/Xcode-beta.app/Contents/Developer/Platforms/MacOSX.platform/Developer/SDKs/MacOSX10.15.sdk",
               "-package-description-version",
               "4"
            );
            SWIFT_VERSION = "4.0";
         };
         name = "Release";
      };
      "OBJ_342" = {
         isa = "PBXSourcesBuildPhase";
         files = (
            "OBJ_343"
         );
      };
      "OBJ_343" = {
         isa = "PBXBuildFile";
         fileRef = "OBJ_70";
      };
      "OBJ_35" = {
         isa = "PBXGroup";
         children = (
            "OBJ_36",
            "OBJ_37",
            "OBJ_38",
            "OBJ_39",
            "OBJ_40",
            "OBJ_41",
            "OBJ_42",
            "OBJ_43",
            "OBJ_44"
         );
         name = "Utils";
         path = "Utils";
         sourceTree = "<group>";
      };
      "OBJ_36" = {
         isa = "PBXFileReference";
         path = "Configuration.swift";
         sourceTree = "<group>";
      };
      "OBJ_37" = {
         isa = "PBXFileReference";
         path = "Destination.swift";
         sourceTree = "<group>";
      };
      "OBJ_38" = {
         isa = "PBXFileReference";
         path = "ExportMethod.swift";
         sourceTree = "<group>";
      };
      "OBJ_39" = {
         isa = "PBXFileReference";
         path = "OptionFactory.swift";
         sourceTree = "<group>";
      };
      "OBJ_4" = {
         isa = "XCBuildConfiguration";
         buildSettings = {
            CLANG_ENABLE_OBJC_ARC = "YES";
            COMBINE_HIDPI_IMAGES = "YES";
            COPY_PHASE_STRIP = "YES";
            DEBUG_INFORMATION_FORMAT = "dwarf-with-dsym";
            DYLIB_INSTALL_NAME_BASE = "@rpath";
            GCC_OPTIMIZATION_LEVEL = "s";
            GCC_PREPROCESSOR_DEFINITIONS = (
               "$(inherited)",
               "SWIFT_PACKAGE=1"
            );
            MACOSX_DEPLOYMENT_TARGET = "10.10";
            OTHER_SWIFT_FLAGS = (
               "$(inherited)",
               "-DXcode"
            );
            PRODUCT_NAME = "$(TARGET_NAME)";
            SDKROOT = "macosx";
            SUPPORTED_PLATFORMS = (
               "macosx",
               "iphoneos",
               "iphonesimulator",
               "appletvos",
               "appletvsimulator",
               "watchos",
               "watchsimulator"
            );
            SWIFT_ACTIVE_COMPILATION_CONDITIONS = (
               "$(inherited)",
               "SWIFT_PACKAGE"
            );
            SWIFT_OPTIMIZATION_LEVEL = "-Owholemodule";
            USE_HEADERMAP = "NO";
         };
         name = "Release";
      };
      "OBJ_40" = {
         isa = "PBXFileReference";
         path = "Sdk.swift";
         sourceTree = "<group>";
      };
      "OBJ_41" = {
         isa = "PBXFileReference";
         path = "Signing.swift";
         sourceTree = "<group>";
      };
      "OBJ_42" = {
         isa = "PBXFileReference";
         path = "Validator.swift";
         sourceTree = "<group>";
      };
      "OBJ_43" = {
         isa = "PBXFileReference";
         path = "Xcodebuild.swift";
         sourceTree = "<group>";
      };
      "OBJ_44" = {
         isa = "PBXFileReference";
         path = "utils.swift";
         sourceTree = "<group>";
      };
      "OBJ_45" = {
         isa = "PBXGroup";
         children = (
            "OBJ_46"
         );
         name = "PumaRunner";
         path = "Sources/PumaRunner";
         sourceTree = "SOURCE_ROOT";
      };
      "OBJ_46" = {
         isa = "PBXFileReference";
         path = "main.swift";
         sourceTree = "<group>";
      };
      "OBJ_47" = {
         isa = "PBXGroup";
         children = (
            "OBJ_48"
         );
         name = "Tests";
         path = "";
         sourceTree = "SOURCE_ROOT";
      };
      "OBJ_48" = {
         isa = "PBXGroup";
         children = (
            "OBJ_49",
            "OBJ_50"
         );
         name = "PumaTests";
         path = "Tests/PumaTests";
         sourceTree = "SOURCE_ROOT";
      };
      "OBJ_49" = {
         isa = "PBXFileReference";
         path = "PumaTests.swift";
         sourceTree = "<group>";
      };
      "OBJ_5" = {
         isa = "PBXGroup";
         children = (
            "OBJ_6",
            "OBJ_7",
            "OBJ_47",
            "OBJ_51",
            "OBJ_121",
            "OBJ_130",
            "OBJ_131"
         );
         path = "";
         sourceTree = "<group>";
      };
      "OBJ_50" = {
         isa = "PBXFileReference";
         path = "XCTestManifests.swift";
         sourceTree = "<group>";
      };
      "OBJ_51" = {
         isa = "PBXGroup";
         children = (
            "OBJ_52",
            "OBJ_55",
            "OBJ_71",
            "OBJ_79",
            "OBJ_113"
         );
         name = "Dependencies";
         path = "";
         sourceTree = "<group>";
      };
      "OBJ_52" = {
         isa = "PBXGroup";
         children = (
            "OBJ_53",
            "OBJ_54"
         );
         name = "Files 3.1.0";
         path = ".build/checkouts/Files/Sources";
         sourceTree = "SOURCE_ROOT";
      };
      "OBJ_53" = {
         isa = "PBXFileReference";
         explicitFileType = "sourcecode.swift";
         name = "Package.swift";
         path = "/Users/khoa/XcodeProject2/puma/.build/checkouts/Files/Package.swift";
         sourceTree = "<group>";
      };
      "OBJ_54" = {
         isa = "PBXFileReference";
         path = "Files.swift";
         sourceTree = "<group>";
      };
      "OBJ_55" = {
         isa = "PBXGroup";
         children = (
            "OBJ_56",
            "OBJ_69",
            "OBJ_70"
         );
         name = "xcbeautify 0.5.0";
         path = "";
         sourceTree = "SOURCE_ROOT";
      };
      "OBJ_56" = {
         isa = "PBXGroup";
         children = (
            "OBJ_57",
            "OBJ_58",
            "OBJ_59",
            "OBJ_60",
            "OBJ_61",
            "OBJ_62",
            "OBJ_63",
            "OBJ_64",
            "OBJ_65",
            "OBJ_66",
            "OBJ_67",
            "OBJ_68"
         );
         name = "XcbeautifyLib";
         path = ".build/checkouts/xcbeautify/Sources/XcbeautifyLib";
         sourceTree = "SOURCE_ROOT";
      };
      "OBJ_57" = {
         isa = "PBXFileReference";
         path = "Constants.swift";
         sourceTree = "<group>";
      };
      "OBJ_58" = {
         isa = "PBXFileReference";
         path = "Matchable.swift";
         sourceTree = "<group>";
      };
      "OBJ_59" = {
         isa = "PBXFileReference";
         path = "Matcher.swift";
         sourceTree = "<group>";
      };
      "OBJ_6" = {
         isa = "PBXFileReference";
         explicitFileType = "sourcecode.swift";
         path = "Package.swift";
         sourceTree = "<group>";
      };
      "OBJ_60" = {
         isa = "PBXFileReference";
         path = "Parser.swift";
         sourceTree = "<group>";
      };
      "OBJ_61" = {
         isa = "PBXFileReference";
         path = "Pattern.swift";
         sourceTree = "<group>";
      };
      "OBJ_62" = {
         isa = "PBXFileReference";
         path = "Pattern@swift-4.swift";
         sourceTree = "<group>";
      };
      "OBJ_63" = {
         isa = "PBXFileReference";
         path = "Regex.swift";
         sourceTree = "<group>";
      };
      "OBJ_64" = {
         isa = "PBXFileReference";
         path = "String+Beautify.swift";
         sourceTree = "<group>";
      };
      "OBJ_65" = {
         isa = "PBXFileReference";
         path = "String+CapturedGroups.swift";
         sourceTree = "<group>";
      };
      "OBJ_66" = {
         isa = "PBXFileReference";
         path = "String+Matchable.swift";
         sourceTree = "<group>";
      };
      "OBJ_67" = {
         isa = "PBXFileReference";
         path = "String+Substring.swift";
         sourceTree = "<group>";
      };
      "OBJ_68" = {
         isa = "PBXFileReference";
         path = "TestSummary.swift";
         sourceTree = "<group>";
      };
      "OBJ_69" = {
         isa = "PBXGroup";
         children = (
         );
         name = "xcbeautify";
         path = ".build/checkouts/xcbeautify/Sources/xcbeautify";
         sourceTree = "SOURCE_ROOT";
      };
      "OBJ_7" = {
         isa = "PBXGroup";
         children = (
            "OBJ_8",
            "OBJ_45"
         );
         name = "Sources";
         path = "";
         sourceTree = "SOURCE_ROOT";
      };
      "OBJ_70" = {
         isa = "PBXFileReference";
         explicitFileType = "sourcecode.swift";
         name = "Package.swift";
         path = "/Users/khoa/XcodeProject2/puma/.build/checkouts/xcbeautify/Package.swift";
         sourceTree = "<group>";
      };
      "OBJ_71" = {
         isa = "PBXGroup";
         children = (
            "OBJ_72",
            "OBJ_78"
         );
         name = "Colorizer 0.2.1";
         path = "";
         sourceTree = "SOURCE_ROOT";
      };
      "OBJ_72" = {
         isa = "PBXGroup";
         children = (
            "OBJ_73",
            "OBJ_74",
            "OBJ_75",
            "OBJ_76",
            "OBJ_77"
         );
         name = "Colorizer";
         path = ".build/checkouts/Colorizer/Sources/Colorizer";
         sourceTree = "SOURCE_ROOT";
      };
      "OBJ_73" = {
         isa = "PBXFileReference";
         path = "Colorizer.swift";
         sourceTree = "<group>";
      };
      "OBJ_74" = {
         isa = "PBXFileReference";
         path = "StringBackgroundColorizer.swift";
         sourceTree = "<group>";
      };
      "OBJ_75" = {
         isa = "PBXFileReference";
         path = "StringForegroundColorizer.swift";
         sourceTree = "<group>";
      };
      "OBJ_76" = {
         isa = "PBXFileReference";
         path = "StringStyle.swift";
         sourceTree = "<group>";
      };
      "OBJ_77" = {
         isa = "PBXFileReference";
         path = "StringStyleColorizer.swift";
         sourceTree = "<group>";
      };
      "OBJ_78" = {
         isa = "PBXFileReference";
         explicitFileType = "sourcecode.swift";
         name = "Package.swift";
         path = "/Users/khoa/XcodeProject2/puma/.build/checkouts/Colorizer/Package.swift";
         sourceTree = "<group>";
      };
      "OBJ_79" = {
         isa = "PBXGroup";
         children = (
            "OBJ_80",
            "OBJ_112"
         );
         name = "Guaka 0.4.1";
         path = "";
         sourceTree = "SOURCE_ROOT";
      };
      "OBJ_8" = {
         isa = "PBXGroup";
         children = (
            "OBJ_9",
            "OBJ_11",
            "OBJ_24",
            "OBJ_25"
         );
         name = "Puma";
         path = "Sources/Puma";
         sourceTree = "SOURCE_ROOT";
      };
      "OBJ_80" = {
         isa = "PBXGroup";
         children = (
            "OBJ_81",
            "OBJ_86",
            "OBJ_88",
            "OBJ_93",
            "OBJ_101",
            "OBJ_104",
            "OBJ_108"
         );
         name = "Guaka";
         path = ".build/checkouts/Guaka/Sources/Guaka";
         sourceTree = "SOURCE_ROOT";
      };
      "OBJ_81" = {
         isa = "PBXGroup";
         children = (
            "OBJ_82",
            "OBJ_83",
            "OBJ_84",
            "OBJ_85"
         );
         name = "Command";
         path = "Command";
         sourceTree = "<group>";
      };
      "OBJ_82" = {
         isa = "PBXFileReference";
         path = "Command+Execution.swift";
         sourceTree = "<group>";
      };
      "OBJ_83" = {
         isa = "PBXFileReference";
         path = "Command+Utilities.swift";
         sourceTree = "<group>";
      };
      "OBJ_84" = {
         isa = "PBXFileReference";
         path = "Command.swift";
         sourceTree = "<group>";
      };
      "OBJ_85" = {
         isa = "PBXFileReference";
         path = "CommandTypes.swift";
         sourceTree = "<group>";
      };
      "OBJ_86" = {
         isa = "PBXGroup";
         children = (
            "OBJ_87"
         );
         name = "Execution";
         path = "Execution";
         sourceTree = "<group>";
      };
      "OBJ_87" = {
         isa = "PBXFileReference";
         path = "CommandExecution.swift";
         sourceTree = "<group>";
      };
      "OBJ_88" = {
         isa = "PBXGroup";
         children = (
            "OBJ_89",
            "OBJ_90",
            "OBJ_91",
            "OBJ_92"
         );
         name = "Flag";
         path = "Flag";
         sourceTree = "<group>";
      };
      "OBJ_89" = {
         isa = "PBXFileReference";
         path = "Flag+Utilities.swift";
         sourceTree = "<group>";
      };
      "OBJ_9" = {
         isa = "PBXGroup";
         children = (
            "OBJ_10"
         );
         name = "Android";
         path = "Android";
         sourceTree = "<group>";
      };
      "OBJ_90" = {
         isa = "PBXFileReference";
         path = "Flag.swift";
         sourceTree = "<group>";
      };
      "OBJ_91" = {
         isa = "PBXFileReference";
         path = "FlagSet.swift";
         sourceTree = "<group>";
      };
      "OBJ_92" = {
         isa = "PBXFileReference";
         path = "Flags.swift";
         sourceTree = "<group>";
      };
      "OBJ_93" = {
         isa = "PBXGroup";
         children = (
            "OBJ_94",
            "OBJ_95",
            "OBJ_96",
            "OBJ_97",
            "OBJ_98",
            "OBJ_99",
            "OBJ_100"
         );
         name = "Help";
         path = "Help";
         sourceTree = "<group>";
      };
      "OBJ_94" = {
         isa = "PBXFileReference";
         path = "CommandHelp.swift";
         sourceTree = "<group>";
      };
      "OBJ_95" = {
         isa = "PBXFileReference";
         path = "DefaultHelpGenerator.swift";
         sourceTree = "<group>";
      };
      "OBJ_96" = {
         isa = "PBXFileReference";
         path = "FlagHelp.swift";
         sourceTree = "<group>";
      };
      "OBJ_97" = {
         isa = "PBXFileReference";
         path = "FlagHelpGeneratorUtils.swift";
         sourceTree = "<group>";
      };
      "OBJ_98" = {
         isa = "PBXFileReference";
         path = "HelpGenerator.swift";
         sourceTree = "<group>";
      };
      "OBJ_99" = {
         isa = "PBXFileReference";
         path = "HelpGeneratorDefaults.swift";
         sourceTree = "<group>";
      };
      "Puma::Puma" = {
         isa = "PBXNativeTarget";
         buildConfigurationList = "OBJ_202";
         buildPhases = (
            "OBJ_205",
            "OBJ_237"
         );
         dependencies = (
            "OBJ_243",
            "OBJ_244",
            "OBJ_246",
            "OBJ_247",
            "OBJ_248"
         );
         name = "Puma";
         productName = "Puma";
         productReference = "Puma::Puma::Product";
         productType = "com.apple.product-type.framework";
      };
      "Puma::Puma::Product" = {
         isa = "PBXFileReference";
         path = "Puma.framework";
         sourceTree = "BUILT_PRODUCTS_DIR";
      };
      "Puma::PumaPackageTests::ProductTarget" = {
         isa = "PBXAggregateTarget";
         buildConfigurationList = "OBJ_256";
         buildPhases = (
         );
         dependencies = (
            "OBJ_259"
         );
         name = "PumaPackageTests";
         productName = "PumaPackageTests";
      };
      "Puma::PumaRunner" = {
         isa = "PBXNativeTarget";
         buildConfigurationList = "OBJ_262";
         buildPhases = (
            "OBJ_265",
            "OBJ_267"
         );
         dependencies = (
            "OBJ_274",
            "OBJ_275",
            "OBJ_276",
            "OBJ_277",
            "OBJ_278",
            "OBJ_279"
         );
         name = "PumaRunner";
         productName = "PumaRunner";
         productReference = "Puma::PumaRunner::Product";
         productType = "com.apple.product-type.tool";
      };
      "Puma::PumaRunner::Product" = {
         isa = "PBXFileReference";
         path = "PumaRunner";
         sourceTree = "BUILT_PRODUCTS_DIR";
      };
      "Puma::PumaTests" = {
         isa = "PBXNativeTarget";
         buildConfigurationList = "OBJ_280";
         buildPhases = (
            "OBJ_283",
            "OBJ_286"
         );
         dependencies = (
            "OBJ_293",
            "OBJ_294",
            "OBJ_295",
            "OBJ_296",
            "OBJ_297",
            "OBJ_298"
         );
         name = "PumaTests";
         productName = "PumaTests";
         productReference = "Puma::PumaTests::Product";
         productType = "com.apple.product-type.bundle.unit-test";
      };
      "Puma::PumaTests::Product" = {
         isa = "PBXFileReference";
         path = "PumaTests.xctest";
         sourceTree = "BUILT_PRODUCTS_DIR";
      };
      "Puma::SwiftPMPackageDescription" = {
         isa = "PBXNativeTarget";
         buildConfigurationList = "OBJ_250";
         buildPhases = (
            "OBJ_253"
         );
         dependencies = (
         );
         name = "PumaPackageDescription";
         productName = "PumaPackageDescription";
         productType = "com.apple.product-type.framework";
      };
      "StringScanner::StringScanner" = {
         isa = "PBXNativeTarget";
         buildConfigurationList = "OBJ_299";
         buildPhases = (
            "OBJ_302",
            "OBJ_308"
         );
         dependencies = (
         );
         name = "StringScanner";
         productName = "StringScanner";
         productReference = "StringScanner::StringScanner::Product";
         productType = "com.apple.product-type.framework";
      };
      "StringScanner::StringScanner::Product" = {
         isa = "PBXFileReference";
         path = "StringScanner.framework";
         sourceTree = "BUILT_PRODUCTS_DIR";
      };
      "StringScanner::SwiftPMPackageDescription" = {
         isa = "PBXNativeTarget";
         buildConfigurationList = "OBJ_310";
         buildPhases = (
            "OBJ_313"
         );
         dependencies = (
         );
         name = "StringScannerPackageDescription";
         productName = "StringScannerPackageDescription";
         productType = "com.apple.product-type.framework";
      };
      "xcbeautify::SwiftPMPackageDescription" = {
         isa = "PBXNativeTarget";
         buildConfigurationList = "OBJ_339";
         buildPhases = (
            "OBJ_342"
         );
         dependencies = (
         );
         name = "xcbeautifyPackageDescription";
         productName = "xcbeautifyPackageDescription";
         productType = "com.apple.product-type.framework";
      };
      "xcbeautify::XcbeautifyLib" = {
         isa = "PBXNativeTarget";
         buildConfigurationList = "OBJ_315";
         buildPhases = (
            "OBJ_318",
            "OBJ_331"
         );
         dependencies = (
            "OBJ_335",
            "OBJ_336",
            "OBJ_337"
         );
         name = "XcbeautifyLib";
         productName = "XcbeautifyLib";
         productReference = "xcbeautify::XcbeautifyLib::Product";
         productType = "com.apple.product-type.framework";
      };
      "xcbeautify::XcbeautifyLib::Product" = {
         isa = "PBXFileReference";
         path = "XcbeautifyLib.framework";
         sourceTree = "BUILT_PRODUCTS_DIR";
      };
   };
   rootObject = "OBJ_1";
}
