// !$*UTF8*$!
{
	archiveVersion = 1;
	classes = {
	};
	objectVersion = 46;
	objects = {

/* Begin PBXAggregateTarget section */
		"Puma::PumaPackageTests::ProductTarget" /* PumaPackageTests */ = {
			isa = PBXAggregateTarget;
			buildConfigurationList = OBJ_259 /* Build configuration list for PBXAggregateTarget "PumaPackageTests" */;
			buildPhases = (
			);
			dependencies = (
				OBJ_262 /* PBXTargetDependency */,
			);
			name = PumaPackageTests;
			productName = PumaPackageTests;
		};
/* End PBXAggregateTarget section */

/* Begin PBXBuildFile section */
		OBJ_139 /* Colorizer.swift in Sources */ = {isa = PBXBuildFile; fileRef = OBJ_75 /* Colorizer.swift */; };
		OBJ_140 /* StringBackgroundColorizer.swift in Sources */ = {isa = PBXBuildFile; fileRef = OBJ_76 /* StringBackgroundColorizer.swift */; };
		OBJ_141 /* StringForegroundColorizer.swift in Sources */ = {isa = PBXBuildFile; fileRef = OBJ_77 /* StringForegroundColorizer.swift */; };
		OBJ_142 /* StringStyle.swift in Sources */ = {isa = PBXBuildFile; fileRef = OBJ_78 /* StringStyle.swift */; };
		OBJ_143 /* StringStyleColorizer.swift in Sources */ = {isa = PBXBuildFile; fileRef = OBJ_79 /* StringStyleColorizer.swift */; };
		OBJ_150 /* Package.swift in Sources */ = {isa = PBXBuildFile; fileRef = OBJ_80 /* Package.swift */; };
		OBJ_156 /* Files.swift in Sources */ = {isa = PBXBuildFile; fileRef = OBJ_56 /* Files.swift */; };
		OBJ_163 /* Package.swift in Sources */ = {isa = PBXBuildFile; fileRef = OBJ_55 /* Package.swift */; };
		OBJ_169 /* Command+Execution.swift in Sources */ = {isa = PBXBuildFile; fileRef = OBJ_84 /* Command+Execution.swift */; };
		OBJ_170 /* Command+Utilities.swift in Sources */ = {isa = PBXBuildFile; fileRef = OBJ_85 /* Command+Utilities.swift */; };
		OBJ_171 /* Command.swift in Sources */ = {isa = PBXBuildFile; fileRef = OBJ_86 /* Command.swift */; };
		OBJ_172 /* CommandTypes.swift in Sources */ = {isa = PBXBuildFile; fileRef = OBJ_87 /* CommandTypes.swift */; };
		OBJ_173 /* CommandExecution.swift in Sources */ = {isa = PBXBuildFile; fileRef = OBJ_89 /* CommandExecution.swift */; };
		OBJ_174 /* Flag+Utilities.swift in Sources */ = {isa = PBXBuildFile; fileRef = OBJ_91 /* Flag+Utilities.swift */; };
		OBJ_175 /* Flag.swift in Sources */ = {isa = PBXBuildFile; fileRef = OBJ_92 /* Flag.swift */; };
		OBJ_176 /* FlagSet.swift in Sources */ = {isa = PBXBuildFile; fileRef = OBJ_93 /* FlagSet.swift */; };
		OBJ_177 /* Flags.swift in Sources */ = {isa = PBXBuildFile; fileRef = OBJ_94 /* Flags.swift */; };
		OBJ_178 /* CommandHelp.swift in Sources */ = {isa = PBXBuildFile; fileRef = OBJ_96 /* CommandHelp.swift */; };
		OBJ_179 /* DefaultHelpGenerator.swift in Sources */ = {isa = PBXBuildFile; fileRef = OBJ_97 /* DefaultHelpGenerator.swift */; };
		OBJ_180 /* FlagHelp.swift in Sources */ = {isa = PBXBuildFile; fileRef = OBJ_98 /* FlagHelp.swift */; };
		OBJ_181 /* FlagHelpGeneratorUtils.swift in Sources */ = {isa = PBXBuildFile; fileRef = OBJ_99 /* FlagHelpGeneratorUtils.swift */; };
		OBJ_182 /* HelpGenerator.swift in Sources */ = {isa = PBXBuildFile; fileRef = OBJ_100 /* HelpGenerator.swift */; };
		OBJ_183 /* HelpGeneratorDefaults.swift in Sources */ = {isa = PBXBuildFile; fileRef = OBJ_101 /* HelpGeneratorDefaults.swift */; };
		OBJ_184 /* HelpGeneratorErrors.swift in Sources */ = {isa = PBXBuildFile; fileRef = OBJ_102 /* HelpGeneratorErrors.swift */; };
		OBJ_185 /* GuakaConfig.swift in Sources */ = {isa = PBXBuildFile; fileRef = OBJ_104 /* GuakaConfig.swift */; };
		OBJ_186 /* Levenshtein.swift in Sources */ = {isa = PBXBuildFile; fileRef = OBJ_105 /* Levenshtein.swift */; };
		OBJ_187 /* ArgTokenType.swift in Sources */ = {isa = PBXBuildFile; fileRef = OBJ_107 /* ArgTokenType.swift */; };
		OBJ_188 /* Command+Parsing.swift in Sources */ = {isa = PBXBuildFile; fileRef = OBJ_108 /* Command+Parsing.swift */; };
		OBJ_189 /* FlagSet+Parsing.swift in Sources */ = {isa = PBXBuildFile; fileRef = OBJ_109 /* FlagSet+Parsing.swift */; };
		OBJ_190 /* Errors.swift in Sources */ = {isa = PBXBuildFile; fileRef = OBJ_111 /* Errors.swift */; };
		OBJ_191 /* FlagValue.swift in Sources */ = {isa = PBXBuildFile; fileRef = OBJ_112 /* FlagValue.swift */; };
		OBJ_192 /* Result.swift in Sources */ = {isa = PBXBuildFile; fileRef = OBJ_113 /* Result.swift */; };
		OBJ_194 /* StringScanner.framework in Frameworks */ = {isa = PBXBuildFile; fileRef = "StringScanner::StringScanner::Product" /* StringScanner.framework */; };
		OBJ_202 /* Package.swift in Sources */ = {isa = PBXBuildFile; fileRef = OBJ_114 /* Package.swift */; };
		OBJ_208 /* android.swift in Sources */ = {isa = PBXBuildFile; fileRef = OBJ_10 /* android.swift */; };
		OBJ_209 /* AfterSummarizer.swift in Sources */ = {isa = PBXBuildFile; fileRef = OBJ_12 /* AfterSummarizer.swift */; };
		OBJ_210 /* BeforeSummarizer.swift in Sources */ = {isa = PBXBuildFile; fileRef = OBJ_13 /* BeforeSummarizer.swift */; };
		OBJ_212 /* TaskBuiler.swift in Sources */ = {isa = PBXBuildFile; fileRef = OBJ_16 /* TaskBuiler.swift */; };
		OBJ_213 /* Command.swift in Sources */ = {isa = PBXBuildFile; fileRef = OBJ_17 /* Command.swift */; };
		OBJ_214 /* Data+Extensions.swift in Sources */ = {isa = PBXBuildFile; fileRef = OBJ_18 /* Data+Extensions.swift */; };
		OBJ_215 /* Dictionary+Extensions.swift in Sources */ = {isa = PBXBuildFile; fileRef = OBJ_19 /* Dictionary+Extensions.swift */; };
		OBJ_217 /* Log.swift in Sources */ = {isa = PBXBuildFile; fileRef = OBJ_21 /* Log.swift */; };
		OBJ_218 /* Process.swift in Sources */ = {isa = PBXBuildFile; fileRef = OBJ_22 /* Process.swift */; };
		OBJ_219 /* ProcessHandler.swift in Sources */ = {isa = PBXBuildFile; fileRef = OBJ_23 /* ProcessHandler.swift */; };
		OBJ_220 /* PumaError.swift in Sources */ = {isa = PBXBuildFile; fileRef = OBJ_24 /* PumaError.swift */; };
		OBJ_221 /* String+Extensions.swift in Sources */ = {isa = PBXBuildFile; fileRef = OBJ_25 /* String+Extensions.swift */; };
		OBJ_222 /* Task.swift in Sources */ = {isa = PBXBuildFile; fileRef = OBJ_26 /* Task.swift */; };
		OBJ_223 /* Puma.swift in Sources */ = {isa = PBXBuildFile; fileRef = OBJ_27 /* Puma.swift */; };
		OBJ_224 /* ArchiveTask.swift in Sources */ = {isa = PBXBuildFile; fileRef = OBJ_30 /* ArchiveTask.swift */; };
		OBJ_225 /* BuildTask.swift in Sources */ = {isa = PBXBuildFile; fileRef = OBJ_31 /* BuildTask.swift */; };
		OBJ_226 /* ExportArchiveTask.swift in Sources */ = {isa = PBXBuildFile; fileRef = OBJ_32 /* ExportArchiveTask.swift */; };
		OBJ_227 /* IncreaseBuildNumberTask.swift in Sources */ = {isa = PBXBuildFile; fileRef = OBJ_33 /* IncreaseBuildNumberTask.swift */; };
		OBJ_228 /* SetBuildNumberTask.swift in Sources */ = {isa = PBXBuildFile; fileRef = OBJ_34 /* SetBuildNumberTask.swift */; };
		OBJ_229 /* SetVersionNumberTask.swift in Sources */ = {isa = PBXBuildFile; fileRef = OBJ_35 /* SetVersionNumberTask.swift */; };
		OBJ_230 /* TestTask.swift in Sources */ = {isa = PBXBuildFile; fileRef = OBJ_36 /* TestTask.swift */; };
		OBJ_231 /* Configuration.swift in Sources */ = {isa = PBXBuildFile; fileRef = OBJ_38 /* Configuration.swift */; };
		OBJ_232 /* Destination.swift in Sources */ = {isa = PBXBuildFile; fileRef = OBJ_39 /* Destination.swift */; };
		OBJ_233 /* ExportMethod.swift in Sources */ = {isa = PBXBuildFile; fileRef = OBJ_40 /* ExportMethod.swift */; };
		OBJ_234 /* OptionFactory.swift in Sources */ = {isa = PBXBuildFile; fileRef = OBJ_41 /* OptionFactory.swift */; };
		OBJ_235 /* Sdk.swift in Sources */ = {isa = PBXBuildFile; fileRef = OBJ_42 /* Sdk.swift */; };
		OBJ_236 /* Signing.swift in Sources */ = {isa = PBXBuildFile; fileRef = OBJ_43 /* Signing.swift */; };
		OBJ_237 /* Validator.swift in Sources */ = {isa = PBXBuildFile; fileRef = OBJ_44 /* Validator.swift */; };
		OBJ_238 /* Xcodebuild.swift in Sources */ = {isa = PBXBuildFile; fileRef = OBJ_45 /* Xcodebuild.swift */; };
		OBJ_239 /* utils.swift in Sources */ = {isa = PBXBuildFile; fileRef = OBJ_46 /* utils.swift */; };
		OBJ_241 /* Files.framework in Frameworks */ = {isa = PBXBuildFile; fileRef = "Files::Files::Product" /* Files.framework */; };
		OBJ_242 /* XcbeautifyLib.framework in Frameworks */ = {isa = PBXBuildFile; fileRef = "xcbeautify::XcbeautifyLib::Product" /* XcbeautifyLib.framework */; };
		OBJ_243 /* Colorizer.framework in Frameworks */ = {isa = PBXBuildFile; fileRef = "Colorizer::Colorizer::Product" /* Colorizer.framework */; };
		OBJ_244 /* Guaka.framework in Frameworks */ = {isa = PBXBuildFile; fileRef = "Guaka::Guaka::Product" /* Guaka.framework */; };
		OBJ_245 /* StringScanner.framework in Frameworks */ = {isa = PBXBuildFile; fileRef = "StringScanner::StringScanner::Product" /* StringScanner.framework */; };
		OBJ_257 /* Package.swift in Sources */ = {isa = PBXBuildFile; fileRef = OBJ_6 /* Package.swift */; };
		OBJ_269 /* main.swift in Sources */ = {isa = PBXBuildFile; fileRef = OBJ_48 /* main.swift */; };
		OBJ_271 /* Puma.framework in Frameworks */ = {isa = PBXBuildFile; fileRef = "Puma::Puma::Product" /* Puma.framework */; };
		OBJ_272 /* Files.framework in Frameworks */ = {isa = PBXBuildFile; fileRef = "Files::Files::Product" /* Files.framework */; };
		OBJ_273 /* XcbeautifyLib.framework in Frameworks */ = {isa = PBXBuildFile; fileRef = "xcbeautify::XcbeautifyLib::Product" /* XcbeautifyLib.framework */; };
		OBJ_274 /* Colorizer.framework in Frameworks */ = {isa = PBXBuildFile; fileRef = "Colorizer::Colorizer::Product" /* Colorizer.framework */; };
		OBJ_275 /* Guaka.framework in Frameworks */ = {isa = PBXBuildFile; fileRef = "Guaka::Guaka::Product" /* Guaka.framework */; };
		OBJ_276 /* StringScanner.framework in Frameworks */ = {isa = PBXBuildFile; fileRef = "StringScanner::StringScanner::Product" /* StringScanner.framework */; };
		OBJ_287 /* PumaTests.swift in Sources */ = {isa = PBXBuildFile; fileRef = OBJ_51 /* PumaTests.swift */; };
		OBJ_288 /* XCTestManifests.swift in Sources */ = {isa = PBXBuildFile; fileRef = OBJ_52 /* XCTestManifests.swift */; };
		OBJ_290 /* Puma.framework in Frameworks */ = {isa = PBXBuildFile; fileRef = "Puma::Puma::Product" /* Puma.framework */; };
		OBJ_291 /* Files.framework in Frameworks */ = {isa = PBXBuildFile; fileRef = "Files::Files::Product" /* Files.framework */; };
		OBJ_292 /* XcbeautifyLib.framework in Frameworks */ = {isa = PBXBuildFile; fileRef = "xcbeautify::XcbeautifyLib::Product" /* XcbeautifyLib.framework */; };
		OBJ_293 /* Colorizer.framework in Frameworks */ = {isa = PBXBuildFile; fileRef = "Colorizer::Colorizer::Product" /* Colorizer.framework */; };
		OBJ_294 /* Guaka.framework in Frameworks */ = {isa = PBXBuildFile; fileRef = "Guaka::Guaka::Product" /* Guaka.framework */; };
		OBJ_295 /* StringScanner.framework in Frameworks */ = {isa = PBXBuildFile; fileRef = "StringScanner::StringScanner::Product" /* StringScanner.framework */; };
		OBJ_306 /* CharacterSet.swift in Sources */ = {isa = PBXBuildFile; fileRef = OBJ_117 /* CharacterSet.swift */; };
		OBJ_307 /* Regex.swift in Sources */ = {isa = PBXBuildFile; fileRef = OBJ_118 /* Regex.swift */; };
		OBJ_308 /* ScannerResult.swift in Sources */ = {isa = PBXBuildFile; fileRef = OBJ_119 /* ScannerResult.swift */; };
		OBJ_309 /* StringExtension.swift in Sources */ = {isa = PBXBuildFile; fileRef = OBJ_120 /* StringExtension.swift */; };
		OBJ_310 /* StringScanner.swift in Sources */ = {isa = PBXBuildFile; fileRef = OBJ_121 /* StringScanner.swift */; };
		OBJ_317 /* Package.swift in Sources */ = {isa = PBXBuildFile; fileRef = OBJ_122 /* Package.swift */; };
		OBJ_322 /* Constants.swift in Sources */ = {isa = PBXBuildFile; fileRef = OBJ_59 /* Constants.swift */; };
		OBJ_323 /* Matchable.swift in Sources */ = {isa = PBXBuildFile; fileRef = OBJ_60 /* Matchable.swift */; };
		OBJ_324 /* Matcher.swift in Sources */ = {isa = PBXBuildFile; fileRef = OBJ_61 /* Matcher.swift */; };
		OBJ_325 /* Parser.swift in Sources */ = {isa = PBXBuildFile; fileRef = OBJ_62 /* Parser.swift */; };
		OBJ_326 /* Pattern.swift in Sources */ = {isa = PBXBuildFile; fileRef = OBJ_63 /* Pattern.swift */; };
		OBJ_327 /* Pattern@swift-4.swift in Sources */ = {isa = PBXBuildFile; fileRef = OBJ_64 /* Pattern@swift-4.swift */; };
		OBJ_328 /* Regex.swift in Sources */ = {isa = PBXBuildFile; fileRef = OBJ_65 /* Regex.swift */; };
		OBJ_329 /* String+Beautify.swift in Sources */ = {isa = PBXBuildFile; fileRef = OBJ_66 /* String+Beautify.swift */; };
		OBJ_330 /* String+CapturedGroups.swift in Sources */ = {isa = PBXBuildFile; fileRef = OBJ_67 /* String+CapturedGroups.swift */; };
		OBJ_331 /* String+Matchable.swift in Sources */ = {isa = PBXBuildFile; fileRef = OBJ_68 /* String+Matchable.swift */; };
		OBJ_332 /* String+Substring.swift in Sources */ = {isa = PBXBuildFile; fileRef = OBJ_69 /* String+Substring.swift */; };
		OBJ_333 /* TestSummary.swift in Sources */ = {isa = PBXBuildFile; fileRef = OBJ_70 /* TestSummary.swift */; };
		OBJ_335 /* Colorizer.framework in Frameworks */ = {isa = PBXBuildFile; fileRef = "Colorizer::Colorizer::Product" /* Colorizer.framework */; };
		OBJ_336 /* Guaka.framework in Frameworks */ = {isa = PBXBuildFile; fileRef = "Guaka::Guaka::Product" /* Guaka.framework */; };
		OBJ_337 /* StringScanner.framework in Frameworks */ = {isa = PBXBuildFile; fileRef = "StringScanner::StringScanner::Product" /* StringScanner.framework */; };
		OBJ_346 /* Package.swift in Sources */ = {isa = PBXBuildFile; fileRef = OBJ_72 /* Package.swift */; };
/* End PBXBuildFile section */

/* Begin PBXContainerItemProxy section */
		D2DD5BDF2309F1CB00EDB7AC /* PBXContainerItemProxy */ = {
			isa = PBXContainerItemProxy;
			containerPortal = OBJ_1 /* Project object */;
			proxyType = 1;
			remoteGlobalIDString = "Files::Files";
			remoteInfo = Files;
		};
		D2DD5BE02309F1CB00EDB7AC /* PBXContainerItemProxy */ = {
			isa = PBXContainerItemProxy;
			containerPortal = OBJ_1 /* Project object */;
			proxyType = 1;
			remoteGlobalIDString = "xcbeautify::XcbeautifyLib";
			remoteInfo = XcbeautifyLib;
		};
		D2DD5BE12309F1CB00EDB7AC /* PBXContainerItemProxy */ = {
			isa = PBXContainerItemProxy;
			containerPortal = OBJ_1 /* Project object */;
			proxyType = 1;
			remoteGlobalIDString = "Colorizer::Colorizer";
			remoteInfo = Colorizer;
		};
		D2DD5BE22309F1CB00EDB7AC /* PBXContainerItemProxy */ = {
			isa = PBXContainerItemProxy;
			containerPortal = OBJ_1 /* Project object */;
			proxyType = 1;
			remoteGlobalIDString = "Guaka::Guaka";
			remoteInfo = Guaka;
		};
		D2DD5BE32309F1CB00EDB7AC /* PBXContainerItemProxy */ = {
			isa = PBXContainerItemProxy;
			containerPortal = OBJ_1 /* Project object */;
			proxyType = 1;
			remoteGlobalIDString = "StringScanner::StringScanner";
			remoteInfo = StringScanner;
		};
		D2DD5BE42309F1CB00EDB7AC /* PBXContainerItemProxy */ = {
			isa = PBXContainerItemProxy;
			containerPortal = OBJ_1 /* Project object */;
			proxyType = 1;
			remoteGlobalIDString = "StringScanner::StringScanner";
			remoteInfo = StringScanner;
		};
		D2DD5BE52309F1CB00EDB7AC /* PBXContainerItemProxy */ = {
			isa = PBXContainerItemProxy;
			containerPortal = OBJ_1 /* Project object */;
			proxyType = 1;
			remoteGlobalIDString = "Colorizer::Colorizer";
			remoteInfo = Colorizer;
		};
		D2DD5BE62309F1CB00EDB7AC /* PBXContainerItemProxy */ = {
			isa = PBXContainerItemProxy;
			containerPortal = OBJ_1 /* Project object */;
			proxyType = 1;
			remoteGlobalIDString = "Guaka::Guaka";
			remoteInfo = Guaka;
		};
		D2DD5BE72309F1CB00EDB7AC /* PBXContainerItemProxy */ = {
			isa = PBXContainerItemProxy;
			containerPortal = OBJ_1 /* Project object */;
			proxyType = 1;
			remoteGlobalIDString = "StringScanner::StringScanner";
			remoteInfo = StringScanner;
		};
		D2DD5BE82309F1CB00EDB7AC /* PBXContainerItemProxy */ = {
			isa = PBXContainerItemProxy;
			containerPortal = OBJ_1 /* Project object */;
			proxyType = 1;
			remoteGlobalIDString = "Puma::Puma";
			remoteInfo = Puma;
		};
		D2DD5BE92309F1CB00EDB7AC /* PBXContainerItemProxy */ = {
			isa = PBXContainerItemProxy;
			containerPortal = OBJ_1 /* Project object */;
			proxyType = 1;
			remoteGlobalIDString = "Files::Files";
			remoteInfo = Files;
		};
		D2DD5BEA2309F1CB00EDB7AC /* PBXContainerItemProxy */ = {
			isa = PBXContainerItemProxy;
			containerPortal = OBJ_1 /* Project object */;
			proxyType = 1;
			remoteGlobalIDString = "xcbeautify::XcbeautifyLib";
			remoteInfo = XcbeautifyLib;
		};
		D2DD5BEB2309F1CB00EDB7AC /* PBXContainerItemProxy */ = {
			isa = PBXContainerItemProxy;
			containerPortal = OBJ_1 /* Project object */;
			proxyType = 1;
			remoteGlobalIDString = "Colorizer::Colorizer";
			remoteInfo = Colorizer;
		};
		D2DD5BEC2309F1CB00EDB7AC /* PBXContainerItemProxy */ = {
			isa = PBXContainerItemProxy;
			containerPortal = OBJ_1 /* Project object */;
			proxyType = 1;
			remoteGlobalIDString = "Guaka::Guaka";
			remoteInfo = Guaka;
		};
		D2DD5BED2309F1CB00EDB7AC /* PBXContainerItemProxy */ = {
			isa = PBXContainerItemProxy;
			containerPortal = OBJ_1 /* Project object */;
			proxyType = 1;
			remoteGlobalIDString = "StringScanner::StringScanner";
			remoteInfo = StringScanner;
		};
		D2DD5BEE2309F1CC00EDB7AC /* PBXContainerItemProxy */ = {
			isa = PBXContainerItemProxy;
			containerPortal = OBJ_1 /* Project object */;
			proxyType = 1;
			remoteGlobalIDString = "Puma::Puma";
			remoteInfo = Puma;
		};
		D2DD5BEF2309F1CC00EDB7AC /* PBXContainerItemProxy */ = {
			isa = PBXContainerItemProxy;
			containerPortal = OBJ_1 /* Project object */;
			proxyType = 1;
			remoteGlobalIDString = "Files::Files";
			remoteInfo = Files;
		};
		D2DD5BF02309F1CC00EDB7AC /* PBXContainerItemProxy */ = {
			isa = PBXContainerItemProxy;
			containerPortal = OBJ_1 /* Project object */;
			proxyType = 1;
			remoteGlobalIDString = "xcbeautify::XcbeautifyLib";
			remoteInfo = XcbeautifyLib;
		};
		D2DD5BF12309F1CC00EDB7AC /* PBXContainerItemProxy */ = {
			isa = PBXContainerItemProxy;
			containerPortal = OBJ_1 /* Project object */;
			proxyType = 1;
			remoteGlobalIDString = "Colorizer::Colorizer";
			remoteInfo = Colorizer;
		};
		D2DD5BF22309F1CC00EDB7AC /* PBXContainerItemProxy */ = {
			isa = PBXContainerItemProxy;
			containerPortal = OBJ_1 /* Project object */;
			proxyType = 1;
			remoteGlobalIDString = "Guaka::Guaka";
			remoteInfo = Guaka;
		};
		D2DD5BF32309F1CC00EDB7AC /* PBXContainerItemProxy */ = {
			isa = PBXContainerItemProxy;
			containerPortal = OBJ_1 /* Project object */;
			proxyType = 1;
			remoteGlobalIDString = "StringScanner::StringScanner";
			remoteInfo = StringScanner;
		};
		D2DD5BF42309F1CD00EDB7AC /* PBXContainerItemProxy */ = {
			isa = PBXContainerItemProxy;
			containerPortal = OBJ_1 /* Project object */;
			proxyType = 1;
			remoteGlobalIDString = "Puma::PumaTests";
			remoteInfo = PumaTests;
		};
/* End PBXContainerItemProxy section */

/* Begin PBXFileReference section */
		"Colorizer::Colorizer::Product" /* Colorizer.framework */ = {isa = PBXFileReference; lastKnownFileType = wrapper.framework; path = Colorizer.framework; sourceTree = BUILT_PRODUCTS_DIR; };
		"Files::Files::Product" /* Files.framework */ = {isa = PBXFileReference; lastKnownFileType = wrapper.framework; path = Files.framework; sourceTree = BUILT_PRODUCTS_DIR; };
		"Guaka::Guaka::Product" /* Guaka.framework */ = {isa = PBXFileReference; lastKnownFileType = wrapper.framework; path = Guaka.framework; sourceTree = BUILT_PRODUCTS_DIR; };
		OBJ_10 /* android.swift */ = {isa = PBXFileReference; lastKnownFileType = sourcecode.swift; path = android.swift; sourceTree = "<group>"; };
		OBJ_100 /* HelpGenerator.swift */ = {isa = PBXFileReference; lastKnownFileType = sourcecode.swift; path = HelpGenerator.swift; sourceTree = "<group>"; };
		OBJ_101 /* HelpGeneratorDefaults.swift */ = {isa = PBXFileReference; lastKnownFileType = sourcecode.swift; path = HelpGeneratorDefaults.swift; sourceTree = "<group>"; };
		OBJ_102 /* HelpGeneratorErrors.swift */ = {isa = PBXFileReference; lastKnownFileType = sourcecode.swift; path = HelpGeneratorErrors.swift; sourceTree = "<group>"; };
		OBJ_104 /* GuakaConfig.swift */ = {isa = PBXFileReference; lastKnownFileType = sourcecode.swift; path = GuakaConfig.swift; sourceTree = "<group>"; };
		OBJ_105 /* Levenshtein.swift */ = {isa = PBXFileReference; lastKnownFileType = sourcecode.swift; path = Levenshtein.swift; sourceTree = "<group>"; };
		OBJ_107 /* ArgTokenType.swift */ = {isa = PBXFileReference; lastKnownFileType = sourcecode.swift; path = ArgTokenType.swift; sourceTree = "<group>"; };
		OBJ_108 /* Command+Parsing.swift */ = {isa = PBXFileReference; lastKnownFileType = sourcecode.swift; path = "Command+Parsing.swift"; sourceTree = "<group>"; };
		OBJ_109 /* FlagSet+Parsing.swift */ = {isa = PBXFileReference; lastKnownFileType = sourcecode.swift; path = "FlagSet+Parsing.swift"; sourceTree = "<group>"; };
		OBJ_111 /* Errors.swift */ = {isa = PBXFileReference; lastKnownFileType = sourcecode.swift; path = Errors.swift; sourceTree = "<group>"; };
		OBJ_112 /* FlagValue.swift */ = {isa = PBXFileReference; lastKnownFileType = sourcecode.swift; path = FlagValue.swift; sourceTree = "<group>"; };
		OBJ_113 /* Result.swift */ = {isa = PBXFileReference; lastKnownFileType = sourcecode.swift; path = Result.swift; sourceTree = "<group>"; };
		OBJ_114 /* Package.swift */ = {isa = PBXFileReference; explicitFileType = sourcecode.swift; name = Package.swift; path = /Users/khoa/XcodeProject2/puma/.build/checkouts/Guaka/Package.swift; sourceTree = "<group>"; };
		OBJ_117 /* CharacterSet.swift */ = {isa = PBXFileReference; lastKnownFileType = sourcecode.swift; path = CharacterSet.swift; sourceTree = "<group>"; };
		OBJ_118 /* Regex.swift */ = {isa = PBXFileReference; lastKnownFileType = sourcecode.swift; path = Regex.swift; sourceTree = "<group>"; };
		OBJ_119 /* ScannerResult.swift */ = {isa = PBXFileReference; lastKnownFileType = sourcecode.swift; path = ScannerResult.swift; sourceTree = "<group>"; };
		OBJ_12 /* AfterSummarizer.swift */ = {isa = PBXFileReference; lastKnownFileType = sourcecode.swift; path = AfterSummarizer.swift; sourceTree = "<group>"; };
		OBJ_120 /* StringExtension.swift */ = {isa = PBXFileReference; lastKnownFileType = sourcecode.swift; path = StringExtension.swift; sourceTree = "<group>"; };
		OBJ_121 /* StringScanner.swift */ = {isa = PBXFileReference; lastKnownFileType = sourcecode.swift; path = StringScanner.swift; sourceTree = "<group>"; };
		OBJ_122 /* Package.swift */ = {isa = PBXFileReference; explicitFileType = sourcecode.swift; name = Package.swift; path = /Users/khoa/XcodeProject2/puma/.build/checkouts/StringScanner/Package.swift; sourceTree = "<group>"; };
		OBJ_13 /* BeforeSummarizer.swift */ = {isa = PBXFileReference; lastKnownFileType = sourcecode.swift; path = BeforeSummarizer.swift; sourceTree = "<group>"; };
		OBJ_132 /* DerivedData */ = {isa = PBXFileReference; lastKnownFileType = folder; path = DerivedData; sourceTree = SOURCE_ROOT; };
		OBJ_133 /* README.md */ = {isa = PBXFileReference; lastKnownFileType = net.daringfireball.markdown; path = README.md; sourceTree = "<group>"; };
		OBJ_16 /* TaskBuiler.swift */ = {isa = PBXFileReference; lastKnownFileType = sourcecode.swift; path = TaskBuiler.swift; sourceTree = "<group>"; };
		OBJ_17 /* Command.swift */ = {isa = PBXFileReference; lastKnownFileType = sourcecode.swift; path = Command.swift; sourceTree = "<group>"; };
		OBJ_18 /* Data+Extensions.swift */ = {isa = PBXFileReference; lastKnownFileType = sourcecode.swift; path = "Data+Extensions.swift"; sourceTree = "<group>"; };
		OBJ_19 /* Dictionary+Extensions.swift */ = {isa = PBXFileReference; lastKnownFileType = sourcecode.swift; path = "Dictionary+Extensions.swift"; sourceTree = "<group>"; };
		OBJ_21 /* Log.swift */ = {isa = PBXFileReference; lastKnownFileType = sourcecode.swift; path = Log.swift; sourceTree = "<group>"; };
		OBJ_22 /* Process.swift */ = {isa = PBXFileReference; lastKnownFileType = sourcecode.swift; path = Process.swift; sourceTree = "<group>"; };
		OBJ_23 /* ProcessHandler.swift */ = {isa = PBXFileReference; lastKnownFileType = sourcecode.swift; path = ProcessHandler.swift; sourceTree = "<group>"; };
		OBJ_24 /* PumaError.swift */ = {isa = PBXFileReference; lastKnownFileType = sourcecode.swift; path = PumaError.swift; sourceTree = "<group>"; };
		OBJ_25 /* String+Extensions.swift */ = {isa = PBXFileReference; lastKnownFileType = sourcecode.swift; path = "String+Extensions.swift"; sourceTree = "<group>"; };
		OBJ_26 /* Task.swift */ = {isa = PBXFileReference; lastKnownFileType = sourcecode.swift; path = Task.swift; sourceTree = "<group>"; };
		OBJ_27 /* Puma.swift */ = {isa = PBXFileReference; lastKnownFileType = sourcecode.swift; path = Puma.swift; sourceTree = "<group>"; };
		OBJ_30 /* ArchiveTask.swift */ = {isa = PBXFileReference; lastKnownFileType = sourcecode.swift; path = ArchiveTask.swift; sourceTree = "<group>"; };
		OBJ_31 /* BuildTask.swift */ = {isa = PBXFileReference; lastKnownFileType = sourcecode.swift; path = BuildTask.swift; sourceTree = "<group>"; };
		OBJ_32 /* ExportArchiveTask.swift */ = {isa = PBXFileReference; lastKnownFileType = sourcecode.swift; path = ExportArchiveTask.swift; sourceTree = "<group>"; };
		OBJ_33 /* IncreaseBuildNumberTask.swift */ = {isa = PBXFileReference; lastKnownFileType = sourcecode.swift; path = IncreaseBuildNumberTask.swift; sourceTree = "<group>"; };
		OBJ_34 /* SetBuildNumberTask.swift */ = {isa = PBXFileReference; lastKnownFileType = sourcecode.swift; path = SetBuildNumberTask.swift; sourceTree = "<group>"; };
		OBJ_35 /* SetVersionNumberTask.swift */ = {isa = PBXFileReference; lastKnownFileType = sourcecode.swift; path = SetVersionNumberTask.swift; sourceTree = "<group>"; };
		OBJ_36 /* TestTask.swift */ = {isa = PBXFileReference; lastKnownFileType = sourcecode.swift; path = TestTask.swift; sourceTree = "<group>"; };
		OBJ_38 /* Configuration.swift */ = {isa = PBXFileReference; lastKnownFileType = sourcecode.swift; path = Configuration.swift; sourceTree = "<group>"; };
		OBJ_39 /* Destination.swift */ = {isa = PBXFileReference; lastKnownFileType = sourcecode.swift; path = Destination.swift; sourceTree = "<group>"; };
		OBJ_40 /* ExportMethod.swift */ = {isa = PBXFileReference; lastKnownFileType = sourcecode.swift; path = ExportMethod.swift; sourceTree = "<group>"; };
		OBJ_41 /* OptionFactory.swift */ = {isa = PBXFileReference; lastKnownFileType = sourcecode.swift; path = OptionFactory.swift; sourceTree = "<group>"; };
		OBJ_42 /* Sdk.swift */ = {isa = PBXFileReference; lastKnownFileType = sourcecode.swift; path = Sdk.swift; sourceTree = "<group>"; };
		OBJ_43 /* Signing.swift */ = {isa = PBXFileReference; lastKnownFileType = sourcecode.swift; path = Signing.swift; sourceTree = "<group>"; };
		OBJ_44 /* Validator.swift */ = {isa = PBXFileReference; lastKnownFileType = sourcecode.swift; path = Validator.swift; sourceTree = "<group>"; };
		OBJ_45 /* Xcodebuild.swift */ = {isa = PBXFileReference; lastKnownFileType = sourcecode.swift; path = Xcodebuild.swift; sourceTree = "<group>"; };
		OBJ_46 /* utils.swift */ = {isa = PBXFileReference; lastKnownFileType = sourcecode.swift; path = utils.swift; sourceTree = "<group>"; };
		OBJ_48 /* main.swift */ = {isa = PBXFileReference; lastKnownFileType = sourcecode.swift; path = main.swift; sourceTree = "<group>"; };
		OBJ_51 /* PumaTests.swift */ = {isa = PBXFileReference; lastKnownFileType = sourcecode.swift; path = PumaTests.swift; sourceTree = "<group>"; };
		OBJ_52 /* XCTestManifests.swift */ = {isa = PBXFileReference; lastKnownFileType = sourcecode.swift; path = XCTestManifests.swift; sourceTree = "<group>"; };
		OBJ_55 /* Package.swift */ = {isa = PBXFileReference; explicitFileType = sourcecode.swift; name = Package.swift; path = /Users/khoa/XcodeProject2/puma/.build/checkouts/Files/Package.swift; sourceTree = "<group>"; };
		OBJ_56 /* Files.swift */ = {isa = PBXFileReference; lastKnownFileType = sourcecode.swift; path = Files.swift; sourceTree = "<group>"; };
		OBJ_59 /* Constants.swift */ = {isa = PBXFileReference; lastKnownFileType = sourcecode.swift; path = Constants.swift; sourceTree = "<group>"; };
		OBJ_6 /* Package.swift */ = {isa = PBXFileReference; explicitFileType = sourcecode.swift; path = Package.swift; sourceTree = "<group>"; };
		OBJ_60 /* Matchable.swift */ = {isa = PBXFileReference; lastKnownFileType = sourcecode.swift; path = Matchable.swift; sourceTree = "<group>"; };
		OBJ_61 /* Matcher.swift */ = {isa = PBXFileReference; lastKnownFileType = sourcecode.swift; path = Matcher.swift; sourceTree = "<group>"; };
		OBJ_62 /* Parser.swift */ = {isa = PBXFileReference; lastKnownFileType = sourcecode.swift; path = Parser.swift; sourceTree = "<group>"; };
		OBJ_63 /* Pattern.swift */ = {isa = PBXFileReference; lastKnownFileType = sourcecode.swift; path = Pattern.swift; sourceTree = "<group>"; };
		OBJ_64 /* Pattern@swift-4.swift */ = {isa = PBXFileReference; lastKnownFileType = sourcecode.swift; path = "Pattern@swift-4.swift"; sourceTree = "<group>"; };
		OBJ_65 /* Regex.swift */ = {isa = PBXFileReference; lastKnownFileType = sourcecode.swift; path = Regex.swift; sourceTree = "<group>"; };
		OBJ_66 /* String+Beautify.swift */ = {isa = PBXFileReference; lastKnownFileType = sourcecode.swift; path = "String+Beautify.swift"; sourceTree = "<group>"; };
		OBJ_67 /* String+CapturedGroups.swift */ = {isa = PBXFileReference; lastKnownFileType = sourcecode.swift; path = "String+CapturedGroups.swift"; sourceTree = "<group>"; };
		OBJ_68 /* String+Matchable.swift */ = {isa = PBXFileReference; lastKnownFileType = sourcecode.swift; path = "String+Matchable.swift"; sourceTree = "<group>"; };
		OBJ_69 /* String+Substring.swift */ = {isa = PBXFileReference; lastKnownFileType = sourcecode.swift; path = "String+Substring.swift"; sourceTree = "<group>"; };
		OBJ_70 /* TestSummary.swift */ = {isa = PBXFileReference; lastKnownFileType = sourcecode.swift; path = TestSummary.swift; sourceTree = "<group>"; };
		OBJ_72 /* Package.swift */ = {isa = PBXFileReference; explicitFileType = sourcecode.swift; name = Package.swift; path = /Users/khoa/XcodeProject2/puma/.build/checkouts/xcbeautify/Package.swift; sourceTree = "<group>"; };
		OBJ_75 /* Colorizer.swift */ = {isa = PBXFileReference; lastKnownFileType = sourcecode.swift; path = Colorizer.swift; sourceTree = "<group>"; };
		OBJ_76 /* StringBackgroundColorizer.swift */ = {isa = PBXFileReference; lastKnownFileType = sourcecode.swift; path = StringBackgroundColorizer.swift; sourceTree = "<group>"; };
		OBJ_77 /* StringForegroundColorizer.swift */ = {isa = PBXFileReference; lastKnownFileType = sourcecode.swift; path = StringForegroundColorizer.swift; sourceTree = "<group>"; };
		OBJ_78 /* StringStyle.swift */ = {isa = PBXFileReference; lastKnownFileType = sourcecode.swift; path = StringStyle.swift; sourceTree = "<group>"; };
		OBJ_79 /* StringStyleColorizer.swift */ = {isa = PBXFileReference; lastKnownFileType = sourcecode.swift; path = StringStyleColorizer.swift; sourceTree = "<group>"; };
		OBJ_80 /* Package.swift */ = {isa = PBXFileReference; explicitFileType = sourcecode.swift; name = Package.swift; path = /Users/khoa/XcodeProject2/puma/.build/checkouts/Colorizer/Package.swift; sourceTree = "<group>"; };
		OBJ_84 /* Command+Execution.swift */ = {isa = PBXFileReference; lastKnownFileType = sourcecode.swift; path = "Command+Execution.swift"; sourceTree = "<group>"; };
		OBJ_85 /* Command+Utilities.swift */ = {isa = PBXFileReference; lastKnownFileType = sourcecode.swift; path = "Command+Utilities.swift"; sourceTree = "<group>"; };
		OBJ_86 /* Command.swift */ = {isa = PBXFileReference; lastKnownFileType = sourcecode.swift; path = Command.swift; sourceTree = "<group>"; };
		OBJ_87 /* CommandTypes.swift */ = {isa = PBXFileReference; lastKnownFileType = sourcecode.swift; path = CommandTypes.swift; sourceTree = "<group>"; };
		OBJ_89 /* CommandExecution.swift */ = {isa = PBXFileReference; lastKnownFileType = sourcecode.swift; path = CommandExecution.swift; sourceTree = "<group>"; };
		OBJ_91 /* Flag+Utilities.swift */ = {isa = PBXFileReference; lastKnownFileType = sourcecode.swift; path = "Flag+Utilities.swift"; sourceTree = "<group>"; };
		OBJ_92 /* Flag.swift */ = {isa = PBXFileReference; lastKnownFileType = sourcecode.swift; path = Flag.swift; sourceTree = "<group>"; };
		OBJ_93 /* FlagSet.swift */ = {isa = PBXFileReference; lastKnownFileType = sourcecode.swift; path = FlagSet.swift; sourceTree = "<group>"; };
		OBJ_94 /* Flags.swift */ = {isa = PBXFileReference; lastKnownFileType = sourcecode.swift; path = Flags.swift; sourceTree = "<group>"; };
		OBJ_96 /* CommandHelp.swift */ = {isa = PBXFileReference; lastKnownFileType = sourcecode.swift; path = CommandHelp.swift; sourceTree = "<group>"; };
		OBJ_97 /* DefaultHelpGenerator.swift */ = {isa = PBXFileReference; lastKnownFileType = sourcecode.swift; path = DefaultHelpGenerator.swift; sourceTree = "<group>"; };
		OBJ_98 /* FlagHelp.swift */ = {isa = PBXFileReference; lastKnownFileType = sourcecode.swift; path = FlagHelp.swift; sourceTree = "<group>"; };
		OBJ_99 /* FlagHelpGeneratorUtils.swift */ = {isa = PBXFileReference; lastKnownFileType = sourcecode.swift; path = FlagHelpGeneratorUtils.swift; sourceTree = "<group>"; };
		"Puma::Puma::Product" /* Puma.framework */ = {isa = PBXFileReference; lastKnownFileType = wrapper.framework; path = Puma.framework; sourceTree = BUILT_PRODUCTS_DIR; };
		"Puma::PumaRunner::Product" /* PumaRunner */ = {isa = PBXFileReference; lastKnownFileType = text; path = PumaRunner; sourceTree = BUILT_PRODUCTS_DIR; };
		"Puma::PumaTests::Product" /* PumaTests.xctest */ = {isa = PBXFileReference; lastKnownFileType = file; path = PumaTests.xctest; sourceTree = BUILT_PRODUCTS_DIR; };
		"StringScanner::StringScanner::Product" /* StringScanner.framework */ = {isa = PBXFileReference; lastKnownFileType = wrapper.framework; path = StringScanner.framework; sourceTree = BUILT_PRODUCTS_DIR; };
		"xcbeautify::XcbeautifyLib::Product" /* XcbeautifyLib.framework */ = {isa = PBXFileReference; lastKnownFileType = wrapper.framework; path = XcbeautifyLib.framework; sourceTree = BUILT_PRODUCTS_DIR; };
/* End PBXFileReference section */

/* Begin PBXFrameworksBuildPhase section */
		OBJ_144 /* Frameworks */ = {
			isa = PBXFrameworksBuildPhase;
			buildActionMask = 0;
			files = (
			);
			runOnlyForDeploymentPostprocessing = 0;
		};
		OBJ_157 /* Frameworks */ = {
			isa = PBXFrameworksBuildPhase;
			buildActionMask = 0;
			files = (
			);
			runOnlyForDeploymentPostprocessing = 0;
		};
		OBJ_193 /* Frameworks */ = {
			isa = PBXFrameworksBuildPhase;
			buildActionMask = 0;
			files = (
				OBJ_194 /* StringScanner.framework in Frameworks */,
			);
			runOnlyForDeploymentPostprocessing = 0;
		};
		OBJ_240 /* Frameworks */ = {
			isa = PBXFrameworksBuildPhase;
			buildActionMask = 0;
			files = (
				OBJ_241 /* Files.framework in Frameworks */,
				OBJ_242 /* XcbeautifyLib.framework in Frameworks */,
				OBJ_243 /* Colorizer.framework in Frameworks */,
				OBJ_244 /* Guaka.framework in Frameworks */,
				OBJ_245 /* StringScanner.framework in Frameworks */,
			);
			runOnlyForDeploymentPostprocessing = 0;
		};
		OBJ_270 /* Frameworks */ = {
			isa = PBXFrameworksBuildPhase;
			buildActionMask = 0;
			files = (
				OBJ_271 /* Puma.framework in Frameworks */,
				OBJ_272 /* Files.framework in Frameworks */,
				OBJ_273 /* XcbeautifyLib.framework in Frameworks */,
				OBJ_274 /* Colorizer.framework in Frameworks */,
				OBJ_275 /* Guaka.framework in Frameworks */,
				OBJ_276 /* StringScanner.framework in Frameworks */,
			);
			runOnlyForDeploymentPostprocessing = 0;
		};
		OBJ_289 /* Frameworks */ = {
			isa = PBXFrameworksBuildPhase;
			buildActionMask = 0;
			files = (
				OBJ_290 /* Puma.framework in Frameworks */,
				OBJ_291 /* Files.framework in Frameworks */,
				OBJ_292 /* XcbeautifyLib.framework in Frameworks */,
				OBJ_293 /* Colorizer.framework in Frameworks */,
				OBJ_294 /* Guaka.framework in Frameworks */,
				OBJ_295 /* StringScanner.framework in Frameworks */,
			);
			runOnlyForDeploymentPostprocessing = 0;
		};
		OBJ_311 /* Frameworks */ = {
			isa = PBXFrameworksBuildPhase;
			buildActionMask = 0;
			files = (
			);
			runOnlyForDeploymentPostprocessing = 0;
		};
		OBJ_334 /* Frameworks */ = {
			isa = PBXFrameworksBuildPhase;
			buildActionMask = 0;
			files = (
				OBJ_335 /* Colorizer.framework in Frameworks */,
				OBJ_336 /* Guaka.framework in Frameworks */,
				OBJ_337 /* StringScanner.framework in Frameworks */,
			);
			runOnlyForDeploymentPostprocessing = 0;
		};
/* End PBXFrameworksBuildPhase section */

/* Begin PBXGroup section */
		OBJ_103 /* Misc */ = {
			isa = PBXGroup;
			children = (
				OBJ_104 /* GuakaConfig.swift */,
				OBJ_105 /* Levenshtein.swift */,
			);
			path = Misc;
			sourceTree = "<group>";
		};
		OBJ_106 /* Parsing */ = {
			isa = PBXGroup;
			children = (
				OBJ_107 /* ArgTokenType.swift */,
				OBJ_108 /* Command+Parsing.swift */,
				OBJ_109 /* FlagSet+Parsing.swift */,
			);
			path = Parsing;
			sourceTree = "<group>";
		};
		OBJ_11 /* Common */ = {
			isa = PBXGroup;
			children = (
				OBJ_12 /* AfterSummarizer.swift */,
				OBJ_13 /* BeforeSummarizer.swift */,
				OBJ_15 /* Builder */,
				OBJ_17 /* Command.swift */,
				OBJ_18 /* Data+Extensions.swift */,
				OBJ_19 /* Dictionary+Extensions.swift */,
				OBJ_21 /* Log.swift */,
				OBJ_22 /* Process.swift */,
				OBJ_23 /* ProcessHandler.swift */,
				OBJ_24 /* PumaError.swift */,
				OBJ_25 /* String+Extensions.swift */,
				OBJ_26 /* Task.swift */,
			);
			path = Common;
			sourceTree = "<group>";
		};
		OBJ_110 /* Types */ = {
			isa = PBXGroup;
			children = (
				OBJ_111 /* Errors.swift */,
				OBJ_112 /* FlagValue.swift */,
				OBJ_113 /* Result.swift */,
			);
			path = Types;
			sourceTree = "<group>";
		};
		OBJ_115 /* StringScanner 0.4.1 */ = {
			isa = PBXGroup;
			children = (
				OBJ_116 /* StringScanner */,
				OBJ_122 /* Package.swift */,
			);
			name = "StringScanner 0.4.1";
			sourceTree = SOURCE_ROOT;
		};
		OBJ_116 /* StringScanner */ = {
			isa = PBXGroup;
			children = (
				OBJ_117 /* CharacterSet.swift */,
				OBJ_118 /* Regex.swift */,
				OBJ_119 /* ScannerResult.swift */,
				OBJ_120 /* StringExtension.swift */,
				OBJ_121 /* StringScanner.swift */,
			);
			name = StringScanner;
			path = .build/checkouts/StringScanner/Sources/StringScanner;
			sourceTree = SOURCE_ROOT;
		};
		OBJ_123 /* Products */ = {
			isa = PBXGroup;
			children = (
				"Puma::Puma::Product" /* Puma.framework */,
				"xcbeautify::XcbeautifyLib::Product" /* XcbeautifyLib.framework */,
				"Guaka::Guaka::Product" /* Guaka.framework */,
				"Puma::PumaTests::Product" /* PumaTests.xctest */,
				"Colorizer::Colorizer::Product" /* Colorizer.framework */,
				"Puma::PumaRunner::Product" /* PumaRunner */,
				"StringScanner::StringScanner::Product" /* StringScanner.framework */,
				"Files::Files::Product" /* Files.framework */,
			);
			name = Products;
			sourceTree = BUILT_PRODUCTS_DIR;
		};
		OBJ_15 /* Builder */ = {
			isa = PBXGroup;
			children = (
				OBJ_16 /* TaskBuiler.swift */,
			);
			path = Builder;
			sourceTree = "<group>";
		};
		OBJ_28 /* iOS */ = {
			isa = PBXGroup;
			children = (
				OBJ_29 /* Tasks */,
				OBJ_37 /* Utils */,
			);
			path = iOS;
			sourceTree = "<group>";
		};
		OBJ_29 /* Tasks */ = {
			isa = PBXGroup;
			children = (
				OBJ_30 /* ArchiveTask.swift */,
				OBJ_31 /* BuildTask.swift */,
				OBJ_32 /* ExportArchiveTask.swift */,
				OBJ_33 /* IncreaseBuildNumberTask.swift */,
				OBJ_34 /* SetBuildNumberTask.swift */,
				OBJ_35 /* SetVersionNumberTask.swift */,
				OBJ_36 /* TestTask.swift */,
			);
			path = Tasks;
			sourceTree = "<group>";
		};
		OBJ_37 /* Utils */ = {
			isa = PBXGroup;
			children = (
				OBJ_38 /* Configuration.swift */,
				OBJ_39 /* Destination.swift */,
				OBJ_40 /* ExportMethod.swift */,
				OBJ_41 /* OptionFactory.swift */,
				OBJ_42 /* Sdk.swift */,
				OBJ_43 /* Signing.swift */,
				OBJ_44 /* Validator.swift */,
				OBJ_45 /* Xcodebuild.swift */,
				OBJ_46 /* utils.swift */,
			);
			path = Utils;
			sourceTree = "<group>";
		};
		OBJ_47 /* PumaRunner */ = {
			isa = PBXGroup;
			children = (
				OBJ_48 /* main.swift */,
			);
			name = PumaRunner;
			path = Sources/PumaRunner;
			sourceTree = SOURCE_ROOT;
		};
		OBJ_49 /* Tests */ = {
			isa = PBXGroup;
			children = (
				OBJ_50 /* PumaTests */,
			);
			name = Tests;
			sourceTree = SOURCE_ROOT;
		};
		OBJ_5 /*  */ = {
			isa = PBXGroup;
			children = (
				OBJ_6 /* Package.swift */,
				OBJ_7 /* Sources */,
				OBJ_49 /* Tests */,
				OBJ_53 /* Dependencies */,
				OBJ_123 /* Products */,
				OBJ_132 /* DerivedData */,
				OBJ_133 /* README.md */,
			);
			name = "";
			sourceTree = "<group>";
		};
		OBJ_50 /* PumaTests */ = {
			isa = PBXGroup;
			children = (
				OBJ_51 /* PumaTests.swift */,
				OBJ_52 /* XCTestManifests.swift */,
			);
			name = PumaTests;
			path = Tests/PumaTests;
			sourceTree = SOURCE_ROOT;
		};
		OBJ_53 /* Dependencies */ = {
			isa = PBXGroup;
			children = (
				OBJ_54 /* Files 3.1.0 */,
				OBJ_57 /* xcbeautify 0.5.0 */,
				OBJ_73 /* Colorizer 0.2.1 */,
				OBJ_81 /* Guaka 0.4.1 */,
				OBJ_115 /* StringScanner 0.4.1 */,
			);
			name = Dependencies;
			sourceTree = "<group>";
		};
		OBJ_54 /* Files 3.1.0 */ = {
			isa = PBXGroup;
			children = (
				OBJ_55 /* Package.swift */,
				OBJ_56 /* Files.swift */,
			);
			name = "Files 3.1.0";
			path = .build/checkouts/Files/Sources;
			sourceTree = SOURCE_ROOT;
		};
		OBJ_57 /* xcbeautify 0.5.0 */ = {
			isa = PBXGroup;
			children = (
				OBJ_58 /* XcbeautifyLib */,
				OBJ_71 /* xcbeautify */,
				OBJ_72 /* Package.swift */,
			);
			name = "xcbeautify 0.5.0";
			sourceTree = SOURCE_ROOT;
		};
		OBJ_58 /* XcbeautifyLib */ = {
			isa = PBXGroup;
			children = (
				OBJ_59 /* Constants.swift */,
				OBJ_60 /* Matchable.swift */,
				OBJ_61 /* Matcher.swift */,
				OBJ_62 /* Parser.swift */,
				OBJ_63 /* Pattern.swift */,
				OBJ_64 /* Pattern@swift-4.swift */,
				OBJ_65 /* Regex.swift */,
				OBJ_66 /* String+Beautify.swift */,
				OBJ_67 /* String+CapturedGroups.swift */,
				OBJ_68 /* String+Matchable.swift */,
				OBJ_69 /* String+Substring.swift */,
				OBJ_70 /* TestSummary.swift */,
			);
			name = XcbeautifyLib;
			path = .build/checkouts/xcbeautify/Sources/XcbeautifyLib;
			sourceTree = SOURCE_ROOT;
		};
		OBJ_7 /* Sources */ = {
			isa = PBXGroup;
			children = (
				OBJ_8 /* Puma */,
				OBJ_47 /* PumaRunner */,
			);
			name = Sources;
			sourceTree = SOURCE_ROOT;
		};
		OBJ_71 /* xcbeautify */ = {
			isa = PBXGroup;
			children = (
			);
			name = xcbeautify;
			path = .build/checkouts/xcbeautify/Sources/xcbeautify;
			sourceTree = SOURCE_ROOT;
		};
		OBJ_73 /* Colorizer 0.2.1 */ = {
			isa = PBXGroup;
			children = (
				OBJ_74 /* Colorizer */,
				OBJ_80 /* Package.swift */,
			);
			name = "Colorizer 0.2.1";
			sourceTree = SOURCE_ROOT;
		};
		OBJ_74 /* Colorizer */ = {
			isa = PBXGroup;
			children = (
				OBJ_75 /* Colorizer.swift */,
				OBJ_76 /* StringBackgroundColorizer.swift */,
				OBJ_77 /* StringForegroundColorizer.swift */,
				OBJ_78 /* StringStyle.swift */,
				OBJ_79 /* StringStyleColorizer.swift */,
			);
			name = Colorizer;
			path = .build/checkouts/Colorizer/Sources/Colorizer;
			sourceTree = SOURCE_ROOT;
		};
		OBJ_8 /* Puma */ = {
			isa = PBXGroup;
			children = (
				OBJ_9 /* Android */,
				OBJ_11 /* Common */,
				OBJ_27 /* Puma.swift */,
				OBJ_28 /* iOS */,
			);
			name = Puma;
			path = Sources/Puma;
			sourceTree = SOURCE_ROOT;
		};
		OBJ_81 /* Guaka 0.4.1 */ = {
			isa = PBXGroup;
			children = (
				OBJ_82 /* Guaka */,
				OBJ_114 /* Package.swift */,
			);
			name = "Guaka 0.4.1";
			sourceTree = SOURCE_ROOT;
		};
		OBJ_82 /* Guaka */ = {
			isa = PBXGroup;
			children = (
				OBJ_83 /* Command */,
				OBJ_88 /* Execution */,
				OBJ_90 /* Flag */,
				OBJ_95 /* Help */,
				OBJ_103 /* Misc */,
				OBJ_106 /* Parsing */,
				OBJ_110 /* Types */,
			);
			name = Guaka;
			path = .build/checkouts/Guaka/Sources/Guaka;
			sourceTree = SOURCE_ROOT;
		};
		OBJ_83 /* Command */ = {
			isa = PBXGroup;
			children = (
				OBJ_84 /* Command+Execution.swift */,
				OBJ_85 /* Command+Utilities.swift */,
				OBJ_86 /* Command.swift */,
				OBJ_87 /* CommandTypes.swift */,
			);
			path = Command;
			sourceTree = "<group>";
		};
		OBJ_88 /* Execution */ = {
			isa = PBXGroup;
			children = (
				OBJ_89 /* CommandExecution.swift */,
			);
			path = Execution;
			sourceTree = "<group>";
		};
		OBJ_9 /* Android */ = {
			isa = PBXGroup;
			children = (
				OBJ_10 /* android.swift */,
			);
			path = Android;
			sourceTree = "<group>";
		};
		OBJ_90 /* Flag */ = {
			isa = PBXGroup;
			children = (
				OBJ_91 /* Flag+Utilities.swift */,
				OBJ_92 /* Flag.swift */,
				OBJ_93 /* FlagSet.swift */,
				OBJ_94 /* Flags.swift */,
			);
			path = Flag;
			sourceTree = "<group>";
		};
		OBJ_95 /* Help */ = {
			isa = PBXGroup;
			children = (
				OBJ_96 /* CommandHelp.swift */,
				OBJ_97 /* DefaultHelpGenerator.swift */,
				OBJ_98 /* FlagHelp.swift */,
				OBJ_99 /* FlagHelpGeneratorUtils.swift */,
				OBJ_100 /* HelpGenerator.swift */,
				OBJ_101 /* HelpGeneratorDefaults.swift */,
				OBJ_102 /* HelpGeneratorErrors.swift */,
			);
			path = Help;
			sourceTree = "<group>";
		};
/* End PBXGroup section */

/* Begin PBXNativeTarget section */
		"Colorizer::Colorizer" /* Colorizer */ = {
			isa = PBXNativeTarget;
			buildConfigurationList = OBJ_135 /* Build configuration list for PBXNativeTarget "Colorizer" */;
			buildPhases = (
				OBJ_138 /* Sources */,
				OBJ_144 /* Frameworks */,
			);
			buildRules = (
			);
			dependencies = (
			);
			name = Colorizer;
			productName = Colorizer;
			productReference = "Colorizer::Colorizer::Product" /* Colorizer.framework */;
			productType = "com.apple.product-type.framework";
		};
		"Colorizer::SwiftPMPackageDescription" /* ColorizerPackageDescription */ = {
			isa = PBXNativeTarget;
			buildConfigurationList = OBJ_146 /* Build configuration list for PBXNativeTarget "ColorizerPackageDescription" */;
			buildPhases = (
				OBJ_149 /* Sources */,
			);
			buildRules = (
			);
			dependencies = (
			);
			name = ColorizerPackageDescription;
			productName = ColorizerPackageDescription;
			productType = "com.apple.product-type.framework";
		};
		"Files::Files" /* Files */ = {
			isa = PBXNativeTarget;
			buildConfigurationList = OBJ_152 /* Build configuration list for PBXNativeTarget "Files" */;
			buildPhases = (
				OBJ_155 /* Sources */,
				OBJ_157 /* Frameworks */,
			);
			buildRules = (
			);
			dependencies = (
			);
			name = Files;
			productName = Files;
			productReference = "Files::Files::Product" /* Files.framework */;
			productType = "com.apple.product-type.framework";
		};
		"Files::SwiftPMPackageDescription" /* FilesPackageDescription */ = {
			isa = PBXNativeTarget;
			buildConfigurationList = OBJ_159 /* Build configuration list for PBXNativeTarget "FilesPackageDescription" */;
			buildPhases = (
				OBJ_162 /* Sources */,
			);
			buildRules = (
			);
			dependencies = (
			);
			name = FilesPackageDescription;
			productName = FilesPackageDescription;
			productType = "com.apple.product-type.framework";
		};
		"Guaka::Guaka" /* Guaka */ = {
			isa = PBXNativeTarget;
			buildConfigurationList = OBJ_165 /* Build configuration list for PBXNativeTarget "Guaka" */;
			buildPhases = (
				OBJ_168 /* Sources */,
				OBJ_193 /* Frameworks */,
			);
			buildRules = (
			);
			dependencies = (
				OBJ_195 /* PBXTargetDependency */,
			);
			name = Guaka;
			productName = Guaka;
			productReference = "Guaka::Guaka::Product" /* Guaka.framework */;
			productType = "com.apple.product-type.framework";
		};
		"Guaka::SwiftPMPackageDescription" /* GuakaPackageDescription */ = {
			isa = PBXNativeTarget;
			buildConfigurationList = OBJ_198 /* Build configuration list for PBXNativeTarget "GuakaPackageDescription" */;
			buildPhases = (
				OBJ_201 /* Sources */,
			);
			buildRules = (
			);
			dependencies = (
			);
			name = GuakaPackageDescription;
			productName = GuakaPackageDescription;
			productType = "com.apple.product-type.framework";
		};
		"Puma::Puma" /* Puma */ = {
			isa = PBXNativeTarget;
			buildConfigurationList = OBJ_204 /* Build configuration list for PBXNativeTarget "Puma" */;
			buildPhases = (
				OBJ_207 /* Sources */,
				OBJ_240 /* Frameworks */,
			);
			buildRules = (
			);
			dependencies = (
				OBJ_246 /* PBXTargetDependency */,
				OBJ_247 /* PBXTargetDependency */,
				OBJ_249 /* PBXTargetDependency */,
				OBJ_250 /* PBXTargetDependency */,
				OBJ_251 /* PBXTargetDependency */,
			);
			name = Puma;
			productName = Puma;
			productReference = "Puma::Puma::Product" /* Puma.framework */;
			productType = "com.apple.product-type.framework";
		};
		"Puma::PumaRunner" /* PumaRunner */ = {
			isa = PBXNativeTarget;
			buildConfigurationList = OBJ_265 /* Build configuration list for PBXNativeTarget "PumaRunner" */;
			buildPhases = (
				OBJ_268 /* Sources */,
				OBJ_270 /* Frameworks */,
			);
			buildRules = (
			);
			dependencies = (
				OBJ_277 /* PBXTargetDependency */,
				OBJ_278 /* PBXTargetDependency */,
				OBJ_279 /* PBXTargetDependency */,
				OBJ_280 /* PBXTargetDependency */,
				OBJ_281 /* PBXTargetDependency */,
				OBJ_282 /* PBXTargetDependency */,
			);
			name = PumaRunner;
			productName = PumaRunner;
			productReference = "Puma::PumaRunner::Product" /* PumaRunner */;
			productType = "com.apple.product-type.tool";
		};
		"Puma::PumaTests" /* PumaTests */ = {
			isa = PBXNativeTarget;
			buildConfigurationList = OBJ_283 /* Build configuration list for PBXNativeTarget "PumaTests" */;
			buildPhases = (
				OBJ_286 /* Sources */,
				OBJ_289 /* Frameworks */,
			);
			buildRules = (
			);
			dependencies = (
				OBJ_296 /* PBXTargetDependency */,
				OBJ_297 /* PBXTargetDependency */,
				OBJ_298 /* PBXTargetDependency */,
				OBJ_299 /* PBXTargetDependency */,
				OBJ_300 /* PBXTargetDependency */,
				OBJ_301 /* PBXTargetDependency */,
			);
			name = PumaTests;
			productName = PumaTests;
			productReference = "Puma::PumaTests::Product" /* PumaTests.xctest */;
			productType = "com.apple.product-type.bundle.unit-test";
		};
		"Puma::SwiftPMPackageDescription" /* PumaPackageDescription */ = {
			isa = PBXNativeTarget;
			buildConfigurationList = OBJ_253 /* Build configuration list for PBXNativeTarget "PumaPackageDescription" */;
			buildPhases = (
				OBJ_256 /* Sources */,
			);
			buildRules = (
			);
			dependencies = (
			);
			name = PumaPackageDescription;
			productName = PumaPackageDescription;
			productType = "com.apple.product-type.framework";
		};
		"StringScanner::StringScanner" /* StringScanner */ = {
			isa = PBXNativeTarget;
			buildConfigurationList = OBJ_302 /* Build configuration list for PBXNativeTarget "StringScanner" */;
			buildPhases = (
				OBJ_305 /* Sources */,
				OBJ_311 /* Frameworks */,
			);
			buildRules = (
			);
			dependencies = (
			);
			name = StringScanner;
			productName = StringScanner;
			productReference = "StringScanner::StringScanner::Product" /* StringScanner.framework */;
			productType = "com.apple.product-type.framework";
		};
		"StringScanner::SwiftPMPackageDescription" /* StringScannerPackageDescription */ = {
			isa = PBXNativeTarget;
			buildConfigurationList = OBJ_313 /* Build configuration list for PBXNativeTarget "StringScannerPackageDescription" */;
			buildPhases = (
				OBJ_316 /* Sources */,
			);
			buildRules = (
			);
			dependencies = (
			);
			name = StringScannerPackageDescription;
			productName = StringScannerPackageDescription;
			productType = "com.apple.product-type.framework";
		};
		"xcbeautify::SwiftPMPackageDescription" /* xcbeautifyPackageDescription */ = {
			isa = PBXNativeTarget;
			buildConfigurationList = OBJ_342 /* Build configuration list for PBXNativeTarget "xcbeautifyPackageDescription" */;
			buildPhases = (
				OBJ_345 /* Sources */,
			);
			buildRules = (
			);
			dependencies = (
			);
			name = xcbeautifyPackageDescription;
			productName = xcbeautifyPackageDescription;
			productType = "com.apple.product-type.framework";
		};
		"xcbeautify::XcbeautifyLib" /* XcbeautifyLib */ = {
			isa = PBXNativeTarget;
			buildConfigurationList = OBJ_318 /* Build configuration list for PBXNativeTarget "XcbeautifyLib" */;
			buildPhases = (
				OBJ_321 /* Sources */,
				OBJ_334 /* Frameworks */,
			);
			buildRules = (
			);
			dependencies = (
				OBJ_338 /* PBXTargetDependency */,
				OBJ_339 /* PBXTargetDependency */,
				OBJ_340 /* PBXTargetDependency */,
			);
			name = XcbeautifyLib;
			productName = XcbeautifyLib;
			productReference = "xcbeautify::XcbeautifyLib::Product" /* XcbeautifyLib.framework */;
			productType = "com.apple.product-type.framework";
		};
/* End PBXNativeTarget section */

/* Begin PBXProject section */
		OBJ_1 /* Project object */ = {
			isa = PBXProject;
			attributes = {
				LastSwiftMigration = 9999;
				LastUpgradeCheck = 9999;
			};
			buildConfigurationList = OBJ_2 /* Build configuration list for PBXProject "puma" */;
			compatibilityVersion = "Xcode 3.2";
			developmentRegion = en;
			hasScannedForEncodings = 0;
			knownRegions = (
				en,
			);
			mainGroup = OBJ_5 /*  */;
			productRefGroup = OBJ_123 /* Products */;
			projectDirPath = "";
			projectRoot = "";
			targets = (
				"Colorizer::Colorizer" /* Colorizer */,
				"Colorizer::SwiftPMPackageDescription" /* ColorizerPackageDescription */,
				"Files::Files" /* Files */,
				"Files::SwiftPMPackageDescription" /* FilesPackageDescription */,
				"Guaka::Guaka" /* Guaka */,
				"Guaka::SwiftPMPackageDescription" /* GuakaPackageDescription */,
				"Puma::Puma" /* Puma */,
				"Puma::SwiftPMPackageDescription" /* PumaPackageDescription */,
				"Puma::PumaPackageTests::ProductTarget" /* PumaPackageTests */,
				"Puma::PumaRunner" /* PumaRunner */,
				"Puma::PumaTests" /* PumaTests */,
				"StringScanner::StringScanner" /* StringScanner */,
				"StringScanner::SwiftPMPackageDescription" /* StringScannerPackageDescription */,
				"xcbeautify::XcbeautifyLib" /* XcbeautifyLib */,
				"xcbeautify::SwiftPMPackageDescription" /* xcbeautifyPackageDescription */,
			);
		};
/* End PBXProject section */

/* Begin PBXSourcesBuildPhase section */
		OBJ_138 /* Sources */ = {
			isa = PBXSourcesBuildPhase;
			buildActionMask = 0;
			files = (
				OBJ_139 /* Colorizer.swift in Sources */,
				OBJ_140 /* StringBackgroundColorizer.swift in Sources */,
				OBJ_141 /* StringForegroundColorizer.swift in Sources */,
				OBJ_142 /* StringStyle.swift in Sources */,
				OBJ_143 /* StringStyleColorizer.swift in Sources */,
			);
			runOnlyForDeploymentPostprocessing = 0;
		};
		OBJ_149 /* Sources */ = {
			isa = PBXSourcesBuildPhase;
			buildActionMask = 0;
			files = (
				OBJ_150 /* Package.swift in Sources */,
			);
			runOnlyForDeploymentPostprocessing = 0;
		};
		OBJ_155 /* Sources */ = {
			isa = PBXSourcesBuildPhase;
			buildActionMask = 0;
			files = (
				OBJ_156 /* Files.swift in Sources */,
			);
			runOnlyForDeploymentPostprocessing = 0;
		};
		OBJ_162 /* Sources */ = {
			isa = PBXSourcesBuildPhase;
			buildActionMask = 0;
			files = (
				OBJ_163 /* Package.swift in Sources */,
			);
			runOnlyForDeploymentPostprocessing = 0;
		};
		OBJ_168 /* Sources */ = {
			isa = PBXSourcesBuildPhase;
			buildActionMask = 0;
			files = (
				OBJ_169 /* Command+Execution.swift in Sources */,
				OBJ_170 /* Command+Utilities.swift in Sources */,
				OBJ_171 /* Command.swift in Sources */,
				OBJ_172 /* CommandTypes.swift in Sources */,
				OBJ_173 /* CommandExecution.swift in Sources */,
				OBJ_174 /* Flag+Utilities.swift in Sources */,
				OBJ_175 /* Flag.swift in Sources */,
				OBJ_176 /* FlagSet.swift in Sources */,
				OBJ_177 /* Flags.swift in Sources */,
				OBJ_178 /* CommandHelp.swift in Sources */,
				OBJ_179 /* DefaultHelpGenerator.swift in Sources */,
				OBJ_180 /* FlagHelp.swift in Sources */,
				OBJ_181 /* FlagHelpGeneratorUtils.swift in Sources */,
				OBJ_182 /* HelpGenerator.swift in Sources */,
				OBJ_183 /* HelpGeneratorDefaults.swift in Sources */,
				OBJ_184 /* HelpGeneratorErrors.swift in Sources */,
				OBJ_185 /* GuakaConfig.swift in Sources */,
				OBJ_186 /* Levenshtein.swift in Sources */,
				OBJ_187 /* ArgTokenType.swift in Sources */,
				OBJ_188 /* Command+Parsing.swift in Sources */,
				OBJ_189 /* FlagSet+Parsing.swift in Sources */,
				OBJ_190 /* Errors.swift in Sources */,
				OBJ_191 /* FlagValue.swift in Sources */,
				OBJ_192 /* Result.swift in Sources */,
			);
			runOnlyForDeploymentPostprocessing = 0;
		};
		OBJ_201 /* Sources */ = {
			isa = PBXSourcesBuildPhase;
			buildActionMask = 0;
			files = (
				OBJ_202 /* Package.swift in Sources */,
			);
			runOnlyForDeploymentPostprocessing = 0;
		};
		OBJ_207 /* Sources */ = {
			isa = PBXSourcesBuildPhase;
			buildActionMask = 0;
			files = (
				OBJ_208 /* android.swift in Sources */,
				OBJ_209 /* AfterSummarizer.swift in Sources */,
				OBJ_210 /* BeforeSummarizer.swift in Sources */,
				OBJ_212 /* TaskBuiler.swift in Sources */,
				OBJ_213 /* Command.swift in Sources */,
				OBJ_214 /* Data+Extensions.swift in Sources */,
				OBJ_215 /* Dictionary+Extensions.swift in Sources */,
				OBJ_217 /* Log.swift in Sources */,
				OBJ_218 /* Process.swift in Sources */,
				OBJ_219 /* ProcessHandler.swift in Sources */,
				OBJ_220 /* PumaError.swift in Sources */,
				OBJ_221 /* String+Extensions.swift in Sources */,
				OBJ_222 /* Task.swift in Sources */,
				OBJ_223 /* Puma.swift in Sources */,
				OBJ_224 /* ArchiveTask.swift in Sources */,
				OBJ_225 /* BuildTask.swift in Sources */,
				OBJ_226 /* ExportArchiveTask.swift in Sources */,
				OBJ_227 /* IncreaseBuildNumberTask.swift in Sources */,
				OBJ_228 /* SetBuildNumberTask.swift in Sources */,
				OBJ_229 /* SetVersionNumberTask.swift in Sources */,
				OBJ_230 /* TestTask.swift in Sources */,
				OBJ_231 /* Configuration.swift in Sources */,
				OBJ_232 /* Destination.swift in Sources */,
				OBJ_233 /* ExportMethod.swift in Sources */,
				OBJ_234 /* OptionFactory.swift in Sources */,
				OBJ_235 /* Sdk.swift in Sources */,
				OBJ_236 /* Signing.swift in Sources */,
				OBJ_237 /* Validator.swift in Sources */,
				OBJ_238 /* Xcodebuild.swift in Sources */,
				OBJ_239 /* utils.swift in Sources */,
			);
			runOnlyForDeploymentPostprocessing = 0;
		};
		OBJ_256 /* Sources */ = {
			isa = PBXSourcesBuildPhase;
			buildActionMask = 0;
			files = (
				OBJ_257 /* Package.swift in Sources */,
			);
			runOnlyForDeploymentPostprocessing = 0;
		};
		OBJ_268 /* Sources */ = {
			isa = PBXSourcesBuildPhase;
			buildActionMask = 0;
			files = (
				OBJ_269 /* main.swift in Sources */,
			);
			runOnlyForDeploymentPostprocessing = 0;
		};
		OBJ_286 /* Sources */ = {
			isa = PBXSourcesBuildPhase;
			buildActionMask = 0;
			files = (
				OBJ_287 /* PumaTests.swift in Sources */,
				OBJ_288 /* XCTestManifests.swift in Sources */,
			);
			runOnlyForDeploymentPostprocessing = 0;
		};
		OBJ_305 /* Sources */ = {
			isa = PBXSourcesBuildPhase;
			buildActionMask = 0;
			files = (
				OBJ_306 /* CharacterSet.swift in Sources */,
				OBJ_307 /* Regex.swift in Sources */,
				OBJ_308 /* ScannerResult.swift in Sources */,
				OBJ_309 /* StringExtension.swift in Sources */,
				OBJ_310 /* StringScanner.swift in Sources */,
			);
			runOnlyForDeploymentPostprocessing = 0;
		};
		OBJ_316 /* Sources */ = {
			isa = PBXSourcesBuildPhase;
			buildActionMask = 0;
			files = (
				OBJ_317 /* Package.swift in Sources */,
			);
			runOnlyForDeploymentPostprocessing = 0;
		};
		OBJ_321 /* Sources */ = {
			isa = PBXSourcesBuildPhase;
			buildActionMask = 0;
			files = (
				OBJ_322 /* Constants.swift in Sources */,
				OBJ_323 /* Matchable.swift in Sources */,
				OBJ_324 /* Matcher.swift in Sources */,
				OBJ_325 /* Parser.swift in Sources */,
				OBJ_326 /* Pattern.swift in Sources */,
				OBJ_327 /* Pattern@swift-4.swift in Sources */,
				OBJ_328 /* Regex.swift in Sources */,
				OBJ_329 /* String+Beautify.swift in Sources */,
				OBJ_330 /* String+CapturedGroups.swift in Sources */,
				OBJ_331 /* String+Matchable.swift in Sources */,
				OBJ_332 /* String+Substring.swift in Sources */,
				OBJ_333 /* TestSummary.swift in Sources */,
			);
			runOnlyForDeploymentPostprocessing = 0;
		};
		OBJ_345 /* Sources */ = {
			isa = PBXSourcesBuildPhase;
			buildActionMask = 0;
			files = (
				OBJ_346 /* Package.swift in Sources */,
			);
			runOnlyForDeploymentPostprocessing = 0;
		};
/* End PBXSourcesBuildPhase section */

/* Begin PBXTargetDependency section */
		OBJ_195 /* PBXTargetDependency */ = {
			isa = PBXTargetDependency;
			target = "StringScanner::StringScanner" /* StringScanner */;
			targetProxy = D2DD5BE32309F1CB00EDB7AC /* PBXContainerItemProxy */;
		};
		OBJ_246 /* PBXTargetDependency */ = {
			isa = PBXTargetDependency;
			target = "Files::Files" /* Files */;
			targetProxy = D2DD5BDF2309F1CB00EDB7AC /* PBXContainerItemProxy */;
		};
		OBJ_247 /* PBXTargetDependency */ = {
			isa = PBXTargetDependency;
			target = "xcbeautify::XcbeautifyLib" /* XcbeautifyLib */;
			targetProxy = D2DD5BE02309F1CB00EDB7AC /* PBXContainerItemProxy */;
		};
		OBJ_249 /* PBXTargetDependency */ = {
			isa = PBXTargetDependency;
			target = "Colorizer::Colorizer" /* Colorizer */;
			targetProxy = D2DD5BE52309F1CB00EDB7AC /* PBXContainerItemProxy */;
		};
		OBJ_250 /* PBXTargetDependency */ = {
			isa = PBXTargetDependency;
			target = "Guaka::Guaka" /* Guaka */;
			targetProxy = D2DD5BE62309F1CB00EDB7AC /* PBXContainerItemProxy */;
		};
		OBJ_251 /* PBXTargetDependency */ = {
			isa = PBXTargetDependency;
			target = "StringScanner::StringScanner" /* StringScanner */;
			targetProxy = D2DD5BE72309F1CB00EDB7AC /* PBXContainerItemProxy */;
		};
		OBJ_262 /* PBXTargetDependency */ = {
			isa = PBXTargetDependency;
			target = "Puma::PumaTests" /* PumaTests */;
			targetProxy = D2DD5BF42309F1CD00EDB7AC /* PBXContainerItemProxy */;
		};
		OBJ_277 /* PBXTargetDependency */ = {
			isa = PBXTargetDependency;
			target = "Puma::Puma" /* Puma */;
			targetProxy = D2DD5BE82309F1CB00EDB7AC /* PBXContainerItemProxy */;
		};
		OBJ_278 /* PBXTargetDependency */ = {
			isa = PBXTargetDependency;
			target = "Files::Files" /* Files */;
			targetProxy = D2DD5BE92309F1CB00EDB7AC /* PBXContainerItemProxy */;
		};
		OBJ_279 /* PBXTargetDependency */ = {
			isa = PBXTargetDependency;
			target = "xcbeautify::XcbeautifyLib" /* XcbeautifyLib */;
			targetProxy = D2DD5BEA2309F1CB00EDB7AC /* PBXContainerItemProxy */;
		};
		OBJ_280 /* PBXTargetDependency */ = {
			isa = PBXTargetDependency;
			target = "Colorizer::Colorizer" /* Colorizer */;
			targetProxy = D2DD5BEB2309F1CB00EDB7AC /* PBXContainerItemProxy */;
		};
		OBJ_281 /* PBXTargetDependency */ = {
			isa = PBXTargetDependency;
			target = "Guaka::Guaka" /* Guaka */;
			targetProxy = D2DD5BEC2309F1CB00EDB7AC /* PBXContainerItemProxy */;
		};
		OBJ_282 /* PBXTargetDependency */ = {
			isa = PBXTargetDependency;
			target = "StringScanner::StringScanner" /* StringScanner */;
			targetProxy = D2DD5BED2309F1CB00EDB7AC /* PBXContainerItemProxy */;
		};
		OBJ_296 /* PBXTargetDependency */ = {
			isa = PBXTargetDependency;
			target = "Puma::Puma" /* Puma */;
			targetProxy = D2DD5BEE2309F1CC00EDB7AC /* PBXContainerItemProxy */;
		};
		OBJ_297 /* PBXTargetDependency */ = {
			isa = PBXTargetDependency;
			target = "Files::Files" /* Files */;
			targetProxy = D2DD5BEF2309F1CC00EDB7AC /* PBXContainerItemProxy */;
		};
		OBJ_298 /* PBXTargetDependency */ = {
			isa = PBXTargetDependency;
			target = "xcbeautify::XcbeautifyLib" /* XcbeautifyLib */;
			targetProxy = D2DD5BF02309F1CC00EDB7AC /* PBXContainerItemProxy */;
		};
		OBJ_299 /* PBXTargetDependency */ = {
			isa = PBXTargetDependency;
			target = "Colorizer::Colorizer" /* Colorizer */;
			targetProxy = D2DD5BF12309F1CC00EDB7AC /* PBXContainerItemProxy */;
		};
		OBJ_300 /* PBXTargetDependency */ = {
			isa = PBXTargetDependency;
			target = "Guaka::Guaka" /* Guaka */;
			targetProxy = D2DD5BF22309F1CC00EDB7AC /* PBXContainerItemProxy */;
		};
		OBJ_301 /* PBXTargetDependency */ = {
			isa = PBXTargetDependency;
			target = "StringScanner::StringScanner" /* StringScanner */;
			targetProxy = D2DD5BF32309F1CC00EDB7AC /* PBXContainerItemProxy */;
		};
		OBJ_338 /* PBXTargetDependency */ = {
			isa = PBXTargetDependency;
			target = "Colorizer::Colorizer" /* Colorizer */;
			targetProxy = D2DD5BE12309F1CB00EDB7AC /* PBXContainerItemProxy */;
		};
		OBJ_339 /* PBXTargetDependency */ = {
			isa = PBXTargetDependency;
			target = "Guaka::Guaka" /* Guaka */;
			targetProxy = D2DD5BE22309F1CB00EDB7AC /* PBXContainerItemProxy */;
		};
		OBJ_340 /* PBXTargetDependency */ = {
			isa = PBXTargetDependency;
			target = "StringScanner::StringScanner" /* StringScanner */;
			targetProxy = D2DD5BE42309F1CB00EDB7AC /* PBXContainerItemProxy */;
		};
/* End PBXTargetDependency section */

/* Begin XCBuildConfiguration section */
		OBJ_136 /* Debug */ = {
			isa = XCBuildConfiguration;
			buildSettings = {
				ENABLE_TESTABILITY = YES;
				FRAMEWORK_SEARCH_PATHS = (
					"$(inherited)",
					"$(PLATFORM_DIR)/Developer/Library/Frameworks",
				);
				HEADER_SEARCH_PATHS = "$(inherited)";
				INFOPLIST_FILE = Puma.xcodeproj/Colorizer_Info.plist;
				LD_RUNPATH_SEARCH_PATHS = "$(inherited) $(TOOLCHAIN_DIR)/usr/lib/swift/macosx";
				OTHER_CFLAGS = "$(inherited)";
				OTHER_LDFLAGS = "$(inherited)";
				OTHER_SWIFT_FLAGS = "$(inherited)";
				PRODUCT_BUNDLE_IDENTIFIER = Colorizer;
				PRODUCT_MODULE_NAME = "$(TARGET_NAME:c99extidentifier)";
				PRODUCT_NAME = "$(TARGET_NAME:c99extidentifier)";
				SKIP_INSTALL = YES;
				SWIFT_ACTIVE_COMPILATION_CONDITIONS = "$(inherited)";
				SWIFT_VERSION = 4.0;
				TARGET_NAME = Colorizer;
			};
			name = Debug;
		};
		OBJ_137 /* Release */ = {
			isa = XCBuildConfiguration;
			buildSettings = {
				ENABLE_TESTABILITY = YES;
				FRAMEWORK_SEARCH_PATHS = (
					"$(inherited)",
					"$(PLATFORM_DIR)/Developer/Library/Frameworks",
				);
				HEADER_SEARCH_PATHS = "$(inherited)";
				INFOPLIST_FILE = Puma.xcodeproj/Colorizer_Info.plist;
				LD_RUNPATH_SEARCH_PATHS = "$(inherited) $(TOOLCHAIN_DIR)/usr/lib/swift/macosx";
				OTHER_CFLAGS = "$(inherited)";
				OTHER_LDFLAGS = "$(inherited)";
				OTHER_SWIFT_FLAGS = "$(inherited)";
				PRODUCT_BUNDLE_IDENTIFIER = Colorizer;
				PRODUCT_MODULE_NAME = "$(TARGET_NAME:c99extidentifier)";
				PRODUCT_NAME = "$(TARGET_NAME:c99extidentifier)";
				SKIP_INSTALL = YES;
				SWIFT_ACTIVE_COMPILATION_CONDITIONS = "$(inherited)";
				SWIFT_VERSION = 4.0;
				TARGET_NAME = Colorizer;
			};
			name = Release;
		};
		OBJ_147 /* Debug */ = {
			isa = XCBuildConfiguration;
			buildSettings = {
				LD = /usr/bin/true;
				OTHER_SWIFT_FLAGS = "-swift-version 4 -I $(TOOLCHAIN_DIR)/usr/lib/swift/pm/4 -target x86_64-apple-macosx10.10 -sdk /Applications/Xcode-beta.app/Contents/Developer/Platforms/MacOSX.platform/Developer/SDKs/MacOSX10.15.sdk -package-description-version 4";
				SWIFT_VERSION = 4.0;
			};
			name = Debug;
		};
		OBJ_148 /* Release */ = {
			isa = XCBuildConfiguration;
			buildSettings = {
				LD = /usr/bin/true;
				OTHER_SWIFT_FLAGS = "-swift-version 4 -I $(TOOLCHAIN_DIR)/usr/lib/swift/pm/4 -target x86_64-apple-macosx10.10 -sdk /Applications/Xcode-beta.app/Contents/Developer/Platforms/MacOSX.platform/Developer/SDKs/MacOSX10.15.sdk -package-description-version 4";
				SWIFT_VERSION = 4.0;
			};
			name = Release;
		};
		OBJ_153 /* Debug */ = {
			isa = XCBuildConfiguration;
			buildSettings = {
				ENABLE_TESTABILITY = YES;
				FRAMEWORK_SEARCH_PATHS = (
					"$(inherited)",
					"$(PLATFORM_DIR)/Developer/Library/Frameworks",
				);
				HEADER_SEARCH_PATHS = "$(inherited)";
				INFOPLIST_FILE = Puma.xcodeproj/Files_Info.plist;
				IPHONEOS_DEPLOYMENT_TARGET = 8.0;
				LD_RUNPATH_SEARCH_PATHS = "$(inherited) $(TOOLCHAIN_DIR)/usr/lib/swift/macosx";
				MACOSX_DEPLOYMENT_TARGET = 10.10;
				OTHER_CFLAGS = "$(inherited)";
				OTHER_LDFLAGS = "$(inherited)";
				OTHER_SWIFT_FLAGS = "$(inherited)";
				PRODUCT_BUNDLE_IDENTIFIER = Files;
				PRODUCT_MODULE_NAME = "$(TARGET_NAME:c99extidentifier)";
				PRODUCT_NAME = "$(TARGET_NAME:c99extidentifier)";
				SKIP_INSTALL = YES;
				SWIFT_ACTIVE_COMPILATION_CONDITIONS = "$(inherited)";
				SWIFT_VERSION = 5.0;
				TARGET_NAME = Files;
				TVOS_DEPLOYMENT_TARGET = 9.0;
				WATCHOS_DEPLOYMENT_TARGET = 2.0;
			};
			name = Debug;
		};
		OBJ_154 /* Release */ = {
			isa = XCBuildConfiguration;
			buildSettings = {
				ENABLE_TESTABILITY = YES;
				FRAMEWORK_SEARCH_PATHS = (
					"$(inherited)",
					"$(PLATFORM_DIR)/Developer/Library/Frameworks",
				);
				HEADER_SEARCH_PATHS = "$(inherited)";
				INFOPLIST_FILE = Puma.xcodeproj/Files_Info.plist;
				IPHONEOS_DEPLOYMENT_TARGET = 8.0;
				LD_RUNPATH_SEARCH_PATHS = "$(inherited) $(TOOLCHAIN_DIR)/usr/lib/swift/macosx";
				MACOSX_DEPLOYMENT_TARGET = 10.10;
				OTHER_CFLAGS = "$(inherited)";
				OTHER_LDFLAGS = "$(inherited)";
				OTHER_SWIFT_FLAGS = "$(inherited)";
				PRODUCT_BUNDLE_IDENTIFIER = Files;
				PRODUCT_MODULE_NAME = "$(TARGET_NAME:c99extidentifier)";
				PRODUCT_NAME = "$(TARGET_NAME:c99extidentifier)";
				SKIP_INSTALL = YES;
				SWIFT_ACTIVE_COMPILATION_CONDITIONS = "$(inherited)";
				SWIFT_VERSION = 5.0;
				TARGET_NAME = Files;
				TVOS_DEPLOYMENT_TARGET = 9.0;
				WATCHOS_DEPLOYMENT_TARGET = 2.0;
			};
			name = Release;
		};
		OBJ_160 /* Debug */ = {
			isa = XCBuildConfiguration;
			buildSettings = {
				LD = /usr/bin/true;
				OTHER_SWIFT_FLAGS = "-swift-version 5 -I $(TOOLCHAIN_DIR)/usr/lib/swift/pm/4_2 -target x86_64-apple-macosx10.10 -sdk /Applications/Xcode-beta.app/Contents/Developer/Platforms/MacOSX.platform/Developer/SDKs/MacOSX10.15.sdk -package-description-version 5";
				SWIFT_VERSION = 5.0;
			};
			name = Debug;
		};
		OBJ_161 /* Release */ = {
			isa = XCBuildConfiguration;
			buildSettings = {
				LD = /usr/bin/true;
				OTHER_SWIFT_FLAGS = "-swift-version 5 -I $(TOOLCHAIN_DIR)/usr/lib/swift/pm/4_2 -target x86_64-apple-macosx10.10 -sdk /Applications/Xcode-beta.app/Contents/Developer/Platforms/MacOSX.platform/Developer/SDKs/MacOSX10.15.sdk -package-description-version 5";
				SWIFT_VERSION = 5.0;
			};
			name = Release;
		};
		OBJ_166 /* Debug */ = {
			isa = XCBuildConfiguration;
			buildSettings = {
				ENABLE_TESTABILITY = YES;
				FRAMEWORK_SEARCH_PATHS = (
					"$(inherited)",
					"$(PLATFORM_DIR)/Developer/Library/Frameworks",
				);
				HEADER_SEARCH_PATHS = "$(inherited)";
				INFOPLIST_FILE = Puma.xcodeproj/Guaka_Info.plist;
				LD_RUNPATH_SEARCH_PATHS = "$(inherited) $(TOOLCHAIN_DIR)/usr/lib/swift/macosx";
				OTHER_CFLAGS = "$(inherited)";
				OTHER_LDFLAGS = "$(inherited)";
				OTHER_SWIFT_FLAGS = "$(inherited)";
				PRODUCT_BUNDLE_IDENTIFIER = Guaka;
				PRODUCT_MODULE_NAME = "$(TARGET_NAME:c99extidentifier)";
				PRODUCT_NAME = "$(TARGET_NAME:c99extidentifier)";
				SKIP_INSTALL = YES;
				SWIFT_ACTIVE_COMPILATION_CONDITIONS = "$(inherited)";
				SWIFT_VERSION = 5.0;
				TARGET_NAME = Guaka;
			};
			name = Debug;
		};
		OBJ_167 /* Release */ = {
			isa = XCBuildConfiguration;
			buildSettings = {
				ENABLE_TESTABILITY = YES;
				FRAMEWORK_SEARCH_PATHS = (
					"$(inherited)",
					"$(PLATFORM_DIR)/Developer/Library/Frameworks",
				);
				HEADER_SEARCH_PATHS = "$(inherited)";
				INFOPLIST_FILE = Puma.xcodeproj/Guaka_Info.plist;
				LD_RUNPATH_SEARCH_PATHS = "$(inherited) $(TOOLCHAIN_DIR)/usr/lib/swift/macosx";
				OTHER_CFLAGS = "$(inherited)";
				OTHER_LDFLAGS = "$(inherited)";
				OTHER_SWIFT_FLAGS = "$(inherited)";
				PRODUCT_BUNDLE_IDENTIFIER = Guaka;
				PRODUCT_MODULE_NAME = "$(TARGET_NAME:c99extidentifier)";
				PRODUCT_NAME = "$(TARGET_NAME:c99extidentifier)";
				SKIP_INSTALL = YES;
				SWIFT_ACTIVE_COMPILATION_CONDITIONS = "$(inherited)";
				SWIFT_VERSION = 5.0;
				TARGET_NAME = Guaka;
			};
			name = Release;
		};
		OBJ_199 /* Debug */ = {
			isa = XCBuildConfiguration;
			buildSettings = {
				LD = /usr/bin/true;
				OTHER_SWIFT_FLAGS = "-swift-version 4.2 -I $(TOOLCHAIN_DIR)/usr/lib/swift/pm/4_2 -target x86_64-apple-macosx10.10 -sdk /Applications/Xcode-beta.app/Contents/Developer/Platforms/MacOSX.platform/Developer/SDKs/MacOSX10.15.sdk -package-description-version 4.2";
				SWIFT_VERSION = 4.2;
			};
			name = Debug;
		};
		OBJ_200 /* Release */ = {
			isa = XCBuildConfiguration;
			buildSettings = {
				LD = /usr/bin/true;
				OTHER_SWIFT_FLAGS = "-swift-version 4.2 -I $(TOOLCHAIN_DIR)/usr/lib/swift/pm/4_2 -target x86_64-apple-macosx10.10 -sdk /Applications/Xcode-beta.app/Contents/Developer/Platforms/MacOSX.platform/Developer/SDKs/MacOSX10.15.sdk -package-description-version 4.2";
				SWIFT_VERSION = 4.2;
			};
			name = Release;
		};
		OBJ_205 /* Debug */ = {
			isa = XCBuildConfiguration;
			buildSettings = {
				ENABLE_TESTABILITY = YES;
				FRAMEWORK_SEARCH_PATHS = (
					"$(inherited)",
					"$(PLATFORM_DIR)/Developer/Library/Frameworks",
				);
				HEADER_SEARCH_PATHS = "$(inherited)";
				INFOPLIST_FILE = Puma.xcodeproj/Puma_Info.plist;
				IPHONEOS_DEPLOYMENT_TARGET = 8.0;
				LD_RUNPATH_SEARCH_PATHS = "$(inherited) $(TOOLCHAIN_DIR)/usr/lib/swift/macosx";
				MACOSX_DEPLOYMENT_TARGET = 10.15;
				OTHER_CFLAGS = "$(inherited)";
				OTHER_LDFLAGS = "$(inherited)";
				OTHER_SWIFT_FLAGS = "$(inherited)";
				PRODUCT_BUNDLE_IDENTIFIER = Puma;
				PRODUCT_MODULE_NAME = "$(TARGET_NAME:c99extidentifier)";
				PRODUCT_NAME = "$(TARGET_NAME:c99extidentifier)";
				SKIP_INSTALL = YES;
				SWIFT_ACTIVE_COMPILATION_CONDITIONS = "$(inherited)";
				SWIFT_VERSION = 5.0;
				TARGET_NAME = Puma;
				TVOS_DEPLOYMENT_TARGET = 9.0;
				WATCHOS_DEPLOYMENT_TARGET = 2.0;
			};
			name = Debug;
		};
		OBJ_206 /* Release */ = {
			isa = XCBuildConfiguration;
			buildSettings = {
				ENABLE_TESTABILITY = YES;
				FRAMEWORK_SEARCH_PATHS = (
					"$(inherited)",
					"$(PLATFORM_DIR)/Developer/Library/Frameworks",
				);
				HEADER_SEARCH_PATHS = "$(inherited)";
				INFOPLIST_FILE = Puma.xcodeproj/Puma_Info.plist;
				IPHONEOS_DEPLOYMENT_TARGET = 8.0;
				LD_RUNPATH_SEARCH_PATHS = "$(inherited) $(TOOLCHAIN_DIR)/usr/lib/swift/macosx";
				MACOSX_DEPLOYMENT_TARGET = 10.15;
				OTHER_CFLAGS = "$(inherited)";
				OTHER_LDFLAGS = "$(inherited)";
				OTHER_SWIFT_FLAGS = "$(inherited)";
				PRODUCT_BUNDLE_IDENTIFIER = Puma;
				PRODUCT_MODULE_NAME = "$(TARGET_NAME:c99extidentifier)";
				PRODUCT_NAME = "$(TARGET_NAME:c99extidentifier)";
				SKIP_INSTALL = YES;
				SWIFT_ACTIVE_COMPILATION_CONDITIONS = "$(inherited)";
				SWIFT_VERSION = 5.0;
				TARGET_NAME = Puma;
				TVOS_DEPLOYMENT_TARGET = 9.0;
				WATCHOS_DEPLOYMENT_TARGET = 2.0;
			};
			name = Release;
		};
		OBJ_254 /* Debug */ = {
			isa = XCBuildConfiguration;
			buildSettings = {
				LD = /usr/bin/true;
				OTHER_SWIFT_FLAGS = "-swift-version 5 -I $(TOOLCHAIN_DIR)/usr/lib/swift/pm/4_2 -target x86_64-apple-macosx10.10 -sdk /Applications/Xcode-beta.app/Contents/Developer/Platforms/MacOSX.platform/Developer/SDKs/MacOSX10.15.sdk -package-description-version 5.1";
				SWIFT_VERSION = 5.0;
			};
			name = Debug;
		};
		OBJ_255 /* Release */ = {
			isa = XCBuildConfiguration;
			buildSettings = {
				LD = /usr/bin/true;
				OTHER_SWIFT_FLAGS = "-swift-version 5 -I $(TOOLCHAIN_DIR)/usr/lib/swift/pm/4_2 -target x86_64-apple-macosx10.10 -sdk /Applications/Xcode-beta.app/Contents/Developer/Platforms/MacOSX.platform/Developer/SDKs/MacOSX10.15.sdk -package-description-version 5.1";
				SWIFT_VERSION = 5.0;
			};
			name = Release;
		};
		OBJ_260 /* Debug */ = {
			isa = XCBuildConfiguration;
			buildSettings = {
			};
			name = Debug;
		};
		OBJ_261 /* Release */ = {
			isa = XCBuildConfiguration;
			buildSettings = {
			};
			name = Release;
		};
		OBJ_266 /* Debug */ = {
			isa = XCBuildConfiguration;
			buildSettings = {
				FRAMEWORK_SEARCH_PATHS = (
					"$(inherited)",
					"$(PLATFORM_DIR)/Developer/Library/Frameworks",
				);
				HEADER_SEARCH_PATHS = "$(inherited)";
				INFOPLIST_FILE = Puma.xcodeproj/PumaRunner_Info.plist;
				IPHONEOS_DEPLOYMENT_TARGET = 8.0;
				LD_RUNPATH_SEARCH_PATHS = "$(inherited) $(TOOLCHAIN_DIR)/usr/lib/swift/macosx @executable_path";
				MACOSX_DEPLOYMENT_TARGET = 10.15;
				OTHER_CFLAGS = "$(inherited)";
				OTHER_LDFLAGS = "$(inherited)";
				OTHER_SWIFT_FLAGS = "$(inherited)";
				SWIFT_ACTIVE_COMPILATION_CONDITIONS = "$(inherited)";
				SWIFT_FORCE_DYNAMIC_LINK_STDLIB = YES;
				SWIFT_FORCE_STATIC_LINK_STDLIB = NO;
				SWIFT_VERSION = 5.0;
				TARGET_NAME = PumaRunner;
				TVOS_DEPLOYMENT_TARGET = 9.0;
				WATCHOS_DEPLOYMENT_TARGET = 2.0;
			};
			name = Debug;
		};
		OBJ_267 /* Release */ = {
			isa = XCBuildConfiguration;
			buildSettings = {
				FRAMEWORK_SEARCH_PATHS = (
					"$(inherited)",
					"$(PLATFORM_DIR)/Developer/Library/Frameworks",
				);
				HEADER_SEARCH_PATHS = "$(inherited)";
				INFOPLIST_FILE = Puma.xcodeproj/PumaRunner_Info.plist;
				IPHONEOS_DEPLOYMENT_TARGET = 8.0;
				LD_RUNPATH_SEARCH_PATHS = "$(inherited) $(TOOLCHAIN_DIR)/usr/lib/swift/macosx @executable_path";
				MACOSX_DEPLOYMENT_TARGET = 10.15;
				OTHER_CFLAGS = "$(inherited)";
				OTHER_LDFLAGS = "$(inherited)";
				OTHER_SWIFT_FLAGS = "$(inherited)";
				SWIFT_ACTIVE_COMPILATION_CONDITIONS = "$(inherited)";
				SWIFT_FORCE_DYNAMIC_LINK_STDLIB = YES;
				SWIFT_FORCE_STATIC_LINK_STDLIB = NO;
				SWIFT_VERSION = 5.0;
				TARGET_NAME = PumaRunner;
				TVOS_DEPLOYMENT_TARGET = 9.0;
				WATCHOS_DEPLOYMENT_TARGET = 2.0;
			};
			name = Release;
		};
		OBJ_284 /* Debug */ = {
			isa = XCBuildConfiguration;
			buildSettings = {
				CLANG_ENABLE_MODULES = YES;
				EMBEDDED_CONTENT_CONTAINS_SWIFT = YES;
				FRAMEWORK_SEARCH_PATHS = (
					"$(inherited)",
					"$(PLATFORM_DIR)/Developer/Library/Frameworks",
				);
				HEADER_SEARCH_PATHS = "$(inherited)";
				INFOPLIST_FILE = Puma.xcodeproj/PumaTests_Info.plist;
				IPHONEOS_DEPLOYMENT_TARGET = 8.0;
				LD_RUNPATH_SEARCH_PATHS = "$(inherited) @loader_path/../Frameworks @loader_path/Frameworks";
				MACOSX_DEPLOYMENT_TARGET = 10.15;
				OTHER_CFLAGS = "$(inherited)";
				OTHER_LDFLAGS = "$(inherited)";
				OTHER_SWIFT_FLAGS = "$(inherited)";
				SWIFT_ACTIVE_COMPILATION_CONDITIONS = "$(inherited)";
				SWIFT_VERSION = 5.0;
				TARGET_NAME = PumaTests;
				TVOS_DEPLOYMENT_TARGET = 9.0;
				WATCHOS_DEPLOYMENT_TARGET = 2.0;
			};
			name = Debug;
		};
		OBJ_285 /* Release */ = {
			isa = XCBuildConfiguration;
			buildSettings = {
				CLANG_ENABLE_MODULES = YES;
				EMBEDDED_CONTENT_CONTAINS_SWIFT = YES;
				FRAMEWORK_SEARCH_PATHS = (
					"$(inherited)",
					"$(PLATFORM_DIR)/Developer/Library/Frameworks",
				);
				HEADER_SEARCH_PATHS = "$(inherited)";
				INFOPLIST_FILE = Puma.xcodeproj/PumaTests_Info.plist;
				IPHONEOS_DEPLOYMENT_TARGET = 8.0;
				LD_RUNPATH_SEARCH_PATHS = "$(inherited) @loader_path/../Frameworks @loader_path/Frameworks";
				MACOSX_DEPLOYMENT_TARGET = 10.15;
				OTHER_CFLAGS = "$(inherited)";
				OTHER_LDFLAGS = "$(inherited)";
				OTHER_SWIFT_FLAGS = "$(inherited)";
				SWIFT_ACTIVE_COMPILATION_CONDITIONS = "$(inherited)";
				SWIFT_VERSION = 5.0;
				TARGET_NAME = PumaTests;
				TVOS_DEPLOYMENT_TARGET = 9.0;
				WATCHOS_DEPLOYMENT_TARGET = 2.0;
			};
			name = Release;
		};
		OBJ_3 /* Debug */ = {
			isa = XCBuildConfiguration;
			buildSettings = {
				CLANG_ENABLE_OBJC_ARC = YES;
				COMBINE_HIDPI_IMAGES = YES;
				COPY_PHASE_STRIP = NO;
				DEBUG_INFORMATION_FORMAT = dwarf;
				DYLIB_INSTALL_NAME_BASE = "@rpath";
				ENABLE_NS_ASSERTIONS = YES;
				GCC_OPTIMIZATION_LEVEL = 0;
				GCC_PREPROCESSOR_DEFINITIONS = (
					"$(inherited)",
					"SWIFT_PACKAGE=1",
					"DEBUG=1",
				);
				MACOSX_DEPLOYMENT_TARGET = 10.10;
				ONLY_ACTIVE_ARCH = YES;
				OTHER_SWIFT_FLAGS = "$(inherited) -DXcode";
				PRODUCT_NAME = "$(TARGET_NAME)";
				SDKROOT = macosx;
				SUPPORTED_PLATFORMS = "macosx iphoneos iphonesimulator appletvos appletvsimulator watchos watchsimulator";
				SWIFT_ACTIVE_COMPILATION_CONDITIONS = "$(inherited) SWIFT_PACKAGE DEBUG";
				SWIFT_OPTIMIZATION_LEVEL = "-Onone";
				USE_HEADERMAP = NO;
			};
			name = Debug;
		};
		OBJ_303 /* Debug */ = {
			isa = XCBuildConfiguration;
			buildSettings = {
				ENABLE_TESTABILITY = YES;
				FRAMEWORK_SEARCH_PATHS = (
					"$(inherited)",
					"$(PLATFORM_DIR)/Developer/Library/Frameworks",
				);
				HEADER_SEARCH_PATHS = "$(inherited)";
				INFOPLIST_FILE = Puma.xcodeproj/StringScanner_Info.plist;
				IPHONEOS_DEPLOYMENT_TARGET = 8.0;
				LD_RUNPATH_SEARCH_PATHS = "$(inherited) $(TOOLCHAIN_DIR)/usr/lib/swift/macosx";
				MACOSX_DEPLOYMENT_TARGET = 10.10;
				OTHER_CFLAGS = "$(inherited)";
				OTHER_LDFLAGS = "$(inherited)";
				OTHER_SWIFT_FLAGS = "$(inherited)";
				PRODUCT_BUNDLE_IDENTIFIER = StringScanner;
				PRODUCT_MODULE_NAME = "$(TARGET_NAME:c99extidentifier)";
				PRODUCT_NAME = "$(TARGET_NAME:c99extidentifier)";
				SKIP_INSTALL = YES;
				SWIFT_ACTIVE_COMPILATION_CONDITIONS = "$(inherited)";
				SWIFT_VERSION = 5.0;
				TARGET_NAME = StringScanner;
				TVOS_DEPLOYMENT_TARGET = 9.0;
				WATCHOS_DEPLOYMENT_TARGET = 2.0;
			};
			name = Debug;
		};
		OBJ_304 /* Release */ = {
			isa = XCBuildConfiguration;
			buildSettings = {
				ENABLE_TESTABILITY = YES;
				FRAMEWORK_SEARCH_PATHS = (
					"$(inherited)",
					"$(PLATFORM_DIR)/Developer/Library/Frameworks",
				);
				HEADER_SEARCH_PATHS = "$(inherited)";
				INFOPLIST_FILE = Puma.xcodeproj/StringScanner_Info.plist;
				IPHONEOS_DEPLOYMENT_TARGET = 8.0;
				LD_RUNPATH_SEARCH_PATHS = "$(inherited) $(TOOLCHAIN_DIR)/usr/lib/swift/macosx";
				MACOSX_DEPLOYMENT_TARGET = 10.10;
				OTHER_CFLAGS = "$(inherited)";
				OTHER_LDFLAGS = "$(inherited)";
				OTHER_SWIFT_FLAGS = "$(inherited)";
				PRODUCT_BUNDLE_IDENTIFIER = StringScanner;
				PRODUCT_MODULE_NAME = "$(TARGET_NAME:c99extidentifier)";
				PRODUCT_NAME = "$(TARGET_NAME:c99extidentifier)";
				SKIP_INSTALL = YES;
				SWIFT_ACTIVE_COMPILATION_CONDITIONS = "$(inherited)";
				SWIFT_VERSION = 5.0;
				TARGET_NAME = StringScanner;
				TVOS_DEPLOYMENT_TARGET = 9.0;
				WATCHOS_DEPLOYMENT_TARGET = 2.0;
			};
			name = Release;
		};
		OBJ_314 /* Debug */ = {
			isa = XCBuildConfiguration;
			buildSettings = {
				LD = /usr/bin/true;
				OTHER_SWIFT_FLAGS = "-swift-version 5 -I $(TOOLCHAIN_DIR)/usr/lib/swift/pm/4_2 -target x86_64-apple-macosx10.10 -sdk /Applications/Xcode-beta.app/Contents/Developer/Platforms/MacOSX.platform/Developer/SDKs/MacOSX10.15.sdk -package-description-version 5";
				SWIFT_VERSION = 5.0;
			};
			name = Debug;
		};
		OBJ_315 /* Release */ = {
			isa = XCBuildConfiguration;
			buildSettings = {
				LD = /usr/bin/true;
				OTHER_SWIFT_FLAGS = "-swift-version 5 -I $(TOOLCHAIN_DIR)/usr/lib/swift/pm/4_2 -target x86_64-apple-macosx10.10 -sdk /Applications/Xcode-beta.app/Contents/Developer/Platforms/MacOSX.platform/Developer/SDKs/MacOSX10.15.sdk -package-description-version 5";
				SWIFT_VERSION = 5.0;
			};
			name = Release;
		};
		OBJ_319 /* Debug */ = {
			isa = XCBuildConfiguration;
			buildSettings = {
				ENABLE_TESTABILITY = YES;
				FRAMEWORK_SEARCH_PATHS = (
					"$(inherited)",
					"$(PLATFORM_DIR)/Developer/Library/Frameworks",
				);
				HEADER_SEARCH_PATHS = "$(inherited)";
				INFOPLIST_FILE = Puma.xcodeproj/XcbeautifyLib_Info.plist;
				LD_RUNPATH_SEARCH_PATHS = "$(inherited) $(TOOLCHAIN_DIR)/usr/lib/swift/macosx";
				OTHER_CFLAGS = "$(inherited)";
				OTHER_LDFLAGS = "$(inherited)";
				OTHER_SWIFT_FLAGS = "$(inherited)";
				PRODUCT_BUNDLE_IDENTIFIER = XcbeautifyLib;
				PRODUCT_MODULE_NAME = "$(TARGET_NAME:c99extidentifier)";
				PRODUCT_NAME = "$(TARGET_NAME:c99extidentifier)";
				SKIP_INSTALL = YES;
				SWIFT_ACTIVE_COMPILATION_CONDITIONS = "$(inherited)";
				SWIFT_VERSION = 4.0;
				TARGET_NAME = XcbeautifyLib;
			};
			name = Debug;
		};
		OBJ_320 /* Release */ = {
			isa = XCBuildConfiguration;
			buildSettings = {
				ENABLE_TESTABILITY = YES;
				FRAMEWORK_SEARCH_PATHS = (
					"$(inherited)",
					"$(PLATFORM_DIR)/Developer/Library/Frameworks",
				);
				HEADER_SEARCH_PATHS = "$(inherited)";
				INFOPLIST_FILE = Puma.xcodeproj/XcbeautifyLib_Info.plist;
				LD_RUNPATH_SEARCH_PATHS = "$(inherited) $(TOOLCHAIN_DIR)/usr/lib/swift/macosx";
				OTHER_CFLAGS = "$(inherited)";
				OTHER_LDFLAGS = "$(inherited)";
				OTHER_SWIFT_FLAGS = "$(inherited)";
				PRODUCT_BUNDLE_IDENTIFIER = XcbeautifyLib;
				PRODUCT_MODULE_NAME = "$(TARGET_NAME:c99extidentifier)";
				PRODUCT_NAME = "$(TARGET_NAME:c99extidentifier)";
				SKIP_INSTALL = YES;
				SWIFT_ACTIVE_COMPILATION_CONDITIONS = "$(inherited)";
				SWIFT_VERSION = 4.0;
				TARGET_NAME = XcbeautifyLib;
			};
			name = Release;
		};
		OBJ_343 /* Debug */ = {
			isa = XCBuildConfiguration;
			buildSettings = {
				LD = /usr/bin/true;
				OTHER_SWIFT_FLAGS = "-swift-version 4 -I $(TOOLCHAIN_DIR)/usr/lib/swift/pm/4 -target x86_64-apple-macosx10.10 -sdk /Applications/Xcode-beta.app/Contents/Developer/Platforms/MacOSX.platform/Developer/SDKs/MacOSX10.15.sdk -package-description-version 4";
				SWIFT_VERSION = 4.0;
			};
			name = Debug;
		};
		OBJ_344 /* Release */ = {
			isa = XCBuildConfiguration;
			buildSettings = {
				LD = /usr/bin/true;
				OTHER_SWIFT_FLAGS = "-swift-version 4 -I $(TOOLCHAIN_DIR)/usr/lib/swift/pm/4 -target x86_64-apple-macosx10.10 -sdk /Applications/Xcode-beta.app/Contents/Developer/Platforms/MacOSX.platform/Developer/SDKs/MacOSX10.15.sdk -package-description-version 4";
				SWIFT_VERSION = 4.0;
			};
			name = Release;
		};
		OBJ_4 /* Release */ = {
			isa = XCBuildConfiguration;
			buildSettings = {
				CLANG_ENABLE_OBJC_ARC = YES;
				COMBINE_HIDPI_IMAGES = YES;
				COPY_PHASE_STRIP = YES;
				DEBUG_INFORMATION_FORMAT = "dwarf-with-dsym";
				DYLIB_INSTALL_NAME_BASE = "@rpath";
				GCC_OPTIMIZATION_LEVEL = s;
				GCC_PREPROCESSOR_DEFINITIONS = (
					"$(inherited)",
					"SWIFT_PACKAGE=1",
				);
				MACOSX_DEPLOYMENT_TARGET = 10.10;
				OTHER_SWIFT_FLAGS = "$(inherited) -DXcode";
				PRODUCT_NAME = "$(TARGET_NAME)";
				SDKROOT = macosx;
				SUPPORTED_PLATFORMS = "macosx iphoneos iphonesimulator appletvos appletvsimulator watchos watchsimulator";
				SWIFT_ACTIVE_COMPILATION_CONDITIONS = "$(inherited) SWIFT_PACKAGE";
				SWIFT_OPTIMIZATION_LEVEL = "-Owholemodule";
				USE_HEADERMAP = NO;
			};
			name = Release;
		};
/* End XCBuildConfiguration section */

/* Begin XCConfigurationList section */
		OBJ_135 /* Build configuration list for PBXNativeTarget "Colorizer" */ = {
			isa = XCConfigurationList;
			buildConfigurations = (
				OBJ_136 /* Debug */,
				OBJ_137 /* Release */,
			);
			defaultConfigurationIsVisible = 0;
			defaultConfigurationName = Release;
		};
		OBJ_146 /* Build configuration list for PBXNativeTarget "ColorizerPackageDescription" */ = {
			isa = XCConfigurationList;
			buildConfigurations = (
				OBJ_147 /* Debug */,
				OBJ_148 /* Release */,
			);
			defaultConfigurationIsVisible = 0;
			defaultConfigurationName = Release;
		};
		OBJ_152 /* Build configuration list for PBXNativeTarget "Files" */ = {
			isa = XCConfigurationList;
			buildConfigurations = (
				OBJ_153 /* Debug */,
				OBJ_154 /* Release */,
			);
			defaultConfigurationIsVisible = 0;
			defaultConfigurationName = Release;
		};
		OBJ_159 /* Build configuration list for PBXNativeTarget "FilesPackageDescription" */ = {
			isa = XCConfigurationList;
			buildConfigurations = (
				OBJ_160 /* Debug */,
				OBJ_161 /* Release */,
			);
			defaultConfigurationIsVisible = 0;
			defaultConfigurationName = Release;
		};
		OBJ_165 /* Build configuration list for PBXNativeTarget "Guaka" */ = {
			isa = XCConfigurationList;
			buildConfigurations = (
				OBJ_166 /* Debug */,
				OBJ_167 /* Release */,
			);
			defaultConfigurationIsVisible = 0;
			defaultConfigurationName = Release;
		};
		OBJ_198 /* Build configuration list for PBXNativeTarget "GuakaPackageDescription" */ = {
			isa = XCConfigurationList;
			buildConfigurations = (
				OBJ_199 /* Debug */,
				OBJ_200 /* Release */,
			);
			defaultConfigurationIsVisible = 0;
			defaultConfigurationName = Release;
		};
		OBJ_2 /* Build configuration list for PBXProject "puma" */ = {
			isa = XCConfigurationList;
			buildConfigurations = (
				OBJ_3 /* Debug */,
				OBJ_4 /* Release */,
			);
			defaultConfigurationIsVisible = 0;
			defaultConfigurationName = Release;
		};
		OBJ_204 /* Build configuration list for PBXNativeTarget "Puma" */ = {
			isa = XCConfigurationList;
			buildConfigurations = (
				OBJ_205 /* Debug */,
				OBJ_206 /* Release */,
			);
			defaultConfigurationIsVisible = 0;
			defaultConfigurationName = Release;
		};
		OBJ_253 /* Build configuration list for PBXNativeTarget "PumaPackageDescription" */ = {
			isa = XCConfigurationList;
			buildConfigurations = (
				OBJ_254 /* Debug */,
				OBJ_255 /* Release */,
			);
			defaultConfigurationIsVisible = 0;
			defaultConfigurationName = Release;
		};
		OBJ_259 /* Build configuration list for PBXAggregateTarget "PumaPackageTests" */ = {
			isa = XCConfigurationList;
			buildConfigurations = (
				OBJ_260 /* Debug */,
				OBJ_261 /* Release */,
			);
			defaultConfigurationIsVisible = 0;
			defaultConfigurationName = Release;
		};
		OBJ_265 /* Build configuration list for PBXNativeTarget "PumaRunner" */ = {
			isa = XCConfigurationList;
			buildConfigurations = (
				OBJ_266 /* Debug */,
				OBJ_267 /* Release */,
			);
			defaultConfigurationIsVisible = 0;
			defaultConfigurationName = Release;
		};
		OBJ_283 /* Build configuration list for PBXNativeTarget "PumaTests" */ = {
			isa = XCConfigurationList;
			buildConfigurations = (
				OBJ_284 /* Debug */,
				OBJ_285 /* Release */,
			);
			defaultConfigurationIsVisible = 0;
			defaultConfigurationName = Release;
		};
		OBJ_302 /* Build configuration list for PBXNativeTarget "StringScanner" */ = {
			isa = XCConfigurationList;
			buildConfigurations = (
				OBJ_303 /* Debug */,
				OBJ_304 /* Release */,
			);
			defaultConfigurationIsVisible = 0;
			defaultConfigurationName = Release;
		};
		OBJ_313 /* Build configuration list for PBXNativeTarget "StringScannerPackageDescription" */ = {
			isa = XCConfigurationList;
			buildConfigurations = (
				OBJ_314 /* Debug */,
				OBJ_315 /* Release */,
			);
			defaultConfigurationIsVisible = 0;
			defaultConfigurationName = Release;
		};
		OBJ_318 /* Build configuration list for PBXNativeTarget "XcbeautifyLib" */ = {
			isa = XCConfigurationList;
			buildConfigurations = (
				OBJ_319 /* Debug */,
				OBJ_320 /* Release */,
			);
			defaultConfigurationIsVisible = 0;
			defaultConfigurationName = Release;
		};
		OBJ_342 /* Build configuration list for PBXNativeTarget "xcbeautifyPackageDescription" */ = {
			isa = XCConfigurationList;
			buildConfigurations = (
				OBJ_343 /* Debug */,
				OBJ_344 /* Release */,
			);
			defaultConfigurationIsVisible = 0;
			defaultConfigurationName = Release;
		};
/* End XCConfigurationList section */
	};
	rootObject = OBJ_1 /* Project object */;
}
