// !$*UTF8*$!
{
	archiveVersion = 1;
	classes = {
	};
	objectVersion = 50;
	objects = {

/* Begin PBXBuildFile section */
		D291220B239EF7FE0069E1C1 /* Localizable.strings in Resources */ = {isa = PBXBuildFile; fileRef = D291220D239EF7FE0069E1C1 /* Localizable.strings */; };
		D2912216239EFB7F0069E1C1 /* TestAppUITests.swift in Sources */ = {isa = PBXBuildFile; fileRef = D2912215239EFB7F0069E1C1 /* TestAppUITests.swift */; };
		D2A3A1C2230D2B7C003F68E9 /* AppDelegate.swift in Sources */ = {isa = PBXBuildFile; fileRef = D2A3A1C1230D2B7C003F68E9 /* AppDelegate.swift */; };
		D2A3A1C4230D2B7C003F68E9 /* SceneDelegate.swift in Sources */ = {isa = PBXBuildFile; fileRef = D2A3A1C3230D2B7C003F68E9 /* SceneDelegate.swift */; };
		D2A3A1C6230D2B7C003F68E9 /* ContentView.swift in Sources */ = {isa = PBXBuildFile; fileRef = D2A3A1C5230D2B7C003F68E9 /* ContentView.swift */; };
		D2A3A1C8230D2B7D003F68E9 /* Assets.xcassets in Resources */ = {isa = PBXBuildFile; fileRef = D2A3A1C7230D2B7D003F68E9 /* Assets.xcassets */; };
		D2A3A1CB230D2B7D003F68E9 /* Preview Assets.xcassets in Resources */ = {isa = PBXBuildFile; fileRef = D2A3A1CA230D2B7D003F68E9 /* Preview Assets.xcassets */; };
		D2A3A1CE230D2B7D003F68E9 /* LaunchScreen.storyboard in Resources */ = {isa = PBXBuildFile; fileRef = D2A3A1CC230D2B7D003F68E9 /* LaunchScreen.storyboard */; };
/* End PBXBuildFile section */

/* Begin PBXContainerItemProxy section */
		D2912218239EFB7F0069E1C1 /* PBXContainerItemProxy */ = {
			isa = PBXContainerItemProxy;
			containerPortal = D2A3A1B6230D2B7B003F68E9 /* Project object */;
			proxyType = 1;
			remoteGlobalIDString = D2A3A1BD230D2B7C003F68E9;
			remoteInfo = TestApp;
		};
/* End PBXContainerItemProxy section */

/* Begin PBXFileReference section */
		D291220A239EF7F70069E1C1 /* ja */ = {isa = PBXFileReference; lastKnownFileType = text.plist.strings; name = ja; path = ja.lproj/LaunchScreen.strings; sourceTree = "<group>"; };
		D291220C239EF7FE0069E1C1 /* en */ = {isa = PBXFileReference; lastKnownFileType = text.plist.strings; name = en; path = en.lproj/Localizable.strings; sourceTree = "<group>"; };
		D291220E239EF8020069E1C1 /* ja */ = {isa = PBXFileReference; lastKnownFileType = text.plist.strings; name = ja; path = ja.lproj/Localizable.strings; sourceTree = "<group>"; };
		D2912213239EFB7F0069E1C1 /* TestAppUITests.xctest */ = {isa = PBXFileReference; explicitFileType = wrapper.cfbundle; includeInIndex = 0; path = TestAppUITests.xctest; sourceTree = BUILT_PRODUCTS_DIR; };
		D2912215239EFB7F0069E1C1 /* TestAppUITests.swift */ = {isa = PBXFileReference; lastKnownFileType = sourcecode.swift; path = TestAppUITests.swift; sourceTree = "<group>"; };
		D2912217239EFB7F0069E1C1 /* Info.plist */ = {isa = PBXFileReference; lastKnownFileType = text.plist.xml; path = Info.plist; sourceTree = "<group>"; };
		D291223323A2E9340069E1C1 /* nb */ = {isa = PBXFileReference; lastKnownFileType = text.plist.strings; name = nb; path = nb.lproj/LaunchScreen.strings; sourceTree = "<group>"; };
		D291223423A2E9340069E1C1 /* nb */ = {isa = PBXFileReference; lastKnownFileType = text.plist.strings; name = nb; path = nb.lproj/Localizable.strings; sourceTree = "<group>"; };
		D291223523A2E96A0069E1C1 /* es */ = {isa = PBXFileReference; lastKnownFileType = text.plist.strings; name = es; path = es.lproj/LaunchScreen.strings; sourceTree = "<group>"; };
		D291223623A2E96A0069E1C1 /* es */ = {isa = PBXFileReference; lastKnownFileType = text.plist.strings; name = es; path = es.lproj/Localizable.strings; sourceTree = "<group>"; };
		D2A3A1BE230D2B7C003F68E9 /* TestApp.app */ = {isa = PBXFileReference; explicitFileType = wrapper.application; includeInIndex = 0; path = TestApp.app; sourceTree = BUILT_PRODUCTS_DIR; };
		D2A3A1C1230D2B7C003F68E9 /* AppDelegate.swift */ = {isa = PBXFileReference; lastKnownFileType = sourcecode.swift; path = AppDelegate.swift; sourceTree = "<group>"; };
		D2A3A1C3230D2B7C003F68E9 /* SceneDelegate.swift */ = {isa = PBXFileReference; lastKnownFileType = sourcecode.swift; path = SceneDelegate.swift; sourceTree = "<group>"; };
		D2A3A1C5230D2B7C003F68E9 /* ContentView.swift */ = {isa = PBXFileReference; lastKnownFileType = sourcecode.swift; path = ContentView.swift; sourceTree = "<group>"; };
		D2A3A1C7230D2B7D003F68E9 /* Assets.xcassets */ = {isa = PBXFileReference; lastKnownFileType = folder.assetcatalog; path = Assets.xcassets; sourceTree = "<group>"; };
		D2A3A1CA230D2B7D003F68E9 /* Preview Assets.xcassets */ = {isa = PBXFileReference; lastKnownFileType = folder.assetcatalog; path = "Preview Assets.xcassets"; sourceTree = "<group>"; };
		D2A3A1CD230D2B7D003F68E9 /* Base */ = {isa = PBXFileReference; lastKnownFileType = file.storyboard; name = Base; path = Base.lproj/LaunchScreen.storyboard; sourceTree = "<group>"; };
		D2A3A1CF230D2B7D003F68E9 /* Info.plist */ = {isa = PBXFileReference; lastKnownFileType = text.plist.xml; path = Info.plist; sourceTree = "<group>"; };
/* End PBXFileReference section */

/* Begin PBXFrameworksBuildPhase section */
		D2912210239EFB7F0069E1C1 /* Frameworks */ = {
			isa = PBXFrameworksBuildPhase;
			buildActionMask = 2147483647;
			files = (
			);
			runOnlyForDeploymentPostprocessing = 0;
		};
		D2A3A1BB230D2B7C003F68E9 /* Frameworks */ = {
			isa = PBXFrameworksBuildPhase;
			buildActionMask = 2147483647;
			files = (
			);
			runOnlyForDeploymentPostprocessing = 0;
		};
/* End PBXFrameworksBuildPhase section */

/* Begin PBXGroup section */
		D2912214239EFB7F0069E1C1 /* TestAppUITests */ = {
			isa = PBXGroup;
			children = (
				D2912215239EFB7F0069E1C1 /* TestAppUITests.swift */,
				D2912217239EFB7F0069E1C1 /* Info.plist */,
			);
			path = TestAppUITests;
			sourceTree = "<group>";
		};
		D2A3A1B5230D2B7B003F68E9 = {
			isa = PBXGroup;
			children = (
				D2A3A1C0230D2B7C003F68E9 /* TestApp */,
				D2912214239EFB7F0069E1C1 /* TestAppUITests */,
				D2A3A1BF230D2B7C003F68E9 /* Products */,
			);
			sourceTree = "<group>";
			usesTabs = 0;
		};
		D2A3A1BF230D2B7C003F68E9 /* Products */ = {
			isa = PBXGroup;
			children = (
				D2A3A1BE230D2B7C003F68E9 /* TestApp.app */,
				D2912213239EFB7F0069E1C1 /* TestAppUITests.xctest */,
			);
			name = Products;
			sourceTree = "<group>";
		};
		D2A3A1C0230D2B7C003F68E9 /* TestApp */ = {
			isa = PBXGroup;
			children = (
				D2A3A1C1230D2B7C003F68E9 /* AppDelegate.swift */,
				D2A3A1C3230D2B7C003F68E9 /* SceneDelegate.swift */,
				D2A3A1C5230D2B7C003F68E9 /* ContentView.swift */,
				D2A3A1C7230D2B7D003F68E9 /* Assets.xcassets */,
				D2A3A1CC230D2B7D003F68E9 /* LaunchScreen.storyboard */,
				D2A3A1CF230D2B7D003F68E9 /* Info.plist */,
				D2A3A1C9230D2B7D003F68E9 /* Preview Content */,
				D291220D239EF7FE0069E1C1 /* Localizable.strings */,
			);
			path = TestApp;
			sourceTree = "<group>";
		};
		D2A3A1C9230D2B7D003F68E9 /* Preview Content */ = {
			isa = PBXGroup;
			children = (
				D2A3A1CA230D2B7D003F68E9 /* Preview Assets.xcassets */,
			);
			path = "Preview Content";
			sourceTree = "<group>";
		};
/* End PBXGroup section */

/* Begin PBXNativeTarget section */
		D2912212239EFB7F0069E1C1 /* TestAppUITests */ = {
			isa = PBXNativeTarget;
			buildConfigurationList = D291221A239EFB7F0069E1C1 /* Build configuration list for PBXNativeTarget "TestAppUITests" */;
			buildPhases = (
				D291220F239EFB7F0069E1C1 /* Sources */,
				D2912210239EFB7F0069E1C1 /* Frameworks */,
				D2912211239EFB7F0069E1C1 /* Resources */,
			);
			buildRules = (
			);
			dependencies = (
				D2912219239EFB7F0069E1C1 /* PBXTargetDependency */,
			);
			name = TestAppUITests;
			productName = TestAppUITests;
			productReference = D2912213239EFB7F0069E1C1 /* TestAppUITests.xctest */;
			productType = "com.apple.product-type.bundle.ui-testing";
		};
		D2A3A1BD230D2B7C003F68E9 /* TestApp */ = {
			isa = PBXNativeTarget;
			buildConfigurationList = D2A3A1D2230D2B7D003F68E9 /* Build configuration list for PBXNativeTarget "TestApp" */;
			buildPhases = (
				D2A3A1BA230D2B7C003F68E9 /* Sources */,
				D2A3A1BB230D2B7C003F68E9 /* Frameworks */,
				D2A3A1BC230D2B7C003F68E9 /* Resources */,
			);
			buildRules = (
			);
			dependencies = (
			);
			name = TestApp;
			productName = TestApp;
			productReference = D2A3A1BE230D2B7C003F68E9 /* TestApp.app */;
			productType = "com.apple.product-type.application";
		};
/* End PBXNativeTarget section */

/* Begin PBXProject section */
		D2A3A1B6230D2B7B003F68E9 /* Project object */ = {
			isa = PBXProject;
			attributes = {
				LastSwiftUpdateCheck = 1120;
				LastUpgradeCheck = 1100;
				ORGANIZATIONNAME = PumaSwift;
				TargetAttributes = {
					D2912212239EFB7F0069E1C1 = {
						CreatedOnToolsVersion = 11.2.1;
						TestTargetID = D2A3A1BD230D2B7C003F68E9;
					};
					D2A3A1BD230D2B7C003F68E9 = {
						CreatedOnToolsVersion = 11.0;
					};
				};
			};
			buildConfigurationList = D2A3A1B9230D2B7B003F68E9 /* Build configuration list for PBXProject "TestApp" */;
			compatibilityVersion = "Xcode 9.3";
			developmentRegion = en;
			hasScannedForEncodings = 0;
			knownRegions = (
				en,
				Base,
				ja,
				nb,
				es,
			);
			mainGroup = D2A3A1B5230D2B7B003F68E9;
			productRefGroup = D2A3A1BF230D2B7C003F68E9 /* Products */;
			projectDirPath = "";
			projectRoot = "";
			targets = (
				D2A3A1BD230D2B7C003F68E9 /* TestApp */,
				D2912212239EFB7F0069E1C1 /* TestAppUITests */,
			);
		};
/* End PBXProject section */

/* Begin PBXResourcesBuildPhase section */
		D2912211239EFB7F0069E1C1 /* Resources */ = {
			isa = PBXResourcesBuildPhase;
			buildActionMask = 2147483647;
			files = (
			);
			runOnlyForDeploymentPostprocessing = 0;
		};
		D2A3A1BC230D2B7C003F68E9 /* Resources */ = {
			isa = PBXResourcesBuildPhase;
			buildActionMask = 2147483647;
			files = (
				D2A3A1CE230D2B7D003F68E9 /* LaunchScreen.storyboard in Resources */,
				D291220B239EF7FE0069E1C1 /* Localizable.strings in Resources */,
				D2A3A1CB230D2B7D003F68E9 /* Preview Assets.xcassets in Resources */,
				D2A3A1C8230D2B7D003F68E9 /* Assets.xcassets in Resources */,
			);
			runOnlyForDeploymentPostprocessing = 0;
		};
/* End PBXResourcesBuildPhase section */

/* Begin PBXSourcesBuildPhase section */
		D291220F239EFB7F0069E1C1 /* Sources */ = {
			isa = PBXSourcesBuildPhase;
			buildActionMask = 2147483647;
			files = (
				D2912216239EFB7F0069E1C1 /* TestAppUITests.swift in Sources */,
			);
			runOnlyForDeploymentPostprocessing = 0;
		};
		D2A3A1BA230D2B7C003F68E9 /* Sources */ = {
			isa = PBXSourcesBuildPhase;
			buildActionMask = 2147483647;
			files = (
				D2A3A1C2230D2B7C003F68E9 /* AppDelegate.swift in Sources */,
				D2A3A1C4230D2B7C003F68E9 /* SceneDelegate.swift in Sources */,
				D2A3A1C6230D2B7C003F68E9 /* ContentView.swift in Sources */,
			);
			runOnlyForDeploymentPostprocessing = 0;
		};
/* End PBXSourcesBuildPhase section */

/* Begin PBXTargetDependency section */
		D2912219239EFB7F0069E1C1 /* PBXTargetDependency */ = {
			isa = PBXTargetDependency;
			target = D2A3A1BD230D2B7C003F68E9 /* TestApp */;
			targetProxy = D2912218239EFB7F0069E1C1 /* PBXContainerItemProxy */;
		};
/* End PBXTargetDependency section */

/* Begin PBXVariantGroup section */
		D291220D239EF7FE0069E1C1 /* Localizable.strings */ = {
			isa = PBXVariantGroup;
			children = (
				D291220C239EF7FE0069E1C1 /* en */,
				D291220E239EF8020069E1C1 /* ja */,
				D291223423A2E9340069E1C1 /* nb */,
				D291223623A2E96A0069E1C1 /* es */,
			);
			name = Localizable.strings;
			sourceTree = "<group>";
		};
		D2A3A1CC230D2B7D003F68E9 /* LaunchScreen.storyboard */ = {
			isa = PBXVariantGroup;
			children = (
				D2A3A1CD230D2B7D003F68E9 /* Base */,
				D291220A239EF7F70069E1C1 /* ja */,
				D291223323A2E9340069E1C1 /* nb */,
				D291223523A2E96A0069E1C1 /* es */,
			);
			name = LaunchScreen.storyboard;
			sourceTree = "<group>";
		};
/* End PBXVariantGroup section */

/* Begin XCBuildConfiguration section */
		D291221B239EFB7F0069E1C1 /* Debug */ = {
			isa = XCBuildConfiguration;
			buildSettings = {
				CODE_SIGN_STYLE = Automatic;
				DEVELOPMENT_TEAM = T78DK947F2;
				INFOPLIST_FILE = TestAppUITests/Info.plist;
				IPHONEOS_DEPLOYMENT_TARGET = 13.2;
				LD_RUNPATH_SEARCH_PATHS = (
					"$(inherited)",
					"@executable_path/Frameworks",
					"@loader_path/Frameworks",
				);
				PRODUCT_BUNDLE_IDENTIFIER = com.onmyway133.TestAppUITests;
				PRODUCT_NAME = "$(TARGET_NAME)";
				SWIFT_VERSION = 5.0;
				TARGETED_DEVICE_FAMILY = "1,2";
				TEST_TARGET_NAME = TestApp;
			};
			name = Debug;
		};
		D291221C239EFB7F0069E1C1 /* Release */ = {
			isa = XCBuildConfiguration;
			buildSettings = {
				CODE_SIGN_STYLE = Automatic;
				DEVELOPMENT_TEAM = T78DK947F2;
				INFOPLIST_FILE = TestAppUITests/Info.plist;
				IPHONEOS_DEPLOYMENT_TARGET = 13.2;
				LD_RUNPATH_SEARCH_PATHS = (
					"$(inherited)",
					"@executable_path/Frameworks",
					"@loader_path/Frameworks",
				);
				PRODUCT_BUNDLE_IDENTIFIER = com.onmyway133.TestAppUITests;
				PRODUCT_NAME = "$(TARGET_NAME)";
				SWIFT_VERSION = 5.0;
				TARGETED_DEVICE_FAMILY = "1,2";
				TEST_TARGET_NAME = TestApp;
			};
			name = Release;
		};
		D2A3A1D0230D2B7D003F68E9 /* Debug */ = {
			isa = XCBuildConfiguration;
			buildSettings = {
				ALWAYS_SEARCH_USER_PATHS = NO;
				CLANG_ANALYZER_LOCALIZABILITY_NONLOCALIZED = YES;
				CLANG_ANALYZER_NONNULL = YES;
				CLANG_ANALYZER_NUMBER_OBJECT_CONVERSION = YES_AGGRESSIVE;
				CLANG_CXX_LANGUAGE_STANDARD = "gnu++14";
				CLANG_CXX_LIBRARY = "libc++";
				CLANG_ENABLE_MODULES = YES;
				CLANG_ENABLE_OBJC_ARC = YES;
				CLANG_ENABLE_OBJC_WEAK = YES;
				CLANG_WARN_BLOCK_CAPTURE_AUTORELEASING = YES;
				CLANG_WARN_BOOL_CONVERSION = YES;
				CLANG_WARN_COMMA = YES;
				CLANG_WARN_CONSTANT_CONVERSION = YES;
				CLANG_WARN_DEPRECATED_OBJC_IMPLEMENTATIONS = YES;
				CLANG_WARN_DIRECT_OBJC_ISA_USAGE = YES_ERROR;
				CLANG_WARN_DOCUMENTATION_COMMENTS = YES;
				CLANG_WARN_EMPTY_BODY = YES;
				CLANG_WARN_ENUM_CONVERSION = YES;
				CLANG_WARN_INFINITE_RECURSION = YES;
				CLANG_WARN_INT_CONVERSION = YES;
				CLANG_WARN_NON_LITERAL_NULL_CONVERSION = YES;
				CLANG_WARN_OBJC_IMPLICIT_RETAIN_SELF = YES;
				CLANG_WARN_OBJC_LITERAL_CONVERSION = YES;
				CLANG_WARN_OBJC_ROOT_CLASS = YES_ERROR;
				CLANG_WARN_RANGE_LOOP_ANALYSIS = YES;
				CLANG_WARN_STRICT_PROTOTYPES = YES;
				CLANG_WARN_SUSPICIOUS_MOVE = YES;
				CLANG_WARN_UNGUARDED_AVAILABILITY = YES_AGGRESSIVE;
				CLANG_WARN_UNREACHABLE_CODE = YES;
				CLANG_WARN__DUPLICATE_METHOD_MATCH = YES;
				COPY_PHASE_STRIP = NO;
				DEBUG_INFORMATION_FORMAT = dwarf;
				ENABLE_STRICT_OBJC_MSGSEND = YES;
				ENABLE_TESTABILITY = YES;
				GCC_C_LANGUAGE_STANDARD = gnu11;
				GCC_DYNAMIC_NO_PIC = NO;
				GCC_NO_COMMON_BLOCKS = YES;
				GCC_OPTIMIZATION_LEVEL = 0;
				GCC_PREPROCESSOR_DEFINITIONS = (
					"DEBUG=1",
					"$(inherited)",
				);
				GCC_WARN_64_TO_32_BIT_CONVERSION = YES;
				GCC_WARN_ABOUT_RETURN_TYPE = YES_ERROR;
				GCC_WARN_UNDECLARED_SELECTOR = YES;
				GCC_WARN_UNINITIALIZED_AUTOS = YES_AGGRESSIVE;
				GCC_WARN_UNUSED_FUNCTION = YES;
				GCC_WARN_UNUSED_VARIABLE = YES;
				IPHONEOS_DEPLOYMENT_TARGET = 13.0;
				MTL_ENABLE_DEBUG_INFO = INCLUDE_SOURCE;
				MTL_FAST_MATH = YES;
				ONLY_ACTIVE_ARCH = YES;
				SDKROOT = iphoneos;
				SWIFT_ACTIVE_COMPILATION_CONDITIONS = DEBUG;
				SWIFT_OPTIMIZATION_LEVEL = "-Onone";
			};
			name = Debug;
		};
		D2A3A1D1230D2B7D003F68E9 /* Release */ = {
			isa = XCBuildConfiguration;
			buildSettings = {
				ALWAYS_SEARCH_USER_PATHS = NO;
				CLANG_ANALYZER_LOCALIZABILITY_NONLOCALIZED = YES;
				CLANG_ANALYZER_NONNULL = YES;
				CLANG_ANALYZER_NUMBER_OBJECT_CONVERSION = YES_AGGRESSIVE;
				CLANG_CXX_LANGUAGE_STANDARD = "gnu++14";
				CLANG_CXX_LIBRARY = "libc++";
				CLANG_ENABLE_MODULES = YES;
				CLANG_ENABLE_OBJC_ARC = YES;
				CLANG_ENABLE_OBJC_WEAK = YES;
				CLANG_WARN_BLOCK_CAPTURE_AUTORELEASING = YES;
				CLANG_WARN_BOOL_CONVERSION = YES;
				CLANG_WARN_COMMA = YES;
				CLANG_WARN_CONSTANT_CONVERSION = YES;
				CLANG_WARN_DEPRECATED_OBJC_IMPLEMENTATIONS = YES;
				CLANG_WARN_DIRECT_OBJC_ISA_USAGE = YES_ERROR;
				CLANG_WARN_DOCUMENTATION_COMMENTS = YES;
				CLANG_WARN_EMPTY_BODY = YES;
				CLANG_WARN_ENUM_CONVERSION = YES;
				CLANG_WARN_INFINITE_RECURSION = YES;
				CLANG_WARN_INT_CONVERSION = YES;
				CLANG_WARN_NON_LITERAL_NULL_CONVERSION = YES;
				CLANG_WARN_OBJC_IMPLICIT_RETAIN_SELF = YES;
				CLANG_WARN_OBJC_LITERAL_CONVERSION = YES;
				CLANG_WARN_OBJC_ROOT_CLASS = YES_ERROR;
				CLANG_WARN_RANGE_LOOP_ANALYSIS = YES;
				CLANG_WARN_STRICT_PROTOTYPES = YES;
				CLANG_WARN_SUSPICIOUS_MOVE = YES;
				CLANG_WARN_UNGUARDED_AVAILABILITY = YES_AGGRESSIVE;
				CLANG_WARN_UNREACHABLE_CODE = YES;
				CLANG_WARN__DUPLICATE_METHOD_MATCH = YES;
				COPY_PHASE_STRIP = NO;
				DEBUG_INFORMATION_FORMAT = "dwarf-with-dsym";
				ENABLE_NS_ASSERTIONS = NO;
				ENABLE_STRICT_OBJC_MSGSEND = YES;
				GCC_C_LANGUAGE_STANDARD = gnu11;
				GCC_NO_COMMON_BLOCKS = YES;
				GCC_WARN_64_TO_32_BIT_CONVERSION = YES;
				GCC_WARN_ABOUT_RETURN_TYPE = YES_ERROR;
				GCC_WARN_UNDECLARED_SELECTOR = YES;
				GCC_WARN_UNINITIALIZED_AUTOS = YES_AGGRESSIVE;
				GCC_WARN_UNUSED_FUNCTION = YES;
				GCC_WARN_UNUSED_VARIABLE = YES;
				IPHONEOS_DEPLOYMENT_TARGET = 13.0;
				MTL_ENABLE_DEBUG_INFO = NO;
				MTL_FAST_MATH = YES;
				SDKROOT = iphoneos;
				SWIFT_COMPILATION_MODE = wholemodule;
				SWIFT_OPTIMIZATION_LEVEL = "-O";
				VALIDATE_PRODUCT = YES;
			};
			name = Release;
		};
		D2A3A1D3230D2B7D003F68E9 /* Debug */ = {
			isa = XCBuildConfiguration;
			buildSettings = {
				ASSETCATALOG_COMPILER_APPICON_NAME = AppIcon;
				CODE_SIGN_STYLE = Automatic;
				DEVELOPMENT_ASSET_PATHS = "TestApp/Preview\\ Content";
				DEVELOPMENT_TEAM = T78DK947F2;
				ENABLE_PREVIEWS = YES;
				INFOPLIST_FILE = TestApp/Info.plist;
				LD_RUNPATH_SEARCH_PATHS = (
					"$(inherited)",
					"@executable_path/Frameworks",
				);
				PRODUCT_BUNDLE_IDENTIFIER = com.onmyway133.Puma.TestApp;
				PRODUCT_NAME = "$(TARGET_NAME)";
				SWIFT_VERSION = 5.0;
				TARGETED_DEVICE_FAMILY = "1,2";
			};
			name = Debug;
		};
		D2A3A1D4230D2B7D003F68E9 /* Release */ = {
			isa = XCBuildConfiguration;
			buildSettings = {
				ASSETCATALOG_COMPILER_APPICON_NAME = AppIcon;
				CODE_SIGN_STYLE = Automatic;
				DEVELOPMENT_ASSET_PATHS = "TestApp/Preview\\ Content";
				DEVELOPMENT_TEAM = T78DK947F2;
				ENABLE_PREVIEWS = YES;
				INFOPLIST_FILE = TestApp/Info.plist;
				LD_RUNPATH_SEARCH_PATHS = (
					"$(inherited)",
					"@executable_path/Frameworks",
				);
				PRODUCT_BUNDLE_IDENTIFIER = com.onmyway133.Puma.TestApp;
				PRODUCT_NAME = "$(TARGET_NAME)";
				SWIFT_VERSION = 5.0;
				TARGETED_DEVICE_FAMILY = "1,2";
			};
			name = Release;
		};
/* End XCBuildConfiguration section */

/* Begin XCConfigurationList section */
		D291221A239EFB7F0069E1C1 /* Build configuration list for PBXNativeTarget "TestAppUITests" */ = {
			isa = XCConfigurationList;
			buildConfigurations = (
				D291221B239EFB7F0069E1C1 /* Debug */,
				D291221C239EFB7F0069E1C1 /* Release */,
			);
			defaultConfigurationIsVisible = 0;
			defaultConfigurationName = Release;
		};
		D2A3A1B9230D2B7B003F68E9 /* Build configuration list for PBXProject "TestApp" */ = {
			isa = XCConfigurationList;
			buildConfigurations = (
				D2A3A1D0230D2B7D003F68E9 /* Debug */,
				D2A3A1D1230D2B7D003F68E9 /* Release */,
			);
			defaultConfigurationIsVisible = 0;
			defaultConfigurationName = Release;
		};
		D2A3A1D2230D2B7D003F68E9 /* Build configuration list for PBXNativeTarget "TestApp" */ = {
			isa = XCConfigurationList;
			buildConfigurations = (
				D2A3A1D3230D2B7D003F68E9 /* Debug */,
				D2A3A1D4230D2B7D003F68E9 /* Release */,
			);
			defaultConfigurationIsVisible = 0;
			defaultConfigurationName = Release;
		};
/* End XCConfigurationList section */
	};
	rootObject = D2A3A1B6230D2B7B003F68E9 /* Project object */;
}
